
Microsoft Visual Studio Solution File, Format Version 12.00
# Visual Studio 14
VisualStudioVersion = 14.0.24720.0
MinimumVisualStudioVersion = 10.0.40219.1
Project("{FAE04EC0-301F-11D3-BF4B-00C04F79EFBC}") = "Emgu.CV.WindowsPhone.App", "..\..\Emgu.CV.Example\WindowsPhoneApp\Emgu.CV.WindowsPhone.App.csproj", "{C8B17BAC-54E4-49FE-BC3F-AD2EFB55C4B4}"
EndProject
Project("{2150E333-8FDC-42A3-9474-1A3956D46DE8}") = ".nuget", ".nuget", "{0223F905-0631-4B90-9331-4D85C8E902B7}"
	ProjectSection(SolutionItems) = preProject
		.nuget\NuGet.Config = .nuget\NuGet.Config
		.nuget\NuGet.exe = .nuget\NuGet.exe
		.nuget\NuGet.targets = .nuget\NuGet.targets
	EndProjectSection
EndProject
Project("{D954291E-2A0B-460D-934E-DC6B0785DB48}") = "Emgu.Util", "..\..\Emgu.Util\Emgu.Util.shproj", "{98561642-5EC3-4244-BAF9-6876D9BA5527}"
EndProject
Project("{D954291E-2A0B-460D-934E-DC6B0785DB48}") = "Emgu.CV", "..\..\Emgu.CV\Emgu.CV.shproj", "{12D024EE-D0A5-4BBC-B7C0-7B18CF1AB262}"
EndProject
Project("{D954291E-2A0B-460D-934E-DC6B0785DB48}") = "Emgu.CV.Contrib", "..\..\Emgu.CV.Contrib\Emgu.CV.Contrib.shproj", "{11E54A7E-778D-466C-A176-71E150976AC1}"
EndProject
Project("{D954291E-2A0B-460D-934E-DC6B0785DB48}") = "Emgu.CV.ML", "..\..\Emgu.CV.ML\Emgu.CV.ML.shproj", "{3F3BC3E1-3B59-48AB-959A-71844B9AD9BE}"
EndProject
Project("{D954291E-2A0B-460D-934E-DC6B0785DB48}") = "Emgu.CV.OCR", "..\..\Emgu.CV.OCR\Emgu.CV.OCR.shproj", "{7BC723CB-1678-415F-A65F-4027F8758A6F}"
EndProject
Project("{D954291E-2A0B-460D-934E-DC6B0785DB48}") = "Emgu.CV.Stitching", "..\..\Emgu.CV.Stitching\Emgu.CV.Stitching.shproj", "{0D0C868D-23D6-46F7-A3E0-5F595C84939C}"
EndProject
Project("{D954291E-2A0B-460D-934E-DC6B0785DB48}") = "Emgu.CV.XamarinForms", "..\..\Emgu.CV.Example\XamarinForms\XamarinForms\Emgu.CV.XamarinForms.shproj", "{F2A5CE86-0B21-40D2-AD3F-BB2D1D716CFE}"
EndProject
Project("{D954291E-2A0B-460D-934E-DC6B0785DB48}") = "WindowsUniversal.Shared", "..\..\Emgu.CV.Example\XamarinForms\WindowsUniversal81\Shared\WindowsUniversal.Shared.shproj", "{C96D5F57-7CB8-4DE8-BFDD-A5C8E1697E03}"
EndProject
Project("{FAE04EC0-301F-11D3-BF4B-00C04F79EFBC}") = "WindowsUniversal81.WindowsPhone", "..\..\Emgu.CV.Example\XamarinForms\WindowsUniversal81\WindowsPhone\WindowsUniversal81.WindowsPhone.csproj", "{9C161D8E-A054-4031-A0F8-30CA6673DD90}"
EndProject
Project("{FAE04EC0-301F-11D3-BF4B-00C04F79EFBC}") = "Emgu.CV.World.Phone81", "..\..\Emgu.CV.World\Emgu.CV.World.Phone81.csproj", "{FA5DF706-F8D8-4A69-B8E8-45CFC3DA03F9}"
EndProject
Global
	GlobalSection(SharedMSBuildProjectFiles) = preSolution
		..\..\Emgu.Util\Emgu.Util.projitems*{98561642-5ec3-4244-baf9-6876d9ba5527}*SharedItemsImports = 13
		..\..\Emgu.CV\Emgu.CV.projitems*{12d024ee-d0a5-4bbc-b7c0-7b18cf1ab262}*SharedItemsImports = 13
		..\..\Emgu.CV\Emgu.CV.projitems*{9c161d8e-a054-4031-a0f8-30ca6673dd90}*SharedItemsImports = 4
		..\..\Emgu.Util\Emgu.Util.projitems*{9c161d8e-a054-4031-a0f8-30ca6673dd90}*SharedItemsImports = 4
		..\..\Emgu.CV.Contrib\Emgu.CV.Contrib.projitems*{9c161d8e-a054-4031-a0f8-30ca6673dd90}*SharedItemsImports = 4
		..\..\Emgu.CV.Example\XamarinForms\XamarinForms\Emgu.CV.XamarinForms.projitems*{9c161d8e-a054-4031-a0f8-30ca6673dd90}*SharedItemsImports = 4
		..\..\Emgu.CV.OCR\Emgu.CV.OCR.projitems*{9c161d8e-a054-4031-a0f8-30ca6673dd90}*SharedItemsImports = 4
		..\..\Emgu.CV.Example\XamarinForms\WindowsUniversal81\Shared\WindowsUniversal.Shared.projitems*{9c161d8e-a054-4031-a0f8-30ca6673dd90}*SharedItemsImports = 4
		..\..\Emgu.CV.Cuda\Emgu.CV.Cuda.projitems*{9c161d8e-a054-4031-a0f8-30ca6673dd90}*SharedItemsImports = 4
		..\..\Emgu.CV.Example\XamarinForms\WindowsUniversal81\Shared\WindowsUniversal.Shared.projitems*{c96d5f57-7cb8-4de8-bfdd-a5c8e1697e03}*SharedItemsImports = 13
		..\..\Emgu.CV.Contrib\Emgu.CV.Contrib.projitems*{11e54a7e-778d-466c-a176-71e150976ac1}*SharedItemsImports = 13
		..\..\Emgu.CV.OCR\Emgu.CV.OCR.projitems*{7bc723cb-1678-415f-a65f-4027f8758a6f}*SharedItemsImports = 13
		..\..\Emgu.CV\Emgu.CV.projitems*{c8b17bac-54e4-49fe-bc3f-ad2efb55c4b4}*SharedItemsImports = 4
		..\..\Emgu.Util\Emgu.Util.projitems*{c8b17bac-54e4-49fe-bc3f-ad2efb55c4b4}*SharedItemsImports = 4
		..\..\Emgu.CV.Contrib\Emgu.CV.Contrib.projitems*{c8b17bac-54e4-49fe-bc3f-ad2efb55c4b4}*SharedItemsImports = 4
		..\..\Emgu.CV.Example\XamarinForms\XamarinForms\Emgu.CV.XamarinForms.projitems*{f2a5ce86-0b21-40d2-ad3f-bb2d1d716cfe}*SharedItemsImports = 13
		..\..\Emgu.CV\Emgu.CV.projitems*{fa5df706-f8d8-4a69-b8e8-45cfc3da03f9}*SharedItemsImports = 4
		..\..\Emgu.Util\Emgu.Util.projitems*{fa5df706-f8d8-4a69-b8e8-45cfc3da03f9}*SharedItemsImports = 4
		..\..\Emgu.CV.Contrib\Emgu.CV.Contrib.projitems*{fa5df706-f8d8-4a69-b8e8-45cfc3da03f9}*SharedItemsImports = 4
		..\..\Emgu.CV.OCR\Emgu.CV.OCR.projitems*{fa5df706-f8d8-4a69-b8e8-45cfc3da03f9}*SharedItemsImports = 4
		..\..\Emgu.CV.ML\Emgu.CV.ML.projitems*{fa5df706-f8d8-4a69-b8e8-45cfc3da03f9}*SharedItemsImports = 4
		..\..\Emgu.CV.Stitching\Emgu.CV.Stitching.projitems*{fa5df706-f8d8-4a69-b8e8-45cfc3da03f9}*SharedItemsImports = 4
		..\..\Emgu.CV.Stitching\Emgu.CV.Stitching.projitems*{0d0c868d-23d6-46f7-a3e0-5f595c84939c}*SharedItemsImports = 13
		..\..\Emgu.CV.ML\Emgu.CV.ML.projitems*{3f3bc3e1-3b59-48ab-959a-71844b9ad9be}*SharedItemsImports = 13
	EndGlobalSection
	GlobalSection(SolutionConfigurationPlatforms) = preSolution
		Debug|ARM = Debug|ARM
		Debug|x86 = Debug|x86
		Release|ARM = Release|ARM
		Release|x86 = Release|x86
	EndGlobalSection
	GlobalSection(ProjectConfigurationPlatforms) = postSolution
		{C8B17BAC-54E4-49FE-BC3F-AD2EFB55C4B4}.Debug|ARM.ActiveCfg = Debug|ARM
		{C8B17BAC-54E4-49FE-BC3F-AD2EFB55C4B4}.Debug|ARM.Build.0 = Debug|ARM
		{C8B17BAC-54E4-49FE-BC3F-AD2EFB55C4B4}.Debug|ARM.Deploy.0 = Debug|ARM
		{C8B17BAC-54E4-49FE-BC3F-AD2EFB55C4B4}.Debug|x86.ActiveCfg = Debug|x86
		{C8B17BAC-54E4-49FE-BC3F-AD2EFB55C4B4}.Debug|x86.Build.0 = Debug|x86
		{C8B17BAC-54E4-49FE-BC3F-AD2EFB55C4B4}.Debug|x86.Deploy.0 = Debug|x86
		{C8B17BAC-54E4-49FE-BC3F-AD2EFB55C4B4}.Release|ARM.ActiveCfg = Release|ARM
		{C8B17BAC-54E4-49FE-BC3F-AD2EFB55C4B4}.Release|ARM.Build.0 = Release|ARM
		{C8B17BAC-54E4-49FE-BC3F-AD2EFB55C4B4}.Release|ARM.Deploy.0 = Release|ARM
		{C8B17BAC-54E4-49FE-BC3F-AD2EFB55C4B4}.Release|x86.ActiveCfg = Release|x86
		{C8B17BAC-54E4-49FE-BC3F-AD2EFB55C4B4}.Release|x86.Build.0 = Release|x86
		{C8B17BAC-54E4-49FE-BC3F-AD2EFB55C4B4}.Release|x86.Deploy.0 = Release|x86
		{9C161D8E-A054-4031-A0F8-30CA6673DD90}.Debug|ARM.ActiveCfg = Debug|ARM
		{9C161D8E-A054-4031-A0F8-30CA6673DD90}.Debug|ARM.Build.0 = Debug|ARM
		{9C161D8E-A054-4031-A0F8-30CA6673DD90}.Debug|ARM.Deploy.0 = Debug|ARM
		{9C161D8E-A054-4031-A0F8-30CA6673DD90}.Debug|x86.ActiveCfg = Debug|x86
		{9C161D8E-A054-4031-A0F8-30CA6673DD90}.Debug|x86.Build.0 = Debug|x86
		{9C161D8E-A054-4031-A0F8-30CA6673DD90}.Debug|x86.Deploy.0 = Debug|x86
		{9C161D8E-A054-4031-A0F8-30CA6673DD90}.Release|ARM.ActiveCfg = Release|ARM
		{9C161D8E-A054-4031-A0F8-30CA6673DD90}.Release|ARM.Build.0 = Release|ARM
		{9C161D8E-A054-4031-A0F8-30CA6673DD90}.Release|ARM.Deploy.0 = Release|ARM
		{9C161D8E-A054-4031-A0F8-30CA6673DD90}.Release|x86.ActiveCfg = Release|x86
		{9C161D8E-A054-4031-A0F8-30CA6673DD90}.Release|x86.Build.0 = Release|x86
		{9C161D8E-A054-4031-A0F8-30CA6673DD90}.Release|x86.Deploy.0 = Release|x86
		{FA5DF706-F8D8-4A69-B8E8-45CFC3DA03F9}.Debug|ARM.ActiveCfg = Debug|ARM
		{FA5DF706-F8D8-4A69-B8E8-45CFC3DA03F9}.Debug|ARM.Build.0 = Debug|ARM
		{FA5DF706-F8D8-4A69-B8E8-45CFC3DA03F9}.Debug|x86.ActiveCfg = Debug|x86
		{FA5DF706-F8D8-4A69-B8E8-45CFC3DA03F9}.Debug|x86.Build.0 = Debug|x86
		{FA5DF706-F8D8-4A69-B8E8-45CFC3DA03F9}.Release|ARM.ActiveCfg = Release|ARM
		{FA5DF706-F8D8-4A69-B8E8-45CFC3DA03F9}.Release|ARM.Build.0 = Release|ARM
		{FA5DF706-F8D8-4A69-B8E8-45CFC3DA03F9}.Release|x86.ActiveCfg = Release|x86
		{FA5DF706-F8D8-4A69-B8E8-45CFC3DA03F9}.Release|x86.Build.0 = Release|x86
	EndGlobalSection
	GlobalSection(SolutionProperties) = preSolution
		HideSolutionNode = FALSE
	EndGlobalSection
EndGlobal
