
Microsoft Visual Studio Solution File, Format Version 10.00
# Visual Studio 2008
Project("{FAE04EC0-301F-11D3-BF4B-00C04F79EFBC}") = "HelloWorld", "..\..\Emgu.CV.Example\HelloWorld\HelloWorld.csproj", "{28682DB8-9662-452D-A5AD-646EA7BC8AD0}"
EndProject
Project("{FAE04EC0-301F-11D3-BF4B-00C04F79EFBC}") = "WindowsForm", "..\..\Emgu.CV.Example\WindowsForm\WindowsForm.csproj", "{738D2087-13E5-4290-90E1-6E99C83C170D}"
EndProject
Project("{E24C65DC-7377-472B-9ABA-BC803B73C61A}") = "WebDynamicImage", "..\..\Emgu.CV.Example\WebDynamicImage\", "{CCE4F066-0E44-45FD-A1F3-E4A29C3690A1}"
	ProjectSection(WebsiteProperties) = preProject
		TargetFramework = "3.0"
		ProjectReferences = "{9A1A77FE-F01B-495E-87B7-4B16E4F8C908}|Emgu.CV.dll;{7C2C5325-8235-4A24-9C67-6BD79A4679E2}|Emgu.Utils.dll;"
		Debug.AspNetCompiler.VirtualPath = "/WebDynamicImage"
		Debug.AspNetCompiler.PhysicalPath = "..\..\Emgu.CV.Example\WebDynamicImage\"
		Debug.AspNetCompiler.TargetPath = "PrecompiledWeb\WebDynamicImage\"
		Debug.AspNetCompiler.Updateable = "true"
		Debug.AspNetCompiler.ForceOverwrite = "true"
		Debug.AspNetCompiler.FixedNames = "false"
		Debug.AspNetCompiler.Debug = "True"
		Release.AspNetCompiler.VirtualPath = "/WebDynamicImage"
		Release.AspNetCompiler.PhysicalPath = "..\..\Emgu.CV.Example\WebDynamicImage\"
		Release.AspNetCompiler.TargetPath = "PrecompiledWeb\WebDynamicImage\"
		Release.AspNetCompiler.Updateable = "true"
		Release.AspNetCompiler.ForceOverwrite = "true"
		Release.AspNetCompiler.FixedNames = "false"
		Release.AspNetCompiler.Debug = "False"
		VWDPort = "4336"
	EndProjectSection
EndProject
Project("{FAE04EC0-301F-11D3-BF4B-00C04F79EFBC}") = "FaceDetection", "..\..\Emgu.CV.Example\FaceDetection\FaceDetection.csproj", "{B2C15B1D-BF04-4CBC-AF22-0ECF38591B09}"
EndProject
Project("{FAE04EC0-301F-11D3-BF4B-00C04F79EFBC}") = "Webservice_Host", "..\..\Emgu.CV.Example\Webservice_Host\Webservice_Host.csproj", "{BDCC078C-8D14-47DC-850D-9D5731503AEC}"
EndProject
Project("{FAE04EC0-301F-11D3-BF4B-00C04F79EFBC}") = "Webservice_Client", "..\..\Emgu.CV.Example\Webservice_Client\Webservice_Client.csproj", "{94C0C68E-E46F-4228-9DFF-148F9498BC0E}"
EndProject
Project("{FAE04EC0-301F-11D3-BF4B-00C04F79EFBC}") = "HughLineAndCircleDetection", "..\..\Emgu.CV.Example\HughLineAndCircleDetection\HughLineAndCircleDetection.csproj", "{4A2817AD-1B82-48A9-A471-E6BB98801E95}"
EndProject
Project("{FAE04EC0-301F-11D3-BF4B-00C04F79EFBC}") = "CameraCapture", "..\..\Emgu.CV.Example\CameraCapture\CameraCapture.csproj", "{5F6B97F8-7EA6-4B5D-9A5D-F5581505C303}"
EndProject
Project("{FAE04EC0-301F-11D3-BF4B-00C04F79EFBC}") = "Emgu.CV", "..\..\Emgu.CV\Emgu.CV.csproj", "{9A1A77FE-F01B-495E-87B7-4B16E4F8C908}"
EndProject
Project("{FAE04EC0-301F-11D3-BF4B-00C04F79EFBC}") = "Emgu.Utils", "..\..\Emgu.Utils\Emgu.Utils.csproj", "{7C2C5325-8235-4A24-9C67-6BD79A4679E2}"
EndProject
Global
	GlobalSection(SolutionConfigurationPlatforms) = preSolution
		Debug Linux|.NET = Debug Linux|.NET
		Debug Linux|Any CPU = Debug Linux|Any CPU
		Debug Linux|Mixed Platforms = Debug Linux|Mixed Platforms
		Debug Linux|x86 = Debug Linux|x86
		Debug|.NET = Debug|.NET
		Debug|Any CPU = Debug|Any CPU
		Debug|Mixed Platforms = Debug|Mixed Platforms
		Debug|x86 = Debug|x86
		Release Linux|.NET = Release Linux|.NET
		Release Linux|Any CPU = Release Linux|Any CPU
		Release Linux|Mixed Platforms = Release Linux|Mixed Platforms
		Release Linux|x86 = Release Linux|x86
		Release|.NET = Release|.NET
		Release|Any CPU = Release|Any CPU
		Release|Mixed Platforms = Release|Mixed Platforms
		Release|x86 = Release|x86
	EndGlobalSection
	GlobalSection(ProjectConfigurationPlatforms) = postSolution
		{28682DB8-9662-452D-A5AD-646EA7BC8AD0}.Debug Linux|.NET.ActiveCfg = Debug Linux|Any CPU
		{28682DB8-9662-452D-A5AD-646EA7BC8AD0}.Debug Linux|Any CPU.ActiveCfg = Debug Linux|Any CPU
		{28682DB8-9662-452D-A5AD-646EA7BC8AD0}.Debug Linux|Any CPU.Build.0 = Debug Linux|Any CPU
		{28682DB8-9662-452D-A5AD-646EA7BC8AD0}.Debug Linux|Mixed Platforms.ActiveCfg = Debug Linux|Any CPU
		{28682DB8-9662-452D-A5AD-646EA7BC8AD0}.Debug Linux|Mixed Platforms.Build.0 = Debug Linux|Any CPU
		{28682DB8-9662-452D-A5AD-646EA7BC8AD0}.Debug Linux|x86.ActiveCfg = Debug Linux|Any CPU
		{28682DB8-9662-452D-A5AD-646EA7BC8AD0}.Debug|.NET.ActiveCfg = Debug|Any CPU
		{28682DB8-9662-452D-A5AD-646EA7BC8AD0}.Debug|Any CPU.ActiveCfg = Debug|Any CPU
		{28682DB8-9662-452D-A5AD-646EA7BC8AD0}.Debug|Any CPU.Build.0 = Debug|Any CPU
		{28682DB8-9662-452D-A5AD-646EA7BC8AD0}.Debug|Mixed Platforms.ActiveCfg = Debug|Any CPU
		{28682DB8-9662-452D-A5AD-646EA7BC8AD0}.Debug|Mixed Platforms.Build.0 = Debug|Any CPU
		{28682DB8-9662-452D-A5AD-646EA7BC8AD0}.Debug|x86.ActiveCfg = Debug|Any CPU
		{28682DB8-9662-452D-A5AD-646EA7BC8AD0}.Release Linux|.NET.ActiveCfg = Release Linux|Any CPU
		{28682DB8-9662-452D-A5AD-646EA7BC8AD0}.Release Linux|Any CPU.ActiveCfg = Release Linux|Any CPU
		{28682DB8-9662-452D-A5AD-646EA7BC8AD0}.Release Linux|Any CPU.Build.0 = Release Linux|Any CPU
		{28682DB8-9662-452D-A5AD-646EA7BC8AD0}.Release Linux|Mixed Platforms.ActiveCfg = Release Linux|Any CPU
		{28682DB8-9662-452D-A5AD-646EA7BC8AD0}.Release Linux|Mixed Platforms.Build.0 = Release Linux|Any CPU
		{28682DB8-9662-452D-A5AD-646EA7BC8AD0}.Release Linux|x86.ActiveCfg = Release Linux|Any CPU
		{28682DB8-9662-452D-A5AD-646EA7BC8AD0}.Release|.NET.ActiveCfg = Release|Any CPU
		{28682DB8-9662-452D-A5AD-646EA7BC8AD0}.Release|Any CPU.ActiveCfg = Release|Any CPU
		{28682DB8-9662-452D-A5AD-646EA7BC8AD0}.Release|Any CPU.Build.0 = Release|Any CPU
		{28682DB8-9662-452D-A5AD-646EA7BC8AD0}.Release|Mixed Platforms.ActiveCfg = Release|Any CPU
		{28682DB8-9662-452D-A5AD-646EA7BC8AD0}.Release|Mixed Platforms.Build.0 = Release|Any CPU
		{28682DB8-9662-452D-A5AD-646EA7BC8AD0}.Release|x86.ActiveCfg = Release|Any CPU
		{738D2087-13E5-4290-90E1-6E99C83C170D}.Debug Linux|.NET.ActiveCfg = Debug Linux|Any CPU
		{738D2087-13E5-4290-90E1-6E99C83C170D}.Debug Linux|Any CPU.ActiveCfg = Debug Linux|Any CPU
		{738D2087-13E5-4290-90E1-6E99C83C170D}.Debug Linux|Any CPU.Build.0 = Debug Linux|Any CPU
		{738D2087-13E5-4290-90E1-6E99C83C170D}.Debug Linux|Mixed Platforms.ActiveCfg = Debug Linux|Any CPU
		{738D2087-13E5-4290-90E1-6E99C83C170D}.Debug Linux|Mixed Platforms.Build.0 = Debug Linux|Any CPU
		{738D2087-13E5-4290-90E1-6E99C83C170D}.Debug Linux|x86.ActiveCfg = Debug Linux|Any CPU
		{738D2087-13E5-4290-90E1-6E99C83C170D}.Debug|.NET.ActiveCfg = Debug|Any CPU
		{738D2087-13E5-4290-90E1-6E99C83C170D}.Debug|Any CPU.ActiveCfg = Debug|Any CPU
		{738D2087-13E5-4290-90E1-6E99C83C170D}.Debug|Any CPU.Build.0 = Debug|Any CPU
		{738D2087-13E5-4290-90E1-6E99C83C170D}.Debug|Mixed Platforms.ActiveCfg = Debug|Any CPU
		{738D2087-13E5-4290-90E1-6E99C83C170D}.Debug|Mixed Platforms.Build.0 = Debug|Any CPU
		{738D2087-13E5-4290-90E1-6E99C83C170D}.Debug|x86.ActiveCfg = Debug|Any CPU
		{738D2087-13E5-4290-90E1-6E99C83C170D}.Release Linux|.NET.ActiveCfg = Release Linux|Any CPU
		{738D2087-13E5-4290-90E1-6E99C83C170D}.Release Linux|Any CPU.ActiveCfg = Release Linux|Any CPU
		{738D2087-13E5-4290-90E1-6E99C83C170D}.Release Linux|Any CPU.Build.0 = Release Linux|Any CPU
		{738D2087-13E5-4290-90E1-6E99C83C170D}.Release Linux|Mixed Platforms.ActiveCfg = Release Linux|Any CPU
		{738D2087-13E5-4290-90E1-6E99C83C170D}.Release Linux|Mixed Platforms.Build.0 = Release Linux|Any CPU
		{738D2087-13E5-4290-90E1-6E99C83C170D}.Release Linux|x86.ActiveCfg = Release Linux|Any CPU
		{738D2087-13E5-4290-90E1-6E99C83C170D}.Release|.NET.ActiveCfg = Release|Any CPU
		{738D2087-13E5-4290-90E1-6E99C83C170D}.Release|Any CPU.ActiveCfg = Release|Any CPU
		{738D2087-13E5-4290-90E1-6E99C83C170D}.Release|Any CPU.Build.0 = Release|Any CPU
		{738D2087-13E5-4290-90E1-6E99C83C170D}.Release|Mixed Platforms.ActiveCfg = Release|Any CPU
		{738D2087-13E5-4290-90E1-6E99C83C170D}.Release|Mixed Platforms.Build.0 = Release|Any CPU
		{738D2087-13E5-4290-90E1-6E99C83C170D}.Release|x86.ActiveCfg = Release|Any CPU
		{CCE4F066-0E44-45FD-A1F3-E4A29C3690A1}.Debug Linux|.NET.ActiveCfg = Debug|.NET
		{CCE4F066-0E44-45FD-A1F3-E4A29C3690A1}.Debug Linux|.NET.Build.0 = Debug|.NET
		{CCE4F066-0E44-45FD-A1F3-E4A29C3690A1}.Debug Linux|Any CPU.ActiveCfg = Debug|.NET
		{CCE4F066-0E44-45FD-A1F3-E4A29C3690A1}.Debug Linux|Mixed Platforms.ActiveCfg = Debug|.NET
		{CCE4F066-0E44-45FD-A1F3-E4A29C3690A1}.Debug Linux|Mixed Platforms.Build.0 = Debug|.NET
		{CCE4F066-0E44-45FD-A1F3-E4A29C3690A1}.Debug Linux|x86.ActiveCfg = Debug|.NET
		{CCE4F066-0E44-45FD-A1F3-E4A29C3690A1}.Debug|.NET.ActiveCfg = Debug|.NET
		{CCE4F066-0E44-45FD-A1F3-E4A29C3690A1}.Debug|.NET.Build.0 = Debug|.NET
		{CCE4F066-0E44-45FD-A1F3-E4A29C3690A1}.Debug|Any CPU.ActiveCfg = Debug|.NET
		{CCE4F066-0E44-45FD-A1F3-E4A29C3690A1}.Debug|Mixed Platforms.ActiveCfg = Debug|.NET
		{CCE4F066-0E44-45FD-A1F3-E4A29C3690A1}.Debug|Mixed Platforms.Build.0 = Debug|.NET
		{CCE4F066-0E44-45FD-A1F3-E4A29C3690A1}.Debug|x86.ActiveCfg = Debug|.NET
		{CCE4F066-0E44-45FD-A1F3-E4A29C3690A1}.Release Linux|.NET.ActiveCfg = Debug|.NET
		{CCE4F066-0E44-45FD-A1F3-E4A29C3690A1}.Release Linux|.NET.Build.0 = Debug|.NET
		{CCE4F066-0E44-45FD-A1F3-E4A29C3690A1}.Release Linux|Any CPU.ActiveCfg = Debug|.NET
		{CCE4F066-0E44-45FD-A1F3-E4A29C3690A1}.Release Linux|Mixed Platforms.ActiveCfg = Debug|.NET
		{CCE4F066-0E44-45FD-A1F3-E4A29C3690A1}.Release Linux|Mixed Platforms.Build.0 = Debug|.NET
		{CCE4F066-0E44-45FD-A1F3-E4A29C3690A1}.Release Linux|x86.ActiveCfg = Debug|.NET
		{CCE4F066-0E44-45FD-A1F3-E4A29C3690A1}.Release|.NET.ActiveCfg = Debug|.NET
		{CCE4F066-0E44-45FD-A1F3-E4A29C3690A1}.Release|.NET.Build.0 = Debug|.NET
		{CCE4F066-0E44-45FD-A1F3-E4A29C3690A1}.Release|Any CPU.ActiveCfg = Debug|.NET
		{CCE4F066-0E44-45FD-A1F3-E4A29C3690A1}.Release|Mixed Platforms.ActiveCfg = Debug|.NET
		{CCE4F066-0E44-45FD-A1F3-E4A29C3690A1}.Release|Mixed Platforms.Build.0 = Debug|.NET
		{CCE4F066-0E44-45FD-A1F3-E4A29C3690A1}.Release|x86.ActiveCfg = Debug|.NET
		{B2C15B1D-BF04-4CBC-AF22-0ECF38591B09}.Debug Linux|.NET.ActiveCfg = Debug Linux|Any CPU
		{B2C15B1D-BF04-4CBC-AF22-0ECF38591B09}.Debug Linux|Any CPU.ActiveCfg = Debug Linux|Any CPU
		{B2C15B1D-BF04-4CBC-AF22-0ECF38591B09}.Debug Linux|Any CPU.Build.0 = Debug Linux|Any CPU
		{B2C15B1D-BF04-4CBC-AF22-0ECF38591B09}.Debug Linux|Mixed Platforms.ActiveCfg = Debug Linux|Any CPU
		{B2C15B1D-BF04-4CBC-AF22-0ECF38591B09}.Debug Linux|Mixed Platforms.Build.0 = Debug Linux|Any CPU
		{B2C15B1D-BF04-4CBC-AF22-0ECF38591B09}.Debug Linux|x86.ActiveCfg = Debug Linux|Any CPU
		{B2C15B1D-BF04-4CBC-AF22-0ECF38591B09}.Debug|.NET.ActiveCfg = Debug|Any CPU
		{B2C15B1D-BF04-4CBC-AF22-0ECF38591B09}.Debug|Any CPU.ActiveCfg = Debug|Any CPU
		{B2C15B1D-BF04-4CBC-AF22-0ECF38591B09}.Debug|Any CPU.Build.0 = Debug|Any CPU
		{B2C15B1D-BF04-4CBC-AF22-0ECF38591B09}.Debug|Mixed Platforms.ActiveCfg = Debug|Any CPU
		{B2C15B1D-BF04-4CBC-AF22-0ECF38591B09}.Debug|Mixed Platforms.Build.0 = Debug|Any CPU
		{B2C15B1D-BF04-4CBC-AF22-0ECF38591B09}.Debug|x86.ActiveCfg = Debug|Any CPU
		{B2C15B1D-BF04-4CBC-AF22-0ECF38591B09}.Release Linux|.NET.ActiveCfg = Release Linux|Any CPU
		{B2C15B1D-BF04-4CBC-AF22-0ECF38591B09}.Release Linux|Any CPU.ActiveCfg = Release Linux|Any CPU
		{B2C15B1D-BF04-4CBC-AF22-0ECF38591B09}.Release Linux|Any CPU.Build.0 = Release Linux|Any CPU
		{B2C15B1D-BF04-4CBC-AF22-0ECF38591B09}.Release Linux|Mixed Platforms.ActiveCfg = Release Linux|Any CPU
		{B2C15B1D-BF04-4CBC-AF22-0ECF38591B09}.Release Linux|Mixed Platforms.Build.0 = Release Linux|Any CPU
		{B2C15B1D-BF04-4CBC-AF22-0ECF38591B09}.Release Linux|x86.ActiveCfg = Release Linux|Any CPU
		{B2C15B1D-BF04-4CBC-AF22-0ECF38591B09}.Release|.NET.ActiveCfg = Release|Any CPU
		{B2C15B1D-BF04-4CBC-AF22-0ECF38591B09}.Release|Any CPU.ActiveCfg = Release|Any CPU
		{B2C15B1D-BF04-4CBC-AF22-0ECF38591B09}.Release|Any CPU.Build.0 = Release|Any CPU
		{B2C15B1D-BF04-4CBC-AF22-0ECF38591B09}.Release|Mixed Platforms.ActiveCfg = Release|Any CPU
		{B2C15B1D-BF04-4CBC-AF22-0ECF38591B09}.Release|Mixed Platforms.Build.0 = Release|Any CPU
		{B2C15B1D-BF04-4CBC-AF22-0ECF38591B09}.Release|x86.ActiveCfg = Release|Any CPU
		{BDCC078C-8D14-47DC-850D-9D5731503AEC}.Debug Linux|.NET.ActiveCfg = Debug Linux|Any CPU
		{BDCC078C-8D14-47DC-850D-9D5731503AEC}.Debug Linux|Any CPU.ActiveCfg = Debug Linux|Any CPU
		{BDCC078C-8D14-47DC-850D-9D5731503AEC}.Debug Linux|Any CPU.Build.0 = Debug Linux|Any CPU
		{BDCC078C-8D14-47DC-850D-9D5731503AEC}.Debug Linux|Mixed Platforms.ActiveCfg = Debug Linux|Any CPU
		{BDCC078C-8D14-47DC-850D-9D5731503AEC}.Debug Linux|Mixed Platforms.Build.0 = Debug Linux|Any CPU
		{BDCC078C-8D14-47DC-850D-9D5731503AEC}.Debug Linux|x86.ActiveCfg = Debug Linux|Any CPU
		{BDCC078C-8D14-47DC-850D-9D5731503AEC}.Debug|.NET.ActiveCfg = Debug|Any CPU
		{BDCC078C-8D14-47DC-850D-9D5731503AEC}.Debug|Any CPU.ActiveCfg = Debug|Any CPU
		{BDCC078C-8D14-47DC-850D-9D5731503AEC}.Debug|Any CPU.Build.0 = Debug|Any CPU
		{BDCC078C-8D14-47DC-850D-9D5731503AEC}.Debug|Mixed Platforms.ActiveCfg = Debug|Any CPU
		{BDCC078C-8D14-47DC-850D-9D5731503AEC}.Debug|Mixed Platforms.Build.0 = Debug|Any CPU
		{BDCC078C-8D14-47DC-850D-9D5731503AEC}.Debug|x86.ActiveCfg = Debug|Any CPU
		{BDCC078C-8D14-47DC-850D-9D5731503AEC}.Release Linux|.NET.ActiveCfg = Release Linux|Any CPU
		{BDCC078C-8D14-47DC-850D-9D5731503AEC}.Release Linux|Any CPU.ActiveCfg = Release Linux|Any CPU
		{BDCC078C-8D14-47DC-850D-9D5731503AEC}.Release Linux|Any CPU.Build.0 = Release Linux|Any CPU
		{BDCC078C-8D14-47DC-850D-9D5731503AEC}.Release Linux|Mixed Platforms.ActiveCfg = Release Linux|Any CPU
		{BDCC078C-8D14-47DC-850D-9D5731503AEC}.Release Linux|Mixed Platforms.Build.0 = Release Linux|Any CPU
		{BDCC078C-8D14-47DC-850D-9D5731503AEC}.Release Linux|x86.ActiveCfg = Release Linux|Any CPU
		{BDCC078C-8D14-47DC-850D-9D5731503AEC}.Release|.NET.ActiveCfg = Release|Any CPU
		{BDCC078C-8D14-47DC-850D-9D5731503AEC}.Release|Any CPU.ActiveCfg = Release|Any CPU
		{BDCC078C-8D14-47DC-850D-9D5731503AEC}.Release|Any CPU.Build.0 = Release|Any CPU
		{BDCC078C-8D14-47DC-850D-9D5731503AEC}.Release|Mixed Platforms.ActiveCfg = Release|Any CPU
		{BDCC078C-8D14-47DC-850D-9D5731503AEC}.Release|Mixed Platforms.Build.0 = Release|Any CPU
		{BDCC078C-8D14-47DC-850D-9D5731503AEC}.Release|x86.ActiveCfg = Release|Any CPU
		{94C0C68E-E46F-4228-9DFF-148F9498BC0E}.Debug Linux|.NET.ActiveCfg = Debug Linux|Any CPU
		{94C0C68E-E46F-4228-9DFF-148F9498BC0E}.Debug Linux|Any CPU.ActiveCfg = Debug Linux|Any CPU
		{94C0C68E-E46F-4228-9DFF-148F9498BC0E}.Debug Linux|Any CPU.Build.0 = Debug Linux|Any CPU
		{94C0C68E-E46F-4228-9DFF-148F9498BC0E}.Debug Linux|Mixed Platforms.ActiveCfg = Debug Linux|Any CPU
		{94C0C68E-E46F-4228-9DFF-148F9498BC0E}.Debug Linux|Mixed Platforms.Build.0 = Debug Linux|Any CPU
		{94C0C68E-E46F-4228-9DFF-148F9498BC0E}.Debug Linux|x86.ActiveCfg = Debug Linux|Any CPU
		{94C0C68E-E46F-4228-9DFF-148F9498BC0E}.Debug|.NET.ActiveCfg = Debug|Any CPU
		{94C0C68E-E46F-4228-9DFF-148F9498BC0E}.Debug|Any CPU.ActiveCfg = Debug|Any CPU
		{94C0C68E-E46F-4228-9DFF-148F9498BC0E}.Debug|Any CPU.Build.0 = Debug|Any CPU
		{94C0C68E-E46F-4228-9DFF-148F9498BC0E}.Debug|Mixed Platforms.ActiveCfg = Debug|Any CPU
		{94C0C68E-E46F-4228-9DFF-148F9498BC0E}.Debug|Mixed Platforms.Build.0 = Debug|Any CPU
		{94C0C68E-E46F-4228-9DFF-148F9498BC0E}.Debug|x86.ActiveCfg = Debug|Any CPU
		{94C0C68E-E46F-4228-9DFF-148F9498BC0E}.Release Linux|.NET.ActiveCfg = Release Linux|Any CPU
		{94C0C68E-E46F-4228-9DFF-148F9498BC0E}.Release Linux|Any CPU.ActiveCfg = Release Linux|Any CPU
		{94C0C68E-E46F-4228-9DFF-148F9498BC0E}.Release Linux|Any CPU.Build.0 = Release Linux|Any CPU
		{94C0C68E-E46F-4228-9DFF-148F9498BC0E}.Release Linux|Mixed Platforms.ActiveCfg = Release Linux|Any CPU
		{94C0C68E-E46F-4228-9DFF-148F9498BC0E}.Release Linux|Mixed Platforms.Build.0 = Release Linux|Any CPU
		{94C0C68E-E46F-4228-9DFF-148F9498BC0E}.Release Linux|x86.ActiveCfg = Release Linux|Any CPU
		{94C0C68E-E46F-4228-9DFF-148F9498BC0E}.Release|.NET.ActiveCfg = Release|Any CPU
		{94C0C68E-E46F-4228-9DFF-148F9498BC0E}.Release|Any CPU.ActiveCfg = Release|Any CPU
		{94C0C68E-E46F-4228-9DFF-148F9498BC0E}.Release|Any CPU.Build.0 = Release|Any CPU
		{94C0C68E-E46F-4228-9DFF-148F9498BC0E}.Release|Mixed Platforms.ActiveCfg = Release|Any CPU
		{94C0C68E-E46F-4228-9DFF-148F9498BC0E}.Release|Mixed Platforms.Build.0 = Release|Any CPU
		{94C0C68E-E46F-4228-9DFF-148F9498BC0E}.Release|x86.ActiveCfg = Release|Any CPU
		{4A2817AD-1B82-48A9-A471-E6BB98801E95}.Debug Linux|.NET.ActiveCfg = Debug Linux|Any CPU
		{4A2817AD-1B82-48A9-A471-E6BB98801E95}.Debug Linux|Any CPU.ActiveCfg = Debug Linux|Any CPU
		{4A2817AD-1B82-48A9-A471-E6BB98801E95}.Debug Linux|Any CPU.Build.0 = Debug Linux|Any CPU
		{4A2817AD-1B82-48A9-A471-E6BB98801E95}.Debug Linux|Mixed Platforms.ActiveCfg = Debug Linux|Any CPU
		{4A2817AD-1B82-48A9-A471-E6BB98801E95}.Debug Linux|Mixed Platforms.Build.0 = Debug Linux|Any CPU
		{4A2817AD-1B82-48A9-A471-E6BB98801E95}.Debug Linux|x86.ActiveCfg = Debug Linux|Any CPU
		{4A2817AD-1B82-48A9-A471-E6BB98801E95}.Debug|.NET.ActiveCfg = Debug|Any CPU
		{4A2817AD-1B82-48A9-A471-E6BB98801E95}.Debug|Any CPU.ActiveCfg = Debug|Any CPU
		{4A2817AD-1B82-48A9-A471-E6BB98801E95}.Debug|Any CPU.Build.0 = Debug|Any CPU
		{4A2817AD-1B82-48A9-A471-E6BB98801E95}.Debug|Mixed Platforms.ActiveCfg = Debug|Any CPU
		{4A2817AD-1B82-48A9-A471-E6BB98801E95}.Debug|Mixed Platforms.Build.0 = Debug|Any CPU
		{4A2817AD-1B82-48A9-A471-E6BB98801E95}.Debug|x86.ActiveCfg = Debug|Any CPU
		{4A2817AD-1B82-48A9-A471-E6BB98801E95}.Release Linux|.NET.ActiveCfg = Release Linux|Any CPU
		{4A2817AD-1B82-48A9-A471-E6BB98801E95}.Release Linux|Any CPU.ActiveCfg = Release Linux|Any CPU
		{4A2817AD-1B82-48A9-A471-E6BB98801E95}.Release Linux|Any CPU.Build.0 = Release Linux|Any CPU
		{4A2817AD-1B82-48A9-A471-E6BB98801E95}.Release Linux|Mixed Platforms.ActiveCfg = Release Linux|Any CPU
		{4A2817AD-1B82-48A9-A471-E6BB98801E95}.Release Linux|Mixed Platforms.Build.0 = Release Linux|Any CPU
		{4A2817AD-1B82-48A9-A471-E6BB98801E95}.Release Linux|x86.ActiveCfg = Release Linux|Any CPU
		{4A2817AD-1B82-48A9-A471-E6BB98801E95}.Release|.NET.ActiveCfg = Release|Any CPU
		{4A2817AD-1B82-48A9-A471-E6BB98801E95}.Release|Any CPU.ActiveCfg = Release|Any CPU
		{4A2817AD-1B82-48A9-A471-E6BB98801E95}.Release|Any CPU.Build.0 = Release|Any CPU
		{4A2817AD-1B82-48A9-A471-E6BB98801E95}.Release|Mixed Platforms.ActiveCfg = Release|Any CPU
		{4A2817AD-1B82-48A9-A471-E6BB98801E95}.Release|Mixed Platforms.Build.0 = Release|Any CPU
		{4A2817AD-1B82-48A9-A471-E6BB98801E95}.Release|x86.ActiveCfg = Release|Any CPU
		{5F6B97F8-7EA6-4B5D-9A5D-F5581505C303}.Debug Linux|.NET.ActiveCfg = Debug Linux|Any CPU
		{5F6B97F8-7EA6-4B5D-9A5D-F5581505C303}.Debug Linux|Any CPU.ActiveCfg = Debug Linux|Any CPU
		{5F6B97F8-7EA6-4B5D-9A5D-F5581505C303}.Debug Linux|Any CPU.Build.0 = Debug Linux|Any CPU
		{5F6B97F8-7EA6-4B5D-9A5D-F5581505C303}.Debug Linux|Mixed Platforms.ActiveCfg = Debug Linux|Any CPU
		{5F6B97F8-7EA6-4B5D-9A5D-F5581505C303}.Debug Linux|Mixed Platforms.Build.0 = Debug Linux|Any CPU
		{5F6B97F8-7EA6-4B5D-9A5D-F5581505C303}.Debug Linux|x86.ActiveCfg = Debug Linux|Any CPU
		{5F6B97F8-7EA6-4B5D-9A5D-F5581505C303}.Debug|.NET.ActiveCfg = Debug|Any CPU
		{5F6B97F8-7EA6-4B5D-9A5D-F5581505C303}.Debug|Any CPU.ActiveCfg = Debug|Any CPU
		{5F6B97F8-7EA6-4B5D-9A5D-F5581505C303}.Debug|Any CPU.Build.0 = Debug|Any CPU
		{5F6B97F8-7EA6-4B5D-9A5D-F5581505C303}.Debug|Mixed Platforms.ActiveCfg = Debug|Any CPU
		{5F6B97F8-7EA6-4B5D-9A5D-F5581505C303}.Debug|Mixed Platforms.Build.0 = Debug|Any CPU
		{5F6B97F8-7EA6-4B5D-9A5D-F5581505C303}.Debug|x86.ActiveCfg = Debug|Any CPU
		{5F6B97F8-7EA6-4B5D-9A5D-F5581505C303}.Release Linux|.NET.ActiveCfg = Release Linux|Any CPU
		{5F6B97F8-7EA6-4B5D-9A5D-F5581505C303}.Release Linux|Any CPU.ActiveCfg = Release Linux|Any CPU
		{5F6B97F8-7EA6-4B5D-9A5D-F5581505C303}.Release Linux|Any CPU.Build.0 = Release Linux|Any CPU
		{5F6B97F8-7EA6-4B5D-9A5D-F5581505C303}.Release Linux|Mixed Platforms.ActiveCfg = Release Linux|Any CPU
		{5F6B97F8-7EA6-4B5D-9A5D-F5581505C303}.Release Linux|Mixed Platforms.Build.0 = Release Linux|Any CPU
		{5F6B97F8-7EA6-4B5D-9A5D-F5581505C303}.Release Linux|x86.ActiveCfg = Release Linux|Any CPU
		{5F6B97F8-7EA6-4B5D-9A5D-F5581505C303}.Release|.NET.ActiveCfg = Release|Any CPU
		{5F6B97F8-7EA6-4B5D-9A5D-F5581505C303}.Release|Any CPU.ActiveCfg = Release|Any CPU
		{5F6B97F8-7EA6-4B5D-9A5D-F5581505C303}.Release|Any CPU.Build.0 = Release|Any CPU
		{5F6B97F8-7EA6-4B5D-9A5D-F5581505C303}.Release|Mixed Platforms.ActiveCfg = Release|Any CPU
		{5F6B97F8-7EA6-4B5D-9A5D-F5581505C303}.Release|Mixed Platforms.Build.0 = Release|Any CPU
		{5F6B97F8-7EA6-4B5D-9A5D-F5581505C303}.Release|x86.ActiveCfg = Release|Any CPU
		{9A1A77FE-F01B-495E-87B7-4B16E4F8C908}.Debug Linux|.NET.ActiveCfg = Debug Linux|Any CPU
		{9A1A77FE-F01B-495E-87B7-4B16E4F8C908}.Debug Linux|Any CPU.ActiveCfg = Debug Linux|Any CPU
		{9A1A77FE-F01B-495E-87B7-4B16E4F8C908}.Debug Linux|Any CPU.Build.0 = Debug Linux|Any CPU
		{9A1A77FE-F01B-495E-87B7-4B16E4F8C908}.Debug Linux|Mixed Platforms.ActiveCfg = Debug Linux|Any CPU
		{9A1A77FE-F01B-495E-87B7-4B16E4F8C908}.Debug Linux|Mixed Platforms.Build.0 = Debug Linux|Any CPU
		{9A1A77FE-F01B-495E-87B7-4B16E4F8C908}.Debug Linux|x86.ActiveCfg = Debug Linux|Any CPU
		{9A1A77FE-F01B-495E-87B7-4B16E4F8C908}.Debug|.NET.ActiveCfg = Debug|Any CPU
		{9A1A77FE-F01B-495E-87B7-4B16E4F8C908}.Debug|Any CPU.ActiveCfg = Debug|Any CPU
		{9A1A77FE-F01B-495E-87B7-4B16E4F8C908}.Debug|Any CPU.Build.0 = Debug|Any CPU
		{9A1A77FE-F01B-495E-87B7-4B16E4F8C908}.Debug|Mixed Platforms.ActiveCfg = Debug|Any CPU
		{9A1A77FE-F01B-495E-87B7-4B16E4F8C908}.Debug|Mixed Platforms.Build.0 = Debug|Any CPU
		{9A1A77FE-F01B-495E-87B7-4B16E4F8C908}.Debug|x86.ActiveCfg = Debug|Any CPU
		{9A1A77FE-F01B-495E-87B7-4B16E4F8C908}.Release Linux|.NET.ActiveCfg = Release Linux|Any CPU
		{9A1A77FE-F01B-495E-87B7-4B16E4F8C908}.Release Linux|Any CPU.ActiveCfg = Release Linux|Any CPU
		{9A1A77FE-F01B-495E-87B7-4B16E4F8C908}.Release Linux|Any CPU.Build.0 = Release Linux|Any CPU
		{9A1A77FE-F01B-495E-87B7-4B16E4F8C908}.Release Linux|Mixed Platforms.ActiveCfg = Release Linux|Any CPU
		{9A1A77FE-F01B-495E-87B7-4B16E4F8C908}.Release Linux|Mixed Platforms.Build.0 = Release Linux|Any CPU
		{9A1A77FE-F01B-495E-87B7-4B16E4F8C908}.Release Linux|x86.ActiveCfg = Release Linux|Any CPU
		{9A1A77FE-F01B-495E-87B7-4B16E4F8C908}.Release|.NET.ActiveCfg = Release|Any CPU
		{9A1A77FE-F01B-495E-87B7-4B16E4F8C908}.Release|Any CPU.ActiveCfg = Release|Any CPU
		{9A1A77FE-F01B-495E-87B7-4B16E4F8C908}.Release|Any CPU.Build.0 = Release|Any CPU
		{9A1A77FE-F01B-495E-87B7-4B16E4F8C908}.Release|Mixed Platforms.ActiveCfg = Release|Any CPU
		{9A1A77FE-F01B-495E-87B7-4B16E4F8C908}.Release|Mixed Platforms.Build.0 = Release|Any CPU
		{9A1A77FE-F01B-495E-87B7-4B16E4F8C908}.Release|x86.ActiveCfg = Release|Any CPU
		{7C2C5325-8235-4A24-9C67-6BD79A4679E2}.Debug Linux|.NET.ActiveCfg = Debug Linux|x86
		{7C2C5325-8235-4A24-9C67-6BD79A4679E2}.Debug Linux|Any CPU.ActiveCfg = Debug Linux|Any CPU
		{7C2C5325-8235-4A24-9C67-6BD79A4679E2}.Debug Linux|Any CPU.Build.0 = Debug Linux|Any CPU
		{7C2C5325-8235-4A24-9C67-6BD79A4679E2}.Debug Linux|Mixed Platforms.ActiveCfg = Debug Linux|Any CPU
		{7C2C5325-8235-4A24-9C67-6BD79A4679E2}.Debug Linux|Mixed Platforms.Build.0 = Debug Linux|Any CPU
		{7C2C5325-8235-4A24-9C67-6BD79A4679E2}.Debug Linux|x86.ActiveCfg = Debug Linux|x86
		{7C2C5325-8235-4A24-9C67-6BD79A4679E2}.Debug Linux|x86.Build.0 = Debug Linux|x86
		{7C2C5325-8235-4A24-9C67-6BD79A4679E2}.Debug|.NET.ActiveCfg = Debug|x86
		{7C2C5325-8235-4A24-9C67-6BD79A4679E2}.Debug|Any CPU.ActiveCfg = Debug|Any CPU
		{7C2C5325-8235-4A24-9C67-6BD79A4679E2}.Debug|Any CPU.Build.0 = Debug|Any CPU
		{7C2C5325-8235-4A24-9C67-6BD79A4679E2}.Debug|Mixed Platforms.ActiveCfg = Debug|Any CPU
		{7C2C5325-8235-4A24-9C67-6BD79A4679E2}.Debug|Mixed Platforms.Build.0 = Debug|Any CPU
		{7C2C5325-8235-4A24-9C67-6BD79A4679E2}.Debug|x86.ActiveCfg = Debug|x86
		{7C2C5325-8235-4A24-9C67-6BD79A4679E2}.Debug|x86.Build.0 = Debug|x86
		{7C2C5325-8235-4A24-9C67-6BD79A4679E2}.Release Linux|.NET.ActiveCfg = Release Linux|x86
		{7C2C5325-8235-4A24-9C67-6BD79A4679E2}.Release Linux|Any CPU.ActiveCfg = Release Linux|Any CPU
		{7C2C5325-8235-4A24-9C67-6BD79A4679E2}.Release Linux|Any CPU.Build.0 = Release Linux|Any CPU
		{7C2C5325-8235-4A24-9C67-6BD79A4679E2}.Release Linux|Mixed Platforms.ActiveCfg = Release Linux|Any CPU
		{7C2C5325-8235-4A24-9C67-6BD79A4679E2}.Release Linux|Mixed Platforms.Build.0 = Release Linux|Any CPU
		{7C2C5325-8235-4A24-9C67-6BD79A4679E2}.Release Linux|x86.ActiveCfg = Release Linux|x86
		{7C2C5325-8235-4A24-9C67-6BD79A4679E2}.Release Linux|x86.Build.0 = Release Linux|x86
		{7C2C5325-8235-4A24-9C67-6BD79A4679E2}.Release|.NET.ActiveCfg = Release|x86
		{7C2C5325-8235-4A24-9C67-6BD79A4679E2}.Release|Any CPU.ActiveCfg = Release|Any CPU
		{7C2C5325-8235-4A24-9C67-6BD79A4679E2}.Release|Any CPU.Build.0 = Release|Any CPU
		{7C2C5325-8235-4A24-9C67-6BD79A4679E2}.Release|Mixed Platforms.ActiveCfg = Release|Any CPU
		{7C2C5325-8235-4A24-9C67-6BD79A4679E2}.Release|Mixed Platforms.Build.0 = Release|Any CPU
		{7C2C5325-8235-4A24-9C67-6BD79A4679E2}.Release|x86.ActiveCfg = Release|x86
		{7C2C5325-8235-4A24-9C67-6BD79A4679E2}.Release|x86.Build.0 = Release|x86
	EndGlobalSection
	GlobalSection(SolutionProperties) = preSolution
		HideSolutionNode = FALSE
	EndGlobalSection
EndGlobal
