Microsoft Visual Studio Solution File, Format Version 10.00
# Visual Studio 2008
Project("{FAE04EC0-301F-11D3-BF4B-00C04F79EFBC}") = "Emgu.Util", "..\..\Emgu.Util\Emgu.Util.csproj", "{7C2C5325-8235-4A24-9C67-6BD79A4679E2}"
EndProject
Project("{FAE04EC0-301F-11D3-BF4B-00C04F79EFBC}") = "Emgu.CV", "..\..\Emgu.CV\Emgu.CV.csproj", "{9A1A77FE-F01B-495E-87B7-4B16E4F8C908}"
EndProject
Project("{FAE04EC0-301F-11D3-BF4B-00C04F79EFBC}") = "Emgu.CV.UI", "..\..\Emgu.CV.UI\Emgu.CV.UI.csproj", "{90E78BBF-C7FE-4D8E-ADE1-75448E866FDB}"
EndProject
Project("{FAE04EC0-301F-11D3-BF4B-00C04F79EFBC}") = "Emgu.CV.ML", "..\..\Emgu.CV.ML\Emgu.CV.ML.csproj", "{0E89EA04-C88C-410E-9A5A-9CBB8C42A027}"
EndProject
Project("{FAE04EC0-301F-11D3-BF4B-00C04F79EFBC}") = "Emgu.CV.DebuggerVisualizers", "..\..\Emgu.CV.DebuggerVisualizers\Emgu.CV.DebuggerVisualizers.csproj", "{E8F09998-297B-485C-B234-E5ACE5F55772}"
EndProject
Project("{54435603-DBB4-11D2-8724-00A0C9A8B90C}") = "Emgu.CV.Setup", "..\..\Emgu.CV.Setup\Emgu.CV.Setup.vdproj", "{C5EF3471-E471-4BCD-AC4F-9171E216AFDF}"
EndProject
Project("{FAE04EC0-301F-11D3-BF4B-00C04F79EFBC}") = "HelloWorld", "..\..\Emgu.CV.Example\HelloWorld\HelloWorld.csproj", "{28682DB8-9662-452D-A5AD-646EA7BC8AD0}"
EndProject
Project("{FAE04EC0-301F-11D3-BF4B-00C04F79EFBC}") = "LicensePlateRecognition", "..\..\Emgu.CV.Example\LicensePlateRecognition\LicensePlateRecognition.csproj", "{288B46AF-CD8E-4503-BBEF-7D295A5D9E13}"
EndProject
Project("{FAE04EC0-301F-11D3-BF4B-00C04F79EFBC}") = "PlanarSubdivision", "..\..\Emgu.CV.Example\PlanarSubdivision\PlanarSubdivision.csproj", "{4220DDC1-A966-4BB3-BD36-5A0110819E84}"
EndProject
Project("{FAE04EC0-301F-11D3-BF4B-00C04F79EFBC}") = "Emgu.CV.CustomInstallAction", "..\..\Emgu.CV.Setup\Emgu.CV.CustomInstallAction\Emgu.CV.CustomInstallAction.csproj", "{6807317E-2326-4B08-9415-1F8788086A77}"
EndProject
Project("{FAE04EC0-301F-11D3-BF4B-00C04F79EFBC}") = "SURFFeature", "..\..\Emgu.CV.Example\SURFFeature\SURFFeature.csproj", "{56AFFD9E-A27E-43BA-AAB5-8FEED098384D}"
EndProject
Project("{FAE04EC0-301F-11D3-BF4B-00C04F79EFBC}") = "TrafficSignRecognition", "..\..\Emgu.CV.Example\TrafficSignRecognition\TrafficSignRecognition.csproj", "{2E4D76A0-B239-4E48-8E9C-3A936CBD1DF1}"
EndProject
Project("{FAE04EC0-301F-11D3-BF4B-00C04F79EFBC}") = "Simple3DReconstruction", "..\..\Emgu.CV.Example\Simple3DReconstruction\Simple3DReconstruction.csproj", "{E5902195-9FC7-4A96-BA4B-5AFE17E13EC8}"
EndProject
Project("{FAE04EC0-301F-11D3-BF4B-00C04F79EFBC}") = "FacialMouseControl", "..\..\Emgu.CV.Example\FacialMouseControl\FacialMouseControl.csproj", "{CAB0BE2A-D8B8-4643-A0CE-1B615F6208FA}"
EndProject
Project("{FAE04EC0-301F-11D3-BF4B-00C04F79EFBC}") = "ShapeDetection", "..\..\Emgu.CV.Example\ShapeDetection\ShapeDetection.csproj", "{F42D1B92-5722-41F4-B8F1-98185CD09D87}"
EndProject
Project("{FAE04EC0-301F-11D3-BF4B-00C04F79EFBC}") = "Emgu.CV.WPF", "..\..\Emgu.CV.Example\WPF\Emgu.CV.WPF.csproj", "{B1D43BE6-AF83-41E5-990E-3E163CE42C79}"
EndProject
Project("{FAE04EC0-301F-11D3-BF4B-00C04F79EFBC}") = "CameraCapture", "..\..\Emgu.CV.Example\CameraCapture\CameraCapture.csproj", "{5F6B97F8-7EA6-4B5D-9A5D-F5581505C303}"
EndProject
Project("{FAE04EC0-301F-11D3-BF4B-00C04F79EFBC}") = "Webservice_Client", "..\..\Emgu.CV.Example\Webservice_Client\Webservice_Client.csproj", "{94C0C68E-E46F-4228-9DFF-148F9498BC0E}"
EndProject
Project("{FAE04EC0-301F-11D3-BF4B-00C04F79EFBC}") = "Webservice_Host", "..\..\Emgu.CV.Example\Webservice_Host\Webservice_Host.csproj", "{BDCC078C-8D14-47DC-850D-9D5731503AEC}"
EndProject
Project("{FAE04EC0-301F-11D3-BF4B-00C04F79EFBC}") = "VideoSurveilance", "..\..\Emgu.CV.Example\VideoSurveilance\VideoSurveilance.csproj", "{E8A4DE5C-BE26-445F-BEBD-8C99C80857E1}"
EndProject
Project("{8BC9CEB8-8B4A-11D0-8D11-00A0C91BC942}") = "CPlusPlus", "..\..\Emgu.CV.Example\CPlusPlus\CPlusPlus.vcproj", "{32330110-727C-41A1-9377-6BA41002983D}"
EndProject
Global
	GlobalSection(SolutionConfigurationPlatforms) = preSolution
		Debug Linux|Any CPU = Debug Linux|Any CPU
		Debug Linux|Mixed Platforms = Debug Linux|Mixed Platforms
		Debug Linux|Win32 = Debug Linux|Win32
		Debug Linux|x64 = Debug Linux|x64
		Debug Linux|x86 = Debug Linux|x86
		Debug|Any CPU = Debug|Any CPU
		Debug|Mixed Platforms = Debug|Mixed Platforms
		Debug|Win32 = Debug|Win32
		Debug|x64 = Debug|x64
		Debug|x86 = Debug|x86
		Release Linux|Any CPU = Release Linux|Any CPU
		Release Linux|Mixed Platforms = Release Linux|Mixed Platforms
		Release Linux|Win32 = Release Linux|Win32
		Release Linux|x64 = Release Linux|x64
		Release Linux|x86 = Release Linux|x86
		Release|Any CPU = Release|Any CPU
		Release|Mixed Platforms = Release|Mixed Platforms
		Release|Win32 = Release|Win32
		Release|x64 = Release|x64
		Release|x86 = Release|x86
	EndGlobalSection
	GlobalSection(ProjectConfigurationPlatforms) = postSolution
		{7C2C5325-8235-4A24-9C67-6BD79A4679E2}.Debug Linux|Any CPU.ActiveCfg = Debug|x86
		{7C2C5325-8235-4A24-9C67-6BD79A4679E2}.Debug Linux|Mixed Platforms.ActiveCfg = Debug|x86
		{7C2C5325-8235-4A24-9C67-6BD79A4679E2}.Debug Linux|Mixed Platforms.Build.0 = Debug|x86
		{7C2C5325-8235-4A24-9C67-6BD79A4679E2}.Debug Linux|Win32.ActiveCfg = Debug|x86
		{7C2C5325-8235-4A24-9C67-6BD79A4679E2}.Debug Linux|x64.ActiveCfg = Debug|x86
		{7C2C5325-8235-4A24-9C67-6BD79A4679E2}.Debug Linux|x86.ActiveCfg = Debug|x86
		{7C2C5325-8235-4A24-9C67-6BD79A4679E2}.Debug Linux|x86.Build.0 = Debug|x86
		{7C2C5325-8235-4A24-9C67-6BD79A4679E2}.Debug|Any CPU.ActiveCfg = Debug|Any CPU
		{7C2C5325-8235-4A24-9C67-6BD79A4679E2}.Debug|Any CPU.Build.0 = Debug|Any CPU
		{7C2C5325-8235-4A24-9C67-6BD79A4679E2}.Debug|Mixed Platforms.ActiveCfg = Debug|Any CPU
		{7C2C5325-8235-4A24-9C67-6BD79A4679E2}.Debug|Mixed Platforms.Build.0 = Debug|Any CPU
		{7C2C5325-8235-4A24-9C67-6BD79A4679E2}.Debug|Win32.ActiveCfg = Debug|x86
		{7C2C5325-8235-4A24-9C67-6BD79A4679E2}.Debug|x64.ActiveCfg = Debug|x86
		{7C2C5325-8235-4A24-9C67-6BD79A4679E2}.Debug|x86.ActiveCfg = Debug|x86
		{7C2C5325-8235-4A24-9C67-6BD79A4679E2}.Debug|x86.Build.0 = Debug|x86
		{7C2C5325-8235-4A24-9C67-6BD79A4679E2}.Release Linux|Any CPU.ActiveCfg = Release|x86
		{7C2C5325-8235-4A24-9C67-6BD79A4679E2}.Release Linux|Mixed Platforms.ActiveCfg = Release|x86
		{7C2C5325-8235-4A24-9C67-6BD79A4679E2}.Release Linux|Mixed Platforms.Build.0 = Release|x86
		{7C2C5325-8235-4A24-9C67-6BD79A4679E2}.Release Linux|Win32.ActiveCfg = Release|x86
		{7C2C5325-8235-4A24-9C67-6BD79A4679E2}.Release Linux|x64.ActiveCfg = Release|x86
		{7C2C5325-8235-4A24-9C67-6BD79A4679E2}.Release Linux|x86.ActiveCfg = Release|x86
		{7C2C5325-8235-4A24-9C67-6BD79A4679E2}.Release Linux|x86.Build.0 = Release|x86
		{7C2C5325-8235-4A24-9C67-6BD79A4679E2}.Release|Any CPU.ActiveCfg = Release|Any CPU
		{7C2C5325-8235-4A24-9C67-6BD79A4679E2}.Release|Any CPU.Build.0 = Release|Any CPU
		{7C2C5325-8235-4A24-9C67-6BD79A4679E2}.Release|Mixed Platforms.ActiveCfg = Release|Any CPU
		{7C2C5325-8235-4A24-9C67-6BD79A4679E2}.Release|Mixed Platforms.Build.0 = Release|Any CPU
		{7C2C5325-8235-4A24-9C67-6BD79A4679E2}.Release|Win32.ActiveCfg = Release|x86
		{7C2C5325-8235-4A24-9C67-6BD79A4679E2}.Release|x64.ActiveCfg = Release|x86
		{7C2C5325-8235-4A24-9C67-6BD79A4679E2}.Release|x86.ActiveCfg = Release|x86
		{7C2C5325-8235-4A24-9C67-6BD79A4679E2}.Release|x86.Build.0 = Release|x86
		{9A1A77FE-F01B-495E-87B7-4B16E4F8C908}.Debug Linux|Any CPU.ActiveCfg = Debug|Any CPU
		{9A1A77FE-F01B-495E-87B7-4B16E4F8C908}.Debug Linux|Any CPU.Build.0 = Debug|Any CPU
		{9A1A77FE-F01B-495E-87B7-4B16E4F8C908}.Debug Linux|Mixed Platforms.ActiveCfg = Debug|Any CPU
		{9A1A77FE-F01B-495E-87B7-4B16E4F8C908}.Debug Linux|Mixed Platforms.Build.0 = Debug|Any CPU
		{9A1A77FE-F01B-495E-87B7-4B16E4F8C908}.Debug Linux|Win32.ActiveCfg = Debug|Any CPU
		{9A1A77FE-F01B-495E-87B7-4B16E4F8C908}.Debug Linux|x64.ActiveCfg = Debug|Any CPU
		{9A1A77FE-F01B-495E-87B7-4B16E4F8C908}.Debug Linux|x86.ActiveCfg = Debug|Any CPU
		{9A1A77FE-F01B-495E-87B7-4B16E4F8C908}.Debug|Any CPU.ActiveCfg = Debug|Any CPU
		{9A1A77FE-F01B-495E-87B7-4B16E4F8C908}.Debug|Any CPU.Build.0 = Debug|Any CPU
		{9A1A77FE-F01B-495E-87B7-4B16E4F8C908}.Debug|Mixed Platforms.ActiveCfg = Debug|Any CPU
		{9A1A77FE-F01B-495E-87B7-4B16E4F8C908}.Debug|Mixed Platforms.Build.0 = Debug|Any CPU
		{9A1A77FE-F01B-495E-87B7-4B16E4F8C908}.Debug|Win32.ActiveCfg = Debug|Any CPU
		{9A1A77FE-F01B-495E-87B7-4B16E4F8C908}.Debug|x64.ActiveCfg = Debug|Any CPU
		{9A1A77FE-F01B-495E-87B7-4B16E4F8C908}.Debug|x86.ActiveCfg = Debug|Any CPU
		{9A1A77FE-F01B-495E-87B7-4B16E4F8C908}.Release Linux|Any CPU.ActiveCfg = Release|Any CPU
		{9A1A77FE-F01B-495E-87B7-4B16E4F8C908}.Release Linux|Any CPU.Build.0 = Release|Any CPU
		{9A1A77FE-F01B-495E-87B7-4B16E4F8C908}.Release Linux|Mixed Platforms.ActiveCfg = Release|Any CPU
		{9A1A77FE-F01B-495E-87B7-4B16E4F8C908}.Release Linux|Mixed Platforms.Build.0 = Release|Any CPU
		{9A1A77FE-F01B-495E-87B7-4B16E4F8C908}.Release Linux|Win32.ActiveCfg = Release|Any CPU
		{9A1A77FE-F01B-495E-87B7-4B16E4F8C908}.Release Linux|x64.ActiveCfg = Release|Any CPU
		{9A1A77FE-F01B-495E-87B7-4B16E4F8C908}.Release Linux|x86.ActiveCfg = Release|Any CPU
		{9A1A77FE-F01B-495E-87B7-4B16E4F8C908}.Release|Any CPU.ActiveCfg = Release|Any CPU
		{9A1A77FE-F01B-495E-87B7-4B16E4F8C908}.Release|Any CPU.Build.0 = Release|Any CPU
		{9A1A77FE-F01B-495E-87B7-4B16E4F8C908}.Release|Mixed Platforms.ActiveCfg = Release|Any CPU
		{9A1A77FE-F01B-495E-87B7-4B16E4F8C908}.Release|Mixed Platforms.Build.0 = Release|Any CPU
		{9A1A77FE-F01B-495E-87B7-4B16E4F8C908}.Release|Win32.ActiveCfg = Release|Any CPU
		{9A1A77FE-F01B-495E-87B7-4B16E4F8C908}.Release|x64.ActiveCfg = Release|Any CPU
		{9A1A77FE-F01B-495E-87B7-4B16E4F8C908}.Release|x86.ActiveCfg = Release|Any CPU
		{90E78BBF-C7FE-4D8E-ADE1-75448E866FDB}.Debug Linux|Any CPU.ActiveCfg = Debug|Any CPU
		{90E78BBF-C7FE-4D8E-ADE1-75448E866FDB}.Debug Linux|Any CPU.Build.0 = Debug|Any CPU
		{90E78BBF-C7FE-4D8E-ADE1-75448E866FDB}.Debug Linux|Mixed Platforms.ActiveCfg = Debug|Any CPU
		{90E78BBF-C7FE-4D8E-ADE1-75448E866FDB}.Debug Linux|Mixed Platforms.Build.0 = Debug|Any CPU
		{90E78BBF-C7FE-4D8E-ADE1-75448E866FDB}.Debug Linux|Win32.ActiveCfg = Debug|Any CPU
		{90E78BBF-C7FE-4D8E-ADE1-75448E866FDB}.Debug Linux|x64.ActiveCfg = Debug|Any CPU
		{90E78BBF-C7FE-4D8E-ADE1-75448E866FDB}.Debug Linux|x86.ActiveCfg = Debug|Any CPU
		{90E78BBF-C7FE-4D8E-ADE1-75448E866FDB}.Debug|Any CPU.ActiveCfg = Debug|Any CPU
		{90E78BBF-C7FE-4D8E-ADE1-75448E866FDB}.Debug|Any CPU.Build.0 = Debug|Any CPU
		{90E78BBF-C7FE-4D8E-ADE1-75448E866FDB}.Debug|Mixed Platforms.ActiveCfg = Debug|Any CPU
		{90E78BBF-C7FE-4D8E-ADE1-75448E866FDB}.Debug|Mixed Platforms.Build.0 = Debug|Any CPU
		{90E78BBF-C7FE-4D8E-ADE1-75448E866FDB}.Debug|Win32.ActiveCfg = Debug|Any CPU
		{90E78BBF-C7FE-4D8E-ADE1-75448E866FDB}.Debug|x64.ActiveCfg = Debug|Any CPU
		{90E78BBF-C7FE-4D8E-ADE1-75448E866FDB}.Debug|x86.ActiveCfg = Debug|Any CPU
		{90E78BBF-C7FE-4D8E-ADE1-75448E866FDB}.Release Linux|Any CPU.ActiveCfg = Release|Any CPU
		{90E78BBF-C7FE-4D8E-ADE1-75448E866FDB}.Release Linux|Any CPU.Build.0 = Release|Any CPU
		{90E78BBF-C7FE-4D8E-ADE1-75448E866FDB}.Release Linux|Mixed Platforms.ActiveCfg = Release|Any CPU
		{90E78BBF-C7FE-4D8E-ADE1-75448E866FDB}.Release Linux|Mixed Platforms.Build.0 = Release|Any CPU
		{90E78BBF-C7FE-4D8E-ADE1-75448E866FDB}.Release Linux|Win32.ActiveCfg = Release|Any CPU
		{90E78BBF-C7FE-4D8E-ADE1-75448E866FDB}.Release Linux|x64.ActiveCfg = Release|Any CPU
		{90E78BBF-C7FE-4D8E-ADE1-75448E866FDB}.Release Linux|x86.ActiveCfg = Release|Any CPU
		{90E78BBF-C7FE-4D8E-ADE1-75448E866FDB}.Release|Any CPU.ActiveCfg = Release|Any CPU
		{90E78BBF-C7FE-4D8E-ADE1-75448E866FDB}.Release|Any CPU.Build.0 = Release|Any CPU
		{90E78BBF-C7FE-4D8E-ADE1-75448E866FDB}.Release|Mixed Platforms.ActiveCfg = Release|Any CPU
		{90E78BBF-C7FE-4D8E-ADE1-75448E866FDB}.Release|Mixed Platforms.Build.0 = Release|Any CPU
		{90E78BBF-C7FE-4D8E-ADE1-75448E866FDB}.Release|Win32.ActiveCfg = Release|Any CPU
		{90E78BBF-C7FE-4D8E-ADE1-75448E866FDB}.Release|x64.ActiveCfg = Release|Any CPU
		{90E78BBF-C7FE-4D8E-ADE1-75448E866FDB}.Release|x86.ActiveCfg = Release|Any CPU
		{0E89EA04-C88C-410E-9A5A-9CBB8C42A027}.Debug Linux|Any CPU.ActiveCfg = Debug|Any CPU
		{0E89EA04-C88C-410E-9A5A-9CBB8C42A027}.Debug Linux|Any CPU.Build.0 = Debug|Any CPU
		{0E89EA04-C88C-410E-9A5A-9CBB8C42A027}.Debug Linux|Mixed Platforms.ActiveCfg = Debug|Any CPU
		{0E89EA04-C88C-410E-9A5A-9CBB8C42A027}.Debug Linux|Mixed Platforms.Build.0 = Debug|Any CPU
		{0E89EA04-C88C-410E-9A5A-9CBB8C42A027}.Debug Linux|Win32.ActiveCfg = Debug|Any CPU
		{0E89EA04-C88C-410E-9A5A-9CBB8C42A027}.Debug Linux|x64.ActiveCfg = Debug|Any CPU
		{0E89EA04-C88C-410E-9A5A-9CBB8C42A027}.Debug Linux|x86.ActiveCfg = Debug|Any CPU
		{0E89EA04-C88C-410E-9A5A-9CBB8C42A027}.Debug|Any CPU.ActiveCfg = Debug|Any CPU
		{0E89EA04-C88C-410E-9A5A-9CBB8C42A027}.Debug|Any CPU.Build.0 = Debug|Any CPU
		{0E89EA04-C88C-410E-9A5A-9CBB8C42A027}.Debug|Mixed Platforms.ActiveCfg = Debug|Any CPU
		{0E89EA04-C88C-410E-9A5A-9CBB8C42A027}.Debug|Mixed Platforms.Build.0 = Debug|Any CPU
		{0E89EA04-C88C-410E-9A5A-9CBB8C42A027}.Debug|Win32.ActiveCfg = Debug|Any CPU
		{0E89EA04-C88C-410E-9A5A-9CBB8C42A027}.Debug|x64.ActiveCfg = Debug|Any CPU
		{0E89EA04-C88C-410E-9A5A-9CBB8C42A027}.Debug|x86.ActiveCfg = Debug|Any CPU
		{0E89EA04-C88C-410E-9A5A-9CBB8C42A027}.Release Linux|Any CPU.ActiveCfg = Release|Any CPU
		{0E89EA04-C88C-410E-9A5A-9CBB8C42A027}.Release Linux|Any CPU.Build.0 = Release|Any CPU
		{0E89EA04-C88C-410E-9A5A-9CBB8C42A027}.Release Linux|Mixed Platforms.ActiveCfg = Release|Any CPU
		{0E89EA04-C88C-410E-9A5A-9CBB8C42A027}.Release Linux|Mixed Platforms.Build.0 = Release|Any CPU
		{0E89EA04-C88C-410E-9A5A-9CBB8C42A027}.Release Linux|Win32.ActiveCfg = Release|Any CPU
		{0E89EA04-C88C-410E-9A5A-9CBB8C42A027}.Release Linux|x64.ActiveCfg = Release|Any CPU
		{0E89EA04-C88C-410E-9A5A-9CBB8C42A027}.Release Linux|x86.ActiveCfg = Release|Any CPU
		{0E89EA04-C88C-410E-9A5A-9CBB8C42A027}.Release|Any CPU.ActiveCfg = Release|Any CPU
		{0E89EA04-C88C-410E-9A5A-9CBB8C42A027}.Release|Any CPU.Build.0 = Release|Any CPU
		{0E89EA04-C88C-410E-9A5A-9CBB8C42A027}.Release|Mixed Platforms.ActiveCfg = Release|Any CPU
		{0E89EA04-C88C-410E-9A5A-9CBB8C42A027}.Release|Mixed Platforms.Build.0 = Release|Any CPU
		{0E89EA04-C88C-410E-9A5A-9CBB8C42A027}.Release|Win32.ActiveCfg = Release|Any CPU
		{0E89EA04-C88C-410E-9A5A-9CBB8C42A027}.Release|x64.ActiveCfg = Release|Any CPU
		{0E89EA04-C88C-410E-9A5A-9CBB8C42A027}.Release|x86.ActiveCfg = Release|Any CPU
		{E8F09998-297B-485C-B234-E5ACE5F55772}.Debug Linux|Any CPU.ActiveCfg = Debug|Any CPU
		{E8F09998-297B-485C-B234-E5ACE5F55772}.Debug Linux|Any CPU.Build.0 = Debug|Any CPU
		{E8F09998-297B-485C-B234-E5ACE5F55772}.Debug Linux|Mixed Platforms.ActiveCfg = Debug|Any CPU
		{E8F09998-297B-485C-B234-E5ACE5F55772}.Debug Linux|Mixed Platforms.Build.0 = Debug|Any CPU
		{E8F09998-297B-485C-B234-E5ACE5F55772}.Debug Linux|Win32.ActiveCfg = Debug|Any CPU
		{E8F09998-297B-485C-B234-E5ACE5F55772}.Debug Linux|x64.ActiveCfg = Debug|Any CPU
		{E8F09998-297B-485C-B234-E5ACE5F55772}.Debug Linux|x86.ActiveCfg = Debug|Any CPU
		{E8F09998-297B-485C-B234-E5ACE5F55772}.Debug|Any CPU.ActiveCfg = Debug|Any CPU
		{E8F09998-297B-485C-B234-E5ACE5F55772}.Debug|Any CPU.Build.0 = Debug|Any CPU
		{E8F09998-297B-485C-B234-E5ACE5F55772}.Debug|Mixed Platforms.ActiveCfg = Debug|Any CPU
		{E8F09998-297B-485C-B234-E5ACE5F55772}.Debug|Mixed Platforms.Build.0 = Debug|Any CPU
		{E8F09998-297B-485C-B234-E5ACE5F55772}.Debug|Win32.ActiveCfg = Debug|Any CPU
		{E8F09998-297B-485C-B234-E5ACE5F55772}.Debug|x64.ActiveCfg = Debug|Any CPU
		{E8F09998-297B-485C-B234-E5ACE5F55772}.Debug|x86.ActiveCfg = Debug|Any CPU
		{E8F09998-297B-485C-B234-E5ACE5F55772}.Release Linux|Any CPU.ActiveCfg = Release|Any CPU
		{E8F09998-297B-485C-B234-E5ACE5F55772}.Release Linux|Any CPU.Build.0 = Release|Any CPU
		{E8F09998-297B-485C-B234-E5ACE5F55772}.Release Linux|Mixed Platforms.ActiveCfg = Release|Any CPU
		{E8F09998-297B-485C-B234-E5ACE5F55772}.Release Linux|Mixed Platforms.Build.0 = Release|Any CPU
		{E8F09998-297B-485C-B234-E5ACE5F55772}.Release Linux|Win32.ActiveCfg = Release|Any CPU
		{E8F09998-297B-485C-B234-E5ACE5F55772}.Release Linux|x64.ActiveCfg = Release|Any CPU
		{E8F09998-297B-485C-B234-E5ACE5F55772}.Release Linux|x86.ActiveCfg = Release|Any CPU
		{E8F09998-297B-485C-B234-E5ACE5F55772}.Release|Any CPU.ActiveCfg = Release|Any CPU
		{E8F09998-297B-485C-B234-E5ACE5F55772}.Release|Any CPU.Build.0 = Release|Any CPU
		{E8F09998-297B-485C-B234-E5ACE5F55772}.Release|Mixed Platforms.ActiveCfg = Release|Any CPU
		{E8F09998-297B-485C-B234-E5ACE5F55772}.Release|Mixed Platforms.Build.0 = Release|Any CPU
		{E8F09998-297B-485C-B234-E5ACE5F55772}.Release|Win32.ActiveCfg = Release|Any CPU
		{E8F09998-297B-485C-B234-E5ACE5F55772}.Release|x64.ActiveCfg = Release|Any CPU
		{E8F09998-297B-485C-B234-E5ACE5F55772}.Release|x86.ActiveCfg = Release|Any CPU
		{C5EF3471-E471-4BCD-AC4F-9171E216AFDF}.Debug Linux|Any CPU.ActiveCfg = Debug
		{C5EF3471-E471-4BCD-AC4F-9171E216AFDF}.Debug Linux|Any CPU.Build.0 = Debug
		{C5EF3471-E471-4BCD-AC4F-9171E216AFDF}.Debug Linux|Mixed Platforms.ActiveCfg = Debug
		{C5EF3471-E471-4BCD-AC4F-9171E216AFDF}.Debug Linux|Mixed Platforms.Build.0 = Debug
		{C5EF3471-E471-4BCD-AC4F-9171E216AFDF}.Debug Linux|Win32.ActiveCfg = Debug
		{C5EF3471-E471-4BCD-AC4F-9171E216AFDF}.Debug Linux|Win32.Build.0 = Debug
		{C5EF3471-E471-4BCD-AC4F-9171E216AFDF}.Debug Linux|x64.ActiveCfg = Debug
		{C5EF3471-E471-4BCD-AC4F-9171E216AFDF}.Debug Linux|x64.Build.0 = Debug
		{C5EF3471-E471-4BCD-AC4F-9171E216AFDF}.Debug Linux|x86.ActiveCfg = Debug
		{C5EF3471-E471-4BCD-AC4F-9171E216AFDF}.Debug Linux|x86.Build.0 = Debug
		{C5EF3471-E471-4BCD-AC4F-9171E216AFDF}.Debug|Any CPU.ActiveCfg = Debug
		{C5EF3471-E471-4BCD-AC4F-9171E216AFDF}.Debug|Mixed Platforms.ActiveCfg = Debug
		{C5EF3471-E471-4BCD-AC4F-9171E216AFDF}.Debug|Win32.ActiveCfg = Debug
		{C5EF3471-E471-4BCD-AC4F-9171E216AFDF}.Debug|x64.ActiveCfg = Debug
		{C5EF3471-E471-4BCD-AC4F-9171E216AFDF}.Debug|x86.ActiveCfg = Debug
		{C5EF3471-E471-4BCD-AC4F-9171E216AFDF}.Release Linux|Any CPU.ActiveCfg = Release
		{C5EF3471-E471-4BCD-AC4F-9171E216AFDF}.Release Linux|Any CPU.Build.0 = Release
		{C5EF3471-E471-4BCD-AC4F-9171E216AFDF}.Release Linux|Mixed Platforms.ActiveCfg = Release
		{C5EF3471-E471-4BCD-AC4F-9171E216AFDF}.Release Linux|Mixed Platforms.Build.0 = Release
		{C5EF3471-E471-4BCD-AC4F-9171E216AFDF}.Release Linux|Win32.ActiveCfg = Release
		{C5EF3471-E471-4BCD-AC4F-9171E216AFDF}.Release Linux|Win32.Build.0 = Release
		{C5EF3471-E471-4BCD-AC4F-9171E216AFDF}.Release Linux|x64.ActiveCfg = Release
		{C5EF3471-E471-4BCD-AC4F-9171E216AFDF}.Release Linux|x64.Build.0 = Release
		{C5EF3471-E471-4BCD-AC4F-9171E216AFDF}.Release Linux|x86.ActiveCfg = Release
		{C5EF3471-E471-4BCD-AC4F-9171E216AFDF}.Release Linux|x86.Build.0 = Release
		{C5EF3471-E471-4BCD-AC4F-9171E216AFDF}.Release|Any CPU.ActiveCfg = Release
		{C5EF3471-E471-4BCD-AC4F-9171E216AFDF}.Release|Mixed Platforms.ActiveCfg = Release
		{C5EF3471-E471-4BCD-AC4F-9171E216AFDF}.Release|Win32.ActiveCfg = Release
		{C5EF3471-E471-4BCD-AC4F-9171E216AFDF}.Release|x64.ActiveCfg = Release
		{C5EF3471-E471-4BCD-AC4F-9171E216AFDF}.Release|x86.ActiveCfg = Release
		{28682DB8-9662-452D-A5AD-646EA7BC8AD0}.Debug Linux|Any CPU.ActiveCfg = Debug|Any CPU
		{28682DB8-9662-452D-A5AD-646EA7BC8AD0}.Debug Linux|Any CPU.Build.0 = Debug|Any CPU
		{28682DB8-9662-452D-A5AD-646EA7BC8AD0}.Debug Linux|Mixed Platforms.ActiveCfg = Debug|Any CPU
		{28682DB8-9662-452D-A5AD-646EA7BC8AD0}.Debug Linux|Mixed Platforms.Build.0 = Debug|Any CPU
		{28682DB8-9662-452D-A5AD-646EA7BC8AD0}.Debug Linux|Win32.ActiveCfg = Debug|Any CPU
		{28682DB8-9662-452D-A5AD-646EA7BC8AD0}.Debug Linux|x64.ActiveCfg = Debug|Any CPU
		{28682DB8-9662-452D-A5AD-646EA7BC8AD0}.Debug Linux|x86.ActiveCfg = Debug|Any CPU
		{28682DB8-9662-452D-A5AD-646EA7BC8AD0}.Debug|Any CPU.ActiveCfg = Debug|Any CPU
		{28682DB8-9662-452D-A5AD-646EA7BC8AD0}.Debug|Any CPU.Build.0 = Debug|Any CPU
		{28682DB8-9662-452D-A5AD-646EA7BC8AD0}.Debug|Mixed Platforms.ActiveCfg = Debug|Any CPU
		{28682DB8-9662-452D-A5AD-646EA7BC8AD0}.Debug|Mixed Platforms.Build.0 = Debug|Any CPU
		{28682DB8-9662-452D-A5AD-646EA7BC8AD0}.Debug|Win32.ActiveCfg = Debug|Any CPU
		{28682DB8-9662-452D-A5AD-646EA7BC8AD0}.Debug|x64.ActiveCfg = Debug|Any CPU
		{28682DB8-9662-452D-A5AD-646EA7BC8AD0}.Debug|x86.ActiveCfg = Debug|Any CPU
		{28682DB8-9662-452D-A5AD-646EA7BC8AD0}.Release Linux|Any CPU.ActiveCfg = Release|Any CPU
		{28682DB8-9662-452D-A5AD-646EA7BC8AD0}.Release Linux|Any CPU.Build.0 = Release|Any CPU
		{28682DB8-9662-452D-A5AD-646EA7BC8AD0}.Release Linux|Mixed Platforms.ActiveCfg = Release|Any CPU
		{28682DB8-9662-452D-A5AD-646EA7BC8AD0}.Release Linux|Mixed Platforms.Build.0 = Release|Any CPU
		{28682DB8-9662-452D-A5AD-646EA7BC8AD0}.Release Linux|Win32.ActiveCfg = Release|Any CPU
		{28682DB8-9662-452D-A5AD-646EA7BC8AD0}.Release Linux|x64.ActiveCfg = Release|Any CPU
		{28682DB8-9662-452D-A5AD-646EA7BC8AD0}.Release Linux|x86.ActiveCfg = Release|Any CPU
		{28682DB8-9662-452D-A5AD-646EA7BC8AD0}.Release|Any CPU.ActiveCfg = Release|Any CPU
		{28682DB8-9662-452D-A5AD-646EA7BC8AD0}.Release|Any CPU.Build.0 = Release|Any CPU
		{28682DB8-9662-452D-A5AD-646EA7BC8AD0}.Release|Mixed Platforms.ActiveCfg = Release|Any CPU
		{28682DB8-9662-452D-A5AD-646EA7BC8AD0}.Release|Mixed Platforms.Build.0 = Release|Any CPU
		{28682DB8-9662-452D-A5AD-646EA7BC8AD0}.Release|Win32.ActiveCfg = Release|Any CPU
		{28682DB8-9662-452D-A5AD-646EA7BC8AD0}.Release|x64.ActiveCfg = Release|Any CPU
		{28682DB8-9662-452D-A5AD-646EA7BC8AD0}.Release|x86.ActiveCfg = Release|Any CPU
		{288B46AF-CD8E-4503-BBEF-7D295A5D9E13}.Debug Linux|Any CPU.ActiveCfg = Debug|Any CPU
		{288B46AF-CD8E-4503-BBEF-7D295A5D9E13}.Debug Linux|Any CPU.Build.0 = Debug|Any CPU
		{288B46AF-CD8E-4503-BBEF-7D295A5D9E13}.Debug Linux|Mixed Platforms.ActiveCfg = Debug|Any CPU
		{288B46AF-CD8E-4503-BBEF-7D295A5D9E13}.Debug Linux|Mixed Platforms.Build.0 = Debug|Any CPU
		{288B46AF-CD8E-4503-BBEF-7D295A5D9E13}.Debug Linux|Win32.ActiveCfg = Debug|Any CPU
		{288B46AF-CD8E-4503-BBEF-7D295A5D9E13}.Debug Linux|x64.ActiveCfg = Debug|Any CPU
		{288B46AF-CD8E-4503-BBEF-7D295A5D9E13}.Debug Linux|x86.ActiveCfg = Debug|Any CPU
		{288B46AF-CD8E-4503-BBEF-7D295A5D9E13}.Debug|Any CPU.ActiveCfg = Debug|Any CPU
		{288B46AF-CD8E-4503-BBEF-7D295A5D9E13}.Debug|Any CPU.Build.0 = Debug|Any CPU
		{288B46AF-CD8E-4503-BBEF-7D295A5D9E13}.Debug|Mixed Platforms.ActiveCfg = Debug|Any CPU
		{288B46AF-CD8E-4503-BBEF-7D295A5D9E13}.Debug|Mixed Platforms.Build.0 = Debug|Any CPU
		{288B46AF-CD8E-4503-BBEF-7D295A5D9E13}.Debug|Win32.ActiveCfg = Debug|Any CPU
		{288B46AF-CD8E-4503-BBEF-7D295A5D9E13}.Debug|x64.ActiveCfg = Debug|Any CPU
		{288B46AF-CD8E-4503-BBEF-7D295A5D9E13}.Debug|x86.ActiveCfg = Debug|Any CPU
		{288B46AF-CD8E-4503-BBEF-7D295A5D9E13}.Release Linux|Any CPU.ActiveCfg = Release|Any CPU
		{288B46AF-CD8E-4503-BBEF-7D295A5D9E13}.Release Linux|Any CPU.Build.0 = Release|Any CPU
		{288B46AF-CD8E-4503-BBEF-7D295A5D9E13}.Release Linux|Mixed Platforms.ActiveCfg = Release|Any CPU
		{288B46AF-CD8E-4503-BBEF-7D295A5D9E13}.Release Linux|Mixed Platforms.Build.0 = Release|Any CPU
		{288B46AF-CD8E-4503-BBEF-7D295A5D9E13}.Release Linux|Win32.ActiveCfg = Release|Any CPU
		{288B46AF-CD8E-4503-BBEF-7D295A5D9E13}.Release Linux|x64.ActiveCfg = Release|Any CPU
		{288B46AF-CD8E-4503-BBEF-7D295A5D9E13}.Release Linux|x86.ActiveCfg = Release|Any CPU
		{288B46AF-CD8E-4503-BBEF-7D295A5D9E13}.Release|Any CPU.ActiveCfg = Release|Any CPU
		{288B46AF-CD8E-4503-BBEF-7D295A5D9E13}.Release|Any CPU.Build.0 = Release|Any CPU
		{288B46AF-CD8E-4503-BBEF-7D295A5D9E13}.Release|Mixed Platforms.ActiveCfg = Release|Any CPU
		{288B46AF-CD8E-4503-BBEF-7D295A5D9E13}.Release|Mixed Platforms.Build.0 = Release|Any CPU
		{288B46AF-CD8E-4503-BBEF-7D295A5D9E13}.Release|Win32.ActiveCfg = Release|Any CPU
		{288B46AF-CD8E-4503-BBEF-7D295A5D9E13}.Release|x64.ActiveCfg = Release|Any CPU
		{288B46AF-CD8E-4503-BBEF-7D295A5D9E13}.Release|x86.ActiveCfg = Release|Any CPU
		{4220DDC1-A966-4BB3-BD36-5A0110819E84}.Debug Linux|Any CPU.ActiveCfg = Debug|Any CPU
		{4220DDC1-A966-4BB3-BD36-5A0110819E84}.Debug Linux|Any CPU.Build.0 = Debug|Any CPU
		{4220DDC1-A966-4BB3-BD36-5A0110819E84}.Debug Linux|Mixed Platforms.ActiveCfg = Debug|Any CPU
		{4220DDC1-A966-4BB3-BD36-5A0110819E84}.Debug Linux|Mixed Platforms.Build.0 = Debug|Any CPU
		{4220DDC1-A966-4BB3-BD36-5A0110819E84}.Debug Linux|Win32.ActiveCfg = Debug|Any CPU
		{4220DDC1-A966-4BB3-BD36-5A0110819E84}.Debug Linux|x64.ActiveCfg = Debug|Any CPU
		{4220DDC1-A966-4BB3-BD36-5A0110819E84}.Debug Linux|x86.ActiveCfg = Debug|Any CPU
		{4220DDC1-A966-4BB3-BD36-5A0110819E84}.Debug|Any CPU.ActiveCfg = Debug|Any CPU
		{4220DDC1-A966-4BB3-BD36-5A0110819E84}.Debug|Any CPU.Build.0 = Debug|Any CPU
		{4220DDC1-A966-4BB3-BD36-5A0110819E84}.Debug|Mixed Platforms.ActiveCfg = Debug|Any CPU
		{4220DDC1-A966-4BB3-BD36-5A0110819E84}.Debug|Mixed Platforms.Build.0 = Debug|Any CPU
		{4220DDC1-A966-4BB3-BD36-5A0110819E84}.Debug|Win32.ActiveCfg = Debug|Any CPU
		{4220DDC1-A966-4BB3-BD36-5A0110819E84}.Debug|x64.ActiveCfg = Debug|Any CPU
		{4220DDC1-A966-4BB3-BD36-5A0110819E84}.Debug|x86.ActiveCfg = Debug|Any CPU
		{4220DDC1-A966-4BB3-BD36-5A0110819E84}.Release Linux|Any CPU.ActiveCfg = Release|Any CPU
		{4220DDC1-A966-4BB3-BD36-5A0110819E84}.Release Linux|Any CPU.Build.0 = Release|Any CPU
		{4220DDC1-A966-4BB3-BD36-5A0110819E84}.Release Linux|Mixed Platforms.ActiveCfg = Release|Any CPU
		{4220DDC1-A966-4BB3-BD36-5A0110819E84}.Release Linux|Mixed Platforms.Build.0 = Release|Any CPU
		{4220DDC1-A966-4BB3-BD36-5A0110819E84}.Release Linux|Win32.ActiveCfg = Release|Any CPU
		{4220DDC1-A966-4BB3-BD36-5A0110819E84}.Release Linux|x64.ActiveCfg = Release|Any CPU
		{4220DDC1-A966-4BB3-BD36-5A0110819E84}.Release Linux|x86.ActiveCfg = Release|Any CPU
		{4220DDC1-A966-4BB3-BD36-5A0110819E84}.Release|Any CPU.ActiveCfg = Release|Any CPU
		{4220DDC1-A966-4BB3-BD36-5A0110819E84}.Release|Any CPU.Build.0 = Release|Any CPU
		{4220DDC1-A966-4BB3-BD36-5A0110819E84}.Release|Mixed Platforms.ActiveCfg = Release|Any CPU
		{4220DDC1-A966-4BB3-BD36-5A0110819E84}.Release|Mixed Platforms.Build.0 = Release|Any CPU
		{4220DDC1-A966-4BB3-BD36-5A0110819E84}.Release|Win32.ActiveCfg = Release|Any CPU
		{4220DDC1-A966-4BB3-BD36-5A0110819E84}.Release|x64.ActiveCfg = Release|Any CPU
		{4220DDC1-A966-4BB3-BD36-5A0110819E84}.Release|x86.ActiveCfg = Release|Any CPU
		{6807317E-2326-4B08-9415-1F8788086A77}.Debug Linux|Any CPU.ActiveCfg = Debug|Any CPU
		{6807317E-2326-4B08-9415-1F8788086A77}.Debug Linux|Any CPU.Build.0 = Debug|Any CPU
		{6807317E-2326-4B08-9415-1F8788086A77}.Debug Linux|Mixed Platforms.ActiveCfg = Debug|Any CPU
		{6807317E-2326-4B08-9415-1F8788086A77}.Debug Linux|Mixed Platforms.Build.0 = Debug|Any CPU
		{6807317E-2326-4B08-9415-1F8788086A77}.Debug Linux|Win32.ActiveCfg = Debug|Any CPU
		{6807317E-2326-4B08-9415-1F8788086A77}.Debug Linux|x64.ActiveCfg = Debug|Any CPU
		{6807317E-2326-4B08-9415-1F8788086A77}.Debug Linux|x86.ActiveCfg = Debug|Any CPU
		{6807317E-2326-4B08-9415-1F8788086A77}.Debug|Any CPU.ActiveCfg = Debug|Any CPU
		{6807317E-2326-4B08-9415-1F8788086A77}.Debug|Any CPU.Build.0 = Debug|Any CPU
		{6807317E-2326-4B08-9415-1F8788086A77}.Debug|Mixed Platforms.ActiveCfg = Debug|Any CPU
		{6807317E-2326-4B08-9415-1F8788086A77}.Debug|Mixed Platforms.Build.0 = Debug|Any CPU
		{6807317E-2326-4B08-9415-1F8788086A77}.Debug|Win32.ActiveCfg = Debug|Any CPU
		{6807317E-2326-4B08-9415-1F8788086A77}.Debug|x64.ActiveCfg = Debug|Any CPU
		{6807317E-2326-4B08-9415-1F8788086A77}.Debug|x86.ActiveCfg = Debug|Any CPU
		{6807317E-2326-4B08-9415-1F8788086A77}.Release Linux|Any CPU.ActiveCfg = Release|Any CPU
		{6807317E-2326-4B08-9415-1F8788086A77}.Release Linux|Any CPU.Build.0 = Release|Any CPU
		{6807317E-2326-4B08-9415-1F8788086A77}.Release Linux|Mixed Platforms.ActiveCfg = Release|Any CPU
		{6807317E-2326-4B08-9415-1F8788086A77}.Release Linux|Mixed Platforms.Build.0 = Release|Any CPU
		{6807317E-2326-4B08-9415-1F8788086A77}.Release Linux|Win32.ActiveCfg = Release|Any CPU
		{6807317E-2326-4B08-9415-1F8788086A77}.Release Linux|x64.ActiveCfg = Release|Any CPU
		{6807317E-2326-4B08-9415-1F8788086A77}.Release Linux|x86.ActiveCfg = Release|Any CPU
		{6807317E-2326-4B08-9415-1F8788086A77}.Release|Any CPU.ActiveCfg = Release|Any CPU
		{6807317E-2326-4B08-9415-1F8788086A77}.Release|Any CPU.Build.0 = Release|Any CPU
		{6807317E-2326-4B08-9415-1F8788086A77}.Release|Mixed Platforms.ActiveCfg = Release|Any CPU
		{6807317E-2326-4B08-9415-1F8788086A77}.Release|Mixed Platforms.Build.0 = Release|Any CPU
		{6807317E-2326-4B08-9415-1F8788086A77}.Release|Win32.ActiveCfg = Release|Any CPU
		{6807317E-2326-4B08-9415-1F8788086A77}.Release|x64.ActiveCfg = Release|Any CPU
		{6807317E-2326-4B08-9415-1F8788086A77}.Release|x86.ActiveCfg = Release|Any CPU
		{56AFFD9E-A27E-43BA-AAB5-8FEED098384D}.Debug Linux|Any CPU.ActiveCfg = Debug|Any CPU
		{56AFFD9E-A27E-43BA-AAB5-8FEED098384D}.Debug Linux|Any CPU.Build.0 = Debug|Any CPU
		{56AFFD9E-A27E-43BA-AAB5-8FEED098384D}.Debug Linux|Mixed Platforms.ActiveCfg = Debug|Any CPU
		{56AFFD9E-A27E-43BA-AAB5-8FEED098384D}.Debug Linux|Mixed Platforms.Build.0 = Debug|Any CPU
		{56AFFD9E-A27E-43BA-AAB5-8FEED098384D}.Debug Linux|Win32.ActiveCfg = Debug|Any CPU
		{56AFFD9E-A27E-43BA-AAB5-8FEED098384D}.Debug Linux|x64.ActiveCfg = Debug|Any CPU
		{56AFFD9E-A27E-43BA-AAB5-8FEED098384D}.Debug Linux|x86.ActiveCfg = Debug|Any CPU
		{56AFFD9E-A27E-43BA-AAB5-8FEED098384D}.Debug|Any CPU.ActiveCfg = Debug|Any CPU
		{56AFFD9E-A27E-43BA-AAB5-8FEED098384D}.Debug|Any CPU.Build.0 = Debug|Any CPU
		{56AFFD9E-A27E-43BA-AAB5-8FEED098384D}.Debug|Mixed Platforms.ActiveCfg = Debug|Any CPU
		{56AFFD9E-A27E-43BA-AAB5-8FEED098384D}.Debug|Mixed Platforms.Build.0 = Debug|Any CPU
		{56AFFD9E-A27E-43BA-AAB5-8FEED098384D}.Debug|Win32.ActiveCfg = Debug|Any CPU
		{56AFFD9E-A27E-43BA-AAB5-8FEED098384D}.Debug|x64.ActiveCfg = Debug|Any CPU
		{56AFFD9E-A27E-43BA-AAB5-8FEED098384D}.Debug|x86.ActiveCfg = Debug|Any CPU
		{56AFFD9E-A27E-43BA-AAB5-8FEED098384D}.Release Linux|Any CPU.ActiveCfg = Release|Any CPU
		{56AFFD9E-A27E-43BA-AAB5-8FEED098384D}.Release Linux|Any CPU.Build.0 = Release|Any CPU
		{56AFFD9E-A27E-43BA-AAB5-8FEED098384D}.Release Linux|Mixed Platforms.ActiveCfg = Release|Any CPU
		{56AFFD9E-A27E-43BA-AAB5-8FEED098384D}.Release Linux|Mixed Platforms.Build.0 = Release|Any CPU
		{56AFFD9E-A27E-43BA-AAB5-8FEED098384D}.Release Linux|Win32.ActiveCfg = Release|Any CPU
		{56AFFD9E-A27E-43BA-AAB5-8FEED098384D}.Release Linux|x64.ActiveCfg = Release|Any CPU
		{56AFFD9E-A27E-43BA-AAB5-8FEED098384D}.Release Linux|x86.ActiveCfg = Release|Any CPU
		{56AFFD9E-A27E-43BA-AAB5-8FEED098384D}.Release|Any CPU.ActiveCfg = Release|Any CPU
		{56AFFD9E-A27E-43BA-AAB5-8FEED098384D}.Release|Any CPU.Build.0 = Release|Any CPU
		{56AFFD9E-A27E-43BA-AAB5-8FEED098384D}.Release|Mixed Platforms.ActiveCfg = Release|Any CPU
		{56AFFD9E-A27E-43BA-AAB5-8FEED098384D}.Release|Mixed Platforms.Build.0 = Release|Any CPU
		{56AFFD9E-A27E-43BA-AAB5-8FEED098384D}.Release|Win32.ActiveCfg = Release|Any CPU
		{56AFFD9E-A27E-43BA-AAB5-8FEED098384D}.Release|x64.ActiveCfg = Release|Any CPU
		{56AFFD9E-A27E-43BA-AAB5-8FEED098384D}.Release|x86.ActiveCfg = Release|Any CPU
		{2E4D76A0-B239-4E48-8E9C-3A936CBD1DF1}.Debug Linux|Any CPU.ActiveCfg = Debug|Any CPU
		{2E4D76A0-B239-4E48-8E9C-3A936CBD1DF1}.Debug Linux|Any CPU.Build.0 = Debug|Any CPU
		{2E4D76A0-B239-4E48-8E9C-3A936CBD1DF1}.Debug Linux|Mixed Platforms.ActiveCfg = Debug|Any CPU
		{2E4D76A0-B239-4E48-8E9C-3A936CBD1DF1}.Debug Linux|Mixed Platforms.Build.0 = Debug|Any CPU
		{2E4D76A0-B239-4E48-8E9C-3A936CBD1DF1}.Debug Linux|Win32.ActiveCfg = Debug|Any CPU
		{2E4D76A0-B239-4E48-8E9C-3A936CBD1DF1}.Debug Linux|x64.ActiveCfg = Debug|Any CPU
		{2E4D76A0-B239-4E48-8E9C-3A936CBD1DF1}.Debug Linux|x86.ActiveCfg = Debug|Any CPU
		{2E4D76A0-B239-4E48-8E9C-3A936CBD1DF1}.Debug|Any CPU.ActiveCfg = Debug|Any CPU
		{2E4D76A0-B239-4E48-8E9C-3A936CBD1DF1}.Debug|Any CPU.Build.0 = Debug|Any CPU
		{2E4D76A0-B239-4E48-8E9C-3A936CBD1DF1}.Debug|Mixed Platforms.ActiveCfg = Debug|Any CPU
		{2E4D76A0-B239-4E48-8E9C-3A936CBD1DF1}.Debug|Mixed Platforms.Build.0 = Debug|Any CPU
		{2E4D76A0-B239-4E48-8E9C-3A936CBD1DF1}.Debug|Win32.ActiveCfg = Debug|Any CPU
		{2E4D76A0-B239-4E48-8E9C-3A936CBD1DF1}.Debug|x64.ActiveCfg = Debug|Any CPU
		{2E4D76A0-B239-4E48-8E9C-3A936CBD1DF1}.Debug|x86.ActiveCfg = Debug|Any CPU
		{2E4D76A0-B239-4E48-8E9C-3A936CBD1DF1}.Release Linux|Any CPU.ActiveCfg = Release|Any CPU
		{2E4D76A0-B239-4E48-8E9C-3A936CBD1DF1}.Release Linux|Any CPU.Build.0 = Release|Any CPU
		{2E4D76A0-B239-4E48-8E9C-3A936CBD1DF1}.Release Linux|Mixed Platforms.ActiveCfg = Release|Any CPU
		{2E4D76A0-B239-4E48-8E9C-3A936CBD1DF1}.Release Linux|Mixed Platforms.Build.0 = Release|Any CPU
		{2E4D76A0-B239-4E48-8E9C-3A936CBD1DF1}.Release Linux|Win32.ActiveCfg = Release|Any CPU
		{2E4D76A0-B239-4E48-8E9C-3A936CBD1DF1}.Release Linux|x64.ActiveCfg = Release|Any CPU
		{2E4D76A0-B239-4E48-8E9C-3A936CBD1DF1}.Release Linux|x86.ActiveCfg = Release|Any CPU
		{2E4D76A0-B239-4E48-8E9C-3A936CBD1DF1}.Release|Any CPU.ActiveCfg = Release|Any CPU
		{2E4D76A0-B239-4E48-8E9C-3A936CBD1DF1}.Release|Any CPU.Build.0 = Release|Any CPU
		{2E4D76A0-B239-4E48-8E9C-3A936CBD1DF1}.Release|Mixed Platforms.ActiveCfg = Release|Any CPU
		{2E4D76A0-B239-4E48-8E9C-3A936CBD1DF1}.Release|Mixed Platforms.Build.0 = Release|Any CPU
		{2E4D76A0-B239-4E48-8E9C-3A936CBD1DF1}.Release|Win32.ActiveCfg = Release|Any CPU
		{2E4D76A0-B239-4E48-8E9C-3A936CBD1DF1}.Release|x64.ActiveCfg = Release|Any CPU
		{2E4D76A0-B239-4E48-8E9C-3A936CBD1DF1}.Release|x86.ActiveCfg = Release|Any CPU
		{E5902195-9FC7-4A96-BA4B-5AFE17E13EC8}.Debug Linux|Any CPU.ActiveCfg = Debug|Any CPU
		{E5902195-9FC7-4A96-BA4B-5AFE17E13EC8}.Debug Linux|Any CPU.Build.0 = Debug|Any CPU
		{E5902195-9FC7-4A96-BA4B-5AFE17E13EC8}.Debug Linux|Mixed Platforms.ActiveCfg = Debug|Any CPU
		{E5902195-9FC7-4A96-BA4B-5AFE17E13EC8}.Debug Linux|Mixed Platforms.Build.0 = Debug|Any CPU
		{E5902195-9FC7-4A96-BA4B-5AFE17E13EC8}.Debug Linux|Win32.ActiveCfg = Debug|Any CPU
		{E5902195-9FC7-4A96-BA4B-5AFE17E13EC8}.Debug Linux|x64.ActiveCfg = Debug|Any CPU
		{E5902195-9FC7-4A96-BA4B-5AFE17E13EC8}.Debug Linux|x86.ActiveCfg = Debug|Any CPU
		{E5902195-9FC7-4A96-BA4B-5AFE17E13EC8}.Debug|Any CPU.ActiveCfg = Debug|Any CPU
		{E5902195-9FC7-4A96-BA4B-5AFE17E13EC8}.Debug|Any CPU.Build.0 = Debug|Any CPU
		{E5902195-9FC7-4A96-BA4B-5AFE17E13EC8}.Debug|Mixed Platforms.ActiveCfg = Debug|Any CPU
		{E5902195-9FC7-4A96-BA4B-5AFE17E13EC8}.Debug|Mixed Platforms.Build.0 = Debug|Any CPU
		{E5902195-9FC7-4A96-BA4B-5AFE17E13EC8}.Debug|Win32.ActiveCfg = Debug|Any CPU
		{E5902195-9FC7-4A96-BA4B-5AFE17E13EC8}.Debug|x64.ActiveCfg = Debug|Any CPU
		{E5902195-9FC7-4A96-BA4B-5AFE17E13EC8}.Debug|x86.ActiveCfg = Debug|Any CPU
		{E5902195-9FC7-4A96-BA4B-5AFE17E13EC8}.Release Linux|Any CPU.ActiveCfg = Release|Any CPU
		{E5902195-9FC7-4A96-BA4B-5AFE17E13EC8}.Release Linux|Any CPU.Build.0 = Release|Any CPU
		{E5902195-9FC7-4A96-BA4B-5AFE17E13EC8}.Release Linux|Mixed Platforms.ActiveCfg = Release|Any CPU
		{E5902195-9FC7-4A96-BA4B-5AFE17E13EC8}.Release Linux|Mixed Platforms.Build.0 = Release|Any CPU
		{E5902195-9FC7-4A96-BA4B-5AFE17E13EC8}.Release Linux|Win32.ActiveCfg = Release|Any CPU
		{E5902195-9FC7-4A96-BA4B-5AFE17E13EC8}.Release Linux|x64.ActiveCfg = Release|Any CPU
		{E5902195-9FC7-4A96-BA4B-5AFE17E13EC8}.Release Linux|x86.ActiveCfg = Release|Any CPU
		{E5902195-9FC7-4A96-BA4B-5AFE17E13EC8}.Release|Any CPU.ActiveCfg = Release|Any CPU
		{E5902195-9FC7-4A96-BA4B-5AFE17E13EC8}.Release|Any CPU.Build.0 = Release|Any CPU
		{E5902195-9FC7-4A96-BA4B-5AFE17E13EC8}.Release|Mixed Platforms.ActiveCfg = Release|Any CPU
		{E5902195-9FC7-4A96-BA4B-5AFE17E13EC8}.Release|Mixed Platforms.Build.0 = Release|Any CPU
		{E5902195-9FC7-4A96-BA4B-5AFE17E13EC8}.Release|Win32.ActiveCfg = Release|Any CPU
		{E5902195-9FC7-4A96-BA4B-5AFE17E13EC8}.Release|x64.ActiveCfg = Release|Any CPU
		{E5902195-9FC7-4A96-BA4B-5AFE17E13EC8}.Release|x86.ActiveCfg = Release|Any CPU
		{CAB0BE2A-D8B8-4643-A0CE-1B615F6208FA}.Debug Linux|Any CPU.ActiveCfg = Debug|Any CPU
		{CAB0BE2A-D8B8-4643-A0CE-1B615F6208FA}.Debug Linux|Any CPU.Build.0 = Debug|Any CPU
		{CAB0BE2A-D8B8-4643-A0CE-1B615F6208FA}.Debug Linux|Mixed Platforms.ActiveCfg = Debug|Any CPU
		{CAB0BE2A-D8B8-4643-A0CE-1B615F6208FA}.Debug Linux|Mixed Platforms.Build.0 = Debug|Any CPU
		{CAB0BE2A-D8B8-4643-A0CE-1B615F6208FA}.Debug Linux|Win32.ActiveCfg = Debug|Any CPU
		{CAB0BE2A-D8B8-4643-A0CE-1B615F6208FA}.Debug Linux|x64.ActiveCfg = Debug|Any CPU
		{CAB0BE2A-D8B8-4643-A0CE-1B615F6208FA}.Debug Linux|x86.ActiveCfg = Debug|Any CPU
		{CAB0BE2A-D8B8-4643-A0CE-1B615F6208FA}.Debug|Any CPU.ActiveCfg = Debug|Any CPU
		{CAB0BE2A-D8B8-4643-A0CE-1B615F6208FA}.Debug|Any CPU.Build.0 = Debug|Any CPU
		{CAB0BE2A-D8B8-4643-A0CE-1B615F6208FA}.Debug|Mixed Platforms.ActiveCfg = Debug|Any CPU
		{CAB0BE2A-D8B8-4643-A0CE-1B615F6208FA}.Debug|Mixed Platforms.Build.0 = Debug|Any CPU
		{CAB0BE2A-D8B8-4643-A0CE-1B615F6208FA}.Debug|Win32.ActiveCfg = Debug|Any CPU
		{CAB0BE2A-D8B8-4643-A0CE-1B615F6208FA}.Debug|x64.ActiveCfg = Debug|Any CPU
		{CAB0BE2A-D8B8-4643-A0CE-1B615F6208FA}.Debug|x86.ActiveCfg = Debug|Any CPU
		{CAB0BE2A-D8B8-4643-A0CE-1B615F6208FA}.Release Linux|Any CPU.ActiveCfg = Release|Any CPU
		{CAB0BE2A-D8B8-4643-A0CE-1B615F6208FA}.Release Linux|Any CPU.Build.0 = Release|Any CPU
		{CAB0BE2A-D8B8-4643-A0CE-1B615F6208FA}.Release Linux|Mixed Platforms.ActiveCfg = Release|Any CPU
		{CAB0BE2A-D8B8-4643-A0CE-1B615F6208FA}.Release Linux|Mixed Platforms.Build.0 = Release|Any CPU
		{CAB0BE2A-D8B8-4643-A0CE-1B615F6208FA}.Release Linux|Win32.ActiveCfg = Release|Any CPU
		{CAB0BE2A-D8B8-4643-A0CE-1B615F6208FA}.Release Linux|x64.ActiveCfg = Release|Any CPU
		{CAB0BE2A-D8B8-4643-A0CE-1B615F6208FA}.Release Linux|x86.ActiveCfg = Release|Any CPU
		{CAB0BE2A-D8B8-4643-A0CE-1B615F6208FA}.Release|Any CPU.ActiveCfg = Release|Any CPU
		{CAB0BE2A-D8B8-4643-A0CE-1B615F6208FA}.Release|Any CPU.Build.0 = Release|Any CPU
		{CAB0BE2A-D8B8-4643-A0CE-1B615F6208FA}.Release|Mixed Platforms.ActiveCfg = Release|Any CPU
		{CAB0BE2A-D8B8-4643-A0CE-1B615F6208FA}.Release|Mixed Platforms.Build.0 = Release|Any CPU
		{CAB0BE2A-D8B8-4643-A0CE-1B615F6208FA}.Release|Win32.ActiveCfg = Release|Any CPU
		{CAB0BE2A-D8B8-4643-A0CE-1B615F6208FA}.Release|x64.ActiveCfg = Release|Any CPU
		{CAB0BE2A-D8B8-4643-A0CE-1B615F6208FA}.Release|x86.ActiveCfg = Release|Any CPU
		{F42D1B92-5722-41F4-B8F1-98185CD09D87}.Debug Linux|Any CPU.ActiveCfg = Debug|Any CPU
		{F42D1B92-5722-41F4-B8F1-98185CD09D87}.Debug Linux|Any CPU.Build.0 = Debug|Any CPU
		{F42D1B92-5722-41F4-B8F1-98185CD09D87}.Debug Linux|Mixed Platforms.ActiveCfg = Debug|Any CPU
		{F42D1B92-5722-41F4-B8F1-98185CD09D87}.Debug Linux|Mixed Platforms.Build.0 = Debug|Any CPU
		{F42D1B92-5722-41F4-B8F1-98185CD09D87}.Debug Linux|Win32.ActiveCfg = Debug|Any CPU
		{F42D1B92-5722-41F4-B8F1-98185CD09D87}.Debug Linux|x64.ActiveCfg = Debug|Any CPU
		{F42D1B92-5722-41F4-B8F1-98185CD09D87}.Debug Linux|x86.ActiveCfg = Debug|Any CPU
		{F42D1B92-5722-41F4-B8F1-98185CD09D87}.Debug|Any CPU.ActiveCfg = Debug|Any CPU
		{F42D1B92-5722-41F4-B8F1-98185CD09D87}.Debug|Any CPU.Build.0 = Debug|Any CPU
		{F42D1B92-5722-41F4-B8F1-98185CD09D87}.Debug|Mixed Platforms.ActiveCfg = Debug|Any CPU
		{F42D1B92-5722-41F4-B8F1-98185CD09D87}.Debug|Mixed Platforms.Build.0 = Debug|Any CPU
		{F42D1B92-5722-41F4-B8F1-98185CD09D87}.Debug|Win32.ActiveCfg = Debug|Any CPU
		{F42D1B92-5722-41F4-B8F1-98185CD09D87}.Debug|x64.ActiveCfg = Debug|Any CPU
		{F42D1B92-5722-41F4-B8F1-98185CD09D87}.Debug|x86.ActiveCfg = Debug|Any CPU
		{F42D1B92-5722-41F4-B8F1-98185CD09D87}.Release Linux|Any CPU.ActiveCfg = Release|Any CPU
		{F42D1B92-5722-41F4-B8F1-98185CD09D87}.Release Linux|Any CPU.Build.0 = Release|Any CPU
		{F42D1B92-5722-41F4-B8F1-98185CD09D87}.Release Linux|Mixed Platforms.ActiveCfg = Release|Any CPU
		{F42D1B92-5722-41F4-B8F1-98185CD09D87}.Release Linux|Mixed Platforms.Build.0 = Release|Any CPU
		{F42D1B92-5722-41F4-B8F1-98185CD09D87}.Release Linux|Win32.ActiveCfg = Release|Any CPU
		{F42D1B92-5722-41F4-B8F1-98185CD09D87}.Release Linux|x64.ActiveCfg = Release|Any CPU
		{F42D1B92-5722-41F4-B8F1-98185CD09D87}.Release Linux|x86.ActiveCfg = Release|Any CPU
		{F42D1B92-5722-41F4-B8F1-98185CD09D87}.Release|Any CPU.ActiveCfg = Release|Any CPU
		{F42D1B92-5722-41F4-B8F1-98185CD09D87}.Release|Any CPU.Build.0 = Release|Any CPU
		{F42D1B92-5722-41F4-B8F1-98185CD09D87}.Release|Mixed Platforms.ActiveCfg = Release|Any CPU
		{F42D1B92-5722-41F4-B8F1-98185CD09D87}.Release|Mixed Platforms.Build.0 = Release|Any CPU
		{F42D1B92-5722-41F4-B8F1-98185CD09D87}.Release|Win32.ActiveCfg = Release|Any CPU
		{F42D1B92-5722-41F4-B8F1-98185CD09D87}.Release|x64.ActiveCfg = Release|Any CPU
		{F42D1B92-5722-41F4-B8F1-98185CD09D87}.Release|x86.ActiveCfg = Release|Any CPU
		{B1D43BE6-AF83-41E5-990E-3E163CE42C79}.Debug Linux|Any CPU.ActiveCfg = Debug|Any CPU
		{B1D43BE6-AF83-41E5-990E-3E163CE42C79}.Debug Linux|Any CPU.Build.0 = Debug|Any CPU
		{B1D43BE6-AF83-41E5-990E-3E163CE42C79}.Debug Linux|Mixed Platforms.ActiveCfg = Debug|Any CPU
		{B1D43BE6-AF83-41E5-990E-3E163CE42C79}.Debug Linux|Mixed Platforms.Build.0 = Debug|Any CPU
		{B1D43BE6-AF83-41E5-990E-3E163CE42C79}.Debug Linux|Win32.ActiveCfg = Debug|Any CPU
		{B1D43BE6-AF83-41E5-990E-3E163CE42C79}.Debug Linux|x64.ActiveCfg = Debug|Any CPU
		{B1D43BE6-AF83-41E5-990E-3E163CE42C79}.Debug Linux|x86.ActiveCfg = Debug|Any CPU
		{B1D43BE6-AF83-41E5-990E-3E163CE42C79}.Debug|Any CPU.ActiveCfg = Debug|Any CPU
		{B1D43BE6-AF83-41E5-990E-3E163CE42C79}.Debug|Any CPU.Build.0 = Debug|Any CPU
		{B1D43BE6-AF83-41E5-990E-3E163CE42C79}.Debug|Mixed Platforms.ActiveCfg = Debug|Any CPU
		{B1D43BE6-AF83-41E5-990E-3E163CE42C79}.Debug|Mixed Platforms.Build.0 = Debug|Any CPU
		{B1D43BE6-AF83-41E5-990E-3E163CE42C79}.Debug|Win32.ActiveCfg = Debug|Any CPU
		{B1D43BE6-AF83-41E5-990E-3E163CE42C79}.Debug|x64.ActiveCfg = Debug|Any CPU
		{B1D43BE6-AF83-41E5-990E-3E163CE42C79}.Debug|x86.ActiveCfg = Debug|Any CPU
		{B1D43BE6-AF83-41E5-990E-3E163CE42C79}.Release Linux|Any CPU.ActiveCfg = Release|Any CPU
		{B1D43BE6-AF83-41E5-990E-3E163CE42C79}.Release Linux|Any CPU.Build.0 = Release|Any CPU
		{B1D43BE6-AF83-41E5-990E-3E163CE42C79}.Release Linux|Mixed Platforms.ActiveCfg = Release|Any CPU
		{B1D43BE6-AF83-41E5-990E-3E163CE42C79}.Release Linux|Mixed Platforms.Build.0 = Release|Any CPU
		{B1D43BE6-AF83-41E5-990E-3E163CE42C79}.Release Linux|Win32.ActiveCfg = Release|Any CPU
		{B1D43BE6-AF83-41E5-990E-3E163CE42C79}.Release Linux|x64.ActiveCfg = Release|Any CPU
		{B1D43BE6-AF83-41E5-990E-3E163CE42C79}.Release Linux|x86.ActiveCfg = Release|Any CPU
		{B1D43BE6-AF83-41E5-990E-3E163CE42C79}.Release|Any CPU.ActiveCfg = Release|Any CPU
		{B1D43BE6-AF83-41E5-990E-3E163CE42C79}.Release|Any CPU.Build.0 = Release|Any CPU
		{B1D43BE6-AF83-41E5-990E-3E163CE42C79}.Release|Mixed Platforms.ActiveCfg = Release|Any CPU
		{B1D43BE6-AF83-41E5-990E-3E163CE42C79}.Release|Mixed Platforms.Build.0 = Release|Any CPU
		{B1D43BE6-AF83-41E5-990E-3E163CE42C79}.Release|Win32.ActiveCfg = Release|Any CPU
		{B1D43BE6-AF83-41E5-990E-3E163CE42C79}.Release|x64.ActiveCfg = Release|Any CPU
		{B1D43BE6-AF83-41E5-990E-3E163CE42C79}.Release|x86.ActiveCfg = Release|Any CPU
		{5F6B97F8-7EA6-4B5D-9A5D-F5581505C303}.Debug Linux|Any CPU.ActiveCfg = Debug Linux|Any CPU
		{5F6B97F8-7EA6-4B5D-9A5D-F5581505C303}.Debug Linux|Any CPU.Build.0 = Debug Linux|Any CPU
		{5F6B97F8-7EA6-4B5D-9A5D-F5581505C303}.Debug Linux|Mixed Platforms.ActiveCfg = Debug Linux|Any CPU
		{5F6B97F8-7EA6-4B5D-9A5D-F5581505C303}.Debug Linux|Mixed Platforms.Build.0 = Debug Linux|Any CPU
		{5F6B97F8-7EA6-4B5D-9A5D-F5581505C303}.Debug Linux|Win32.ActiveCfg = Debug Linux|Any CPU
		{5F6B97F8-7EA6-4B5D-9A5D-F5581505C303}.Debug Linux|x64.ActiveCfg = Debug Linux|Any CPU
		{5F6B97F8-7EA6-4B5D-9A5D-F5581505C303}.Debug Linux|x86.ActiveCfg = Debug Linux|Any CPU
		{5F6B97F8-7EA6-4B5D-9A5D-F5581505C303}.Debug|Any CPU.ActiveCfg = Debug|Any CPU
		{5F6B97F8-7EA6-4B5D-9A5D-F5581505C303}.Debug|Any CPU.Build.0 = Debug|Any CPU
		{5F6B97F8-7EA6-4B5D-9A5D-F5581505C303}.Debug|Mixed Platforms.ActiveCfg = Debug|Any CPU
		{5F6B97F8-7EA6-4B5D-9A5D-F5581505C303}.Debug|Mixed Platforms.Build.0 = Debug|Any CPU
		{5F6B97F8-7EA6-4B5D-9A5D-F5581505C303}.Debug|Win32.ActiveCfg = Debug|Any CPU
		{5F6B97F8-7EA6-4B5D-9A5D-F5581505C303}.Debug|x64.ActiveCfg = Debug|Any CPU
		{5F6B97F8-7EA6-4B5D-9A5D-F5581505C303}.Debug|x86.ActiveCfg = Debug|Any CPU
		{5F6B97F8-7EA6-4B5D-9A5D-F5581505C303}.Release Linux|Any CPU.ActiveCfg = Release Linux|Any CPU
		{5F6B97F8-7EA6-4B5D-9A5D-F5581505C303}.Release Linux|Any CPU.Build.0 = Release Linux|Any CPU
		{5F6B97F8-7EA6-4B5D-9A5D-F5581505C303}.Release Linux|Mixed Platforms.ActiveCfg = Release Linux|Any CPU
		{5F6B97F8-7EA6-4B5D-9A5D-F5581505C303}.Release Linux|Mixed Platforms.Build.0 = Release Linux|Any CPU
		{5F6B97F8-7EA6-4B5D-9A5D-F5581505C303}.Release Linux|Win32.ActiveCfg = Release Linux|Any CPU
		{5F6B97F8-7EA6-4B5D-9A5D-F5581505C303}.Release Linux|x64.ActiveCfg = Release Linux|Any CPU
		{5F6B97F8-7EA6-4B5D-9A5D-F5581505C303}.Release Linux|x86.ActiveCfg = Release Linux|Any CPU
		{5F6B97F8-7EA6-4B5D-9A5D-F5581505C303}.Release|Any CPU.ActiveCfg = Release|Any CPU
		{5F6B97F8-7EA6-4B5D-9A5D-F5581505C303}.Release|Any CPU.Build.0 = Release|Any CPU
		{5F6B97F8-7EA6-4B5D-9A5D-F5581505C303}.Release|Mixed Platforms.ActiveCfg = Release|Any CPU
		{5F6B97F8-7EA6-4B5D-9A5D-F5581505C303}.Release|Mixed Platforms.Build.0 = Release|Any CPU
		{5F6B97F8-7EA6-4B5D-9A5D-F5581505C303}.Release|Win32.ActiveCfg = Release|Any CPU
		{5F6B97F8-7EA6-4B5D-9A5D-F5581505C303}.Release|x64.ActiveCfg = Release|Any CPU
		{5F6B97F8-7EA6-4B5D-9A5D-F5581505C303}.Release|x86.ActiveCfg = Release|Any CPU
		{94C0C68E-E46F-4228-9DFF-148F9498BC0E}.Debug Linux|Any CPU.ActiveCfg = Debug|Any CPU
		{94C0C68E-E46F-4228-9DFF-148F9498BC0E}.Debug Linux|Any CPU.Build.0 = Debug|Any CPU
		{94C0C68E-E46F-4228-9DFF-148F9498BC0E}.Debug Linux|Mixed Platforms.ActiveCfg = Debug|Any CPU
		{94C0C68E-E46F-4228-9DFF-148F9498BC0E}.Debug Linux|Mixed Platforms.Build.0 = Debug|Any CPU
		{94C0C68E-E46F-4228-9DFF-148F9498BC0E}.Debug Linux|Win32.ActiveCfg = Debug|Any CPU
		{94C0C68E-E46F-4228-9DFF-148F9498BC0E}.Debug Linux|x64.ActiveCfg = Debug|Any CPU
		{94C0C68E-E46F-4228-9DFF-148F9498BC0E}.Debug Linux|x86.ActiveCfg = Debug|Any CPU
		{94C0C68E-E46F-4228-9DFF-148F9498BC0E}.Debug|Any CPU.ActiveCfg = Debug|Any CPU
		{94C0C68E-E46F-4228-9DFF-148F9498BC0E}.Debug|Any CPU.Build.0 = Debug|Any CPU
		{94C0C68E-E46F-4228-9DFF-148F9498BC0E}.Debug|Mixed Platforms.ActiveCfg = Debug|Any CPU
		{94C0C68E-E46F-4228-9DFF-148F9498BC0E}.Debug|Mixed Platforms.Build.0 = Debug|Any CPU
		{94C0C68E-E46F-4228-9DFF-148F9498BC0E}.Debug|Win32.ActiveCfg = Debug|Any CPU
		{94C0C68E-E46F-4228-9DFF-148F9498BC0E}.Debug|x64.ActiveCfg = Debug|Any CPU
		{94C0C68E-E46F-4228-9DFF-148F9498BC0E}.Debug|x86.ActiveCfg = Debug|Any CPU
		{94C0C68E-E46F-4228-9DFF-148F9498BC0E}.Release Linux|Any CPU.ActiveCfg = Release|Any CPU
		{94C0C68E-E46F-4228-9DFF-148F9498BC0E}.Release Linux|Any CPU.Build.0 = Release|Any CPU
		{94C0C68E-E46F-4228-9DFF-148F9498BC0E}.Release Linux|Mixed Platforms.ActiveCfg = Release|Any CPU
		{94C0C68E-E46F-4228-9DFF-148F9498BC0E}.Release Linux|Mixed Platforms.Build.0 = Release|Any CPU
		{94C0C68E-E46F-4228-9DFF-148F9498BC0E}.Release Linux|Win32.ActiveCfg = Release|Any CPU
		{94C0C68E-E46F-4228-9DFF-148F9498BC0E}.Release Linux|x64.ActiveCfg = Release|Any CPU
		{94C0C68E-E46F-4228-9DFF-148F9498BC0E}.Release Linux|x86.ActiveCfg = Release|Any CPU
		{94C0C68E-E46F-4228-9DFF-148F9498BC0E}.Release|Any CPU.ActiveCfg = Release|Any CPU
		{94C0C68E-E46F-4228-9DFF-148F9498BC0E}.Release|Any CPU.Build.0 = Release|Any CPU
		{94C0C68E-E46F-4228-9DFF-148F9498BC0E}.Release|Mixed Platforms.ActiveCfg = Release|Any CPU
		{94C0C68E-E46F-4228-9DFF-148F9498BC0E}.Release|Mixed Platforms.Build.0 = Release|Any CPU
		{94C0C68E-E46F-4228-9DFF-148F9498BC0E}.Release|Win32.ActiveCfg = Release|Any CPU
		{94C0C68E-E46F-4228-9DFF-148F9498BC0E}.Release|x64.ActiveCfg = Release|Any CPU
		{94C0C68E-E46F-4228-9DFF-148F9498BC0E}.Release|x86.ActiveCfg = Release|Any CPU
		{BDCC078C-8D14-47DC-850D-9D5731503AEC}.Debug Linux|Any CPU.ActiveCfg = Debug|Any CPU
		{BDCC078C-8D14-47DC-850D-9D5731503AEC}.Debug Linux|Any CPU.Build.0 = Debug|Any CPU
		{BDCC078C-8D14-47DC-850D-9D5731503AEC}.Debug Linux|Mixed Platforms.ActiveCfg = Debug|Any CPU
		{BDCC078C-8D14-47DC-850D-9D5731503AEC}.Debug Linux|Mixed Platforms.Build.0 = Debug|Any CPU
		{BDCC078C-8D14-47DC-850D-9D5731503AEC}.Debug Linux|Win32.ActiveCfg = Debug|Any CPU
		{BDCC078C-8D14-47DC-850D-9D5731503AEC}.Debug Linux|x64.ActiveCfg = Debug|Any CPU
		{BDCC078C-8D14-47DC-850D-9D5731503AEC}.Debug Linux|x86.ActiveCfg = Debug|Any CPU
		{BDCC078C-8D14-47DC-850D-9D5731503AEC}.Debug|Any CPU.ActiveCfg = Debug|Any CPU
		{BDCC078C-8D14-47DC-850D-9D5731503AEC}.Debug|Any CPU.Build.0 = Debug|Any CPU
		{BDCC078C-8D14-47DC-850D-9D5731503AEC}.Debug|Mixed Platforms.ActiveCfg = Debug|Any CPU
		{BDCC078C-8D14-47DC-850D-9D5731503AEC}.Debug|Mixed Platforms.Build.0 = Debug|Any CPU
		{BDCC078C-8D14-47DC-850D-9D5731503AEC}.Debug|Win32.ActiveCfg = Debug|Any CPU
		{BDCC078C-8D14-47DC-850D-9D5731503AEC}.Debug|x64.ActiveCfg = Debug|Any CPU
		{BDCC078C-8D14-47DC-850D-9D5731503AEC}.Debug|x86.ActiveCfg = Debug|Any CPU
		{BDCC078C-8D14-47DC-850D-9D5731503AEC}.Release Linux|Any CPU.ActiveCfg = Release|Any CPU
		{BDCC078C-8D14-47DC-850D-9D5731503AEC}.Release Linux|Any CPU.Build.0 = Release|Any CPU
		{BDCC078C-8D14-47DC-850D-9D5731503AEC}.Release Linux|Mixed Platforms.ActiveCfg = Release|Any CPU
		{BDCC078C-8D14-47DC-850D-9D5731503AEC}.Release Linux|Mixed Platforms.Build.0 = Release|Any CPU
		{BDCC078C-8D14-47DC-850D-9D5731503AEC}.Release Linux|Win32.ActiveCfg = Release|Any CPU
		{BDCC078C-8D14-47DC-850D-9D5731503AEC}.Release Linux|x64.ActiveCfg = Release|Any CPU
		{BDCC078C-8D14-47DC-850D-9D5731503AEC}.Release Linux|x86.ActiveCfg = Release|Any CPU
		{BDCC078C-8D14-47DC-850D-9D5731503AEC}.Release|Any CPU.ActiveCfg = Release|Any CPU
		{BDCC078C-8D14-47DC-850D-9D5731503AEC}.Release|Any CPU.Build.0 = Release|Any CPU
		{BDCC078C-8D14-47DC-850D-9D5731503AEC}.Release|Mixed Platforms.ActiveCfg = Release|Any CPU
		{BDCC078C-8D14-47DC-850D-9D5731503AEC}.Release|Mixed Platforms.Build.0 = Release|Any CPU
		{BDCC078C-8D14-47DC-850D-9D5731503AEC}.Release|Win32.ActiveCfg = Release|Any CPU
		{BDCC078C-8D14-47DC-850D-9D5731503AEC}.Release|x64.ActiveCfg = Release|Any CPU
		{BDCC078C-8D14-47DC-850D-9D5731503AEC}.Release|x86.ActiveCfg = Release|Any CPU
		{E8A4DE5C-BE26-445F-BEBD-8C99C80857E1}.Debug Linux|Any CPU.ActiveCfg = Debug|Any CPU
		{E8A4DE5C-BE26-445F-BEBD-8C99C80857E1}.Debug Linux|Any CPU.Build.0 = Debug|Any CPU
		{E8A4DE5C-BE26-445F-BEBD-8C99C80857E1}.Debug Linux|Mixed Platforms.ActiveCfg = Debug|Any CPU
		{E8A4DE5C-BE26-445F-BEBD-8C99C80857E1}.Debug Linux|Mixed Platforms.Build.0 = Debug|Any CPU
		{E8A4DE5C-BE26-445F-BEBD-8C99C80857E1}.Debug Linux|Win32.ActiveCfg = Debug|Any CPU
		{E8A4DE5C-BE26-445F-BEBD-8C99C80857E1}.Debug Linux|x64.ActiveCfg = Debug|Any CPU
		{E8A4DE5C-BE26-445F-BEBD-8C99C80857E1}.Debug Linux|x86.ActiveCfg = Debug|Any CPU
		{E8A4DE5C-BE26-445F-BEBD-8C99C80857E1}.Debug|Any CPU.ActiveCfg = Debug|Any CPU
		{E8A4DE5C-BE26-445F-BEBD-8C99C80857E1}.Debug|Any CPU.Build.0 = Debug|Any CPU
		{E8A4DE5C-BE26-445F-BEBD-8C99C80857E1}.Debug|Mixed Platforms.ActiveCfg = Debug|Any CPU
		{E8A4DE5C-BE26-445F-BEBD-8C99C80857E1}.Debug|Mixed Platforms.Build.0 = Debug|Any CPU
		{E8A4DE5C-BE26-445F-BEBD-8C99C80857E1}.Debug|Win32.ActiveCfg = Debug|Any CPU
		{E8A4DE5C-BE26-445F-BEBD-8C99C80857E1}.Debug|x64.ActiveCfg = Debug|Any CPU
		{E8A4DE5C-BE26-445F-BEBD-8C99C80857E1}.Debug|x86.ActiveCfg = Debug|Any CPU
		{E8A4DE5C-BE26-445F-BEBD-8C99C80857E1}.Release Linux|Any CPU.ActiveCfg = Release|Any CPU
		{E8A4DE5C-BE26-445F-BEBD-8C99C80857E1}.Release Linux|Any CPU.Build.0 = Release|Any CPU
		{E8A4DE5C-BE26-445F-BEBD-8C99C80857E1}.Release Linux|Mixed Platforms.ActiveCfg = Release|Any CPU
		{E8A4DE5C-BE26-445F-BEBD-8C99C80857E1}.Release Linux|Mixed Platforms.Build.0 = Release|Any CPU
		{E8A4DE5C-BE26-445F-BEBD-8C99C80857E1}.Release Linux|Win32.ActiveCfg = Release|Any CPU
		{E8A4DE5C-BE26-445F-BEBD-8C99C80857E1}.Release Linux|x64.ActiveCfg = Release|Any CPU
		{E8A4DE5C-BE26-445F-BEBD-8C99C80857E1}.Release Linux|x86.ActiveCfg = Release|Any CPU
		{E8A4DE5C-BE26-445F-BEBD-8C99C80857E1}.Release|Any CPU.ActiveCfg = Release|Any CPU
		{E8A4DE5C-BE26-445F-BEBD-8C99C80857E1}.Release|Any CPU.Build.0 = Release|Any CPU
		{E8A4DE5C-BE26-445F-BEBD-8C99C80857E1}.Release|Mixed Platforms.ActiveCfg = Release|Any CPU
		{E8A4DE5C-BE26-445F-BEBD-8C99C80857E1}.Release|Mixed Platforms.Build.0 = Release|Any CPU
		{E8A4DE5C-BE26-445F-BEBD-8C99C80857E1}.Release|Win32.ActiveCfg = Release|Any CPU
		{E8A4DE5C-BE26-445F-BEBD-8C99C80857E1}.Release|x64.ActiveCfg = Release|Any CPU
		{E8A4DE5C-BE26-445F-BEBD-8C99C80857E1}.Release|x86.ActiveCfg = Release|Any CPU
		{32330110-727C-41A1-9377-6BA41002983D}.Debug Linux|Any CPU.ActiveCfg = Debug|Win32
		{32330110-727C-41A1-9377-6BA41002983D}.Debug Linux|Mixed Platforms.ActiveCfg = Debug|Win32
		{32330110-727C-41A1-9377-6BA41002983D}.Debug Linux|Mixed Platforms.Build.0 = Debug|Win32
		{32330110-727C-41A1-9377-6BA41002983D}.Debug Linux|Win32.ActiveCfg = Debug|Win32
		{32330110-727C-41A1-9377-6BA41002983D}.Debug Linux|Win32.Build.0 = Debug|Win32
		{32330110-727C-41A1-9377-6BA41002983D}.Debug Linux|x64.ActiveCfg = Debug|Win32
		{32330110-727C-41A1-9377-6BA41002983D}.Debug Linux|x86.ActiveCfg = Debug|Win32
		{32330110-727C-41A1-9377-6BA41002983D}.Debug|Any CPU.ActiveCfg = Debug|Win32
		{32330110-727C-41A1-9377-6BA41002983D}.Debug|Mixed Platforms.ActiveCfg = Debug|Win32
		{32330110-727C-41A1-9377-6BA41002983D}.Debug|Mixed Platforms.Build.0 = Debug|Win32
		{32330110-727C-41A1-9377-6BA41002983D}.Debug|Win32.ActiveCfg = Debug|Win32
		{32330110-727C-41A1-9377-6BA41002983D}.Debug|Win32.Build.0 = Debug|Win32
		{32330110-727C-41A1-9377-6BA41002983D}.Debug|x64.ActiveCfg = Debug|Win32
		{32330110-727C-41A1-9377-6BA41002983D}.Debug|x86.ActiveCfg = Debug|Win32
		{32330110-727C-41A1-9377-6BA41002983D}.Release Linux|Any CPU.ActiveCfg = Release|Win32
		{32330110-727C-41A1-9377-6BA41002983D}.Release Linux|Mixed Platforms.ActiveCfg = Release|Win32
		{32330110-727C-41A1-9377-6BA41002983D}.Release Linux|Mixed Platforms.Build.0 = Release|Win32
		{32330110-727C-41A1-9377-6BA41002983D}.Release Linux|Win32.ActiveCfg = Release|Win32
		{32330110-727C-41A1-9377-6BA41002983D}.Release Linux|Win32.Build.0 = Release|Win32
		{32330110-727C-41A1-9377-6BA41002983D}.Release Linux|x64.ActiveCfg = Release|Win32
		{32330110-727C-41A1-9377-6BA41002983D}.Release Linux|x86.ActiveCfg = Release|Win32
		{32330110-727C-41A1-9377-6BA41002983D}.Release|Any CPU.ActiveCfg = Release|Win32
		{32330110-727C-41A1-9377-6BA41002983D}.Release|Mixed Platforms.ActiveCfg = Release|Win32
		{32330110-727C-41A1-9377-6BA41002983D}.Release|Mixed Platforms.Build.0 = Release|Win32
		{32330110-727C-41A1-9377-6BA41002983D}.Release|Win32.ActiveCfg = Release|Win32
		{32330110-727C-41A1-9377-6BA41002983D}.Release|Win32.Build.0 = Release|Win32
		{32330110-727C-41A1-9377-6BA41002983D}.Release|x64.ActiveCfg = Release|Win32
		{32330110-727C-41A1-9377-6BA41002983D}.Release|x86.ActiveCfg = Release|Win32
	EndGlobalSection
	GlobalSection(SolutionProperties) = preSolution
		HideSolutionNode = FALSE
	EndGlobalSection
	GlobalSection(TextTemplating) = postSolution
		TextTemplating = 1
	EndGlobalSection
EndGlobal
