
Microsoft Visual Studio Solution File, Format Version 12.00
# Visual Studio 14
VisualStudioVersion = 14.0.25420.1
MinimumVisualStudioVersion = 10.0.40219.1
Project("{FAE04EC0-301F-11D3-BF4B-00C04F79EFBC}") = "Emgu.CV.Test.iOS", "..\..\Emgu.CV.Test\Emgu.CV.Test.iOS\Emgu.CV.Test.iOS.csproj", "{C0320210-E9AE-4C7C-83ED-EAE579BCADB5}"
EndProject
Project("{D954291E-2A0B-460D-934E-DC6B0785DB48}") = "Emgu.Util", "..\..\Emgu.Util\Emgu.Util.shproj", "{98561642-5EC3-4244-BAF9-6876D9BA5527}"
EndProject
Project("{D954291E-2A0B-460D-934E-DC6B0785DB48}") = "Emgu.CV", "..\..\Emgu.CV\Emgu.CV.shproj", "{12D024EE-D0A5-4BBC-B7C0-7B18CF1AB262}"
EndProject
Project("{D954291E-2A0B-460D-934E-DC6B0785DB48}") = "Emgu.CV.Contrib", "..\..\Emgu.CV.Contrib\Emgu.CV.Contrib.shproj", "{11E54A7E-778D-466C-A176-71E150976AC1}"
EndProject
Project("{D954291E-2A0B-460D-934E-DC6B0785DB48}") = "Emgu.CV.Cuda", "..\..\Emgu.CV.Cuda\Emgu.CV.Cuda.shproj", "{7B22BB32-C867-45A7-AC53-5BDA820DB91C}"
EndProject
Project("{D954291E-2A0B-460D-934E-DC6B0785DB48}") = "Emgu.CV.OCR", "..\..\Emgu.CV.OCR\Emgu.CV.OCR.shproj", "{7BC723CB-1678-415F-A65F-4027F8758A6F}"
EndProject
Project("{9A19103F-16F7-4668-BE54-9A1E7A4F7556}") = "Emgu.CV.Platform.NetStandard.IOS", "..\..\Emgu.CV.Platform\NetStandard_iOS\Emgu.CV.Platform.NetStandard.IOS.csproj", "{79214DCD-3F36-4C50-97F4-11AF21F60711}"
EndProject
Project("{FAE04EC0-301F-11D3-BF4B-00C04F79EFBC}") = "Emgu.CV.Platform.XamarinForms.IOS", "..\..\Emgu.CV.Platform\Xamarin\iOS\Emgu.CV.Platform.Xamarin.IOS.csproj", "{0EE2B36C-F7CD-49FA-A270-D7D988CFF6E5}"
EndProject
Project("{D954291E-2A0B-460D-934E-DC6B0785DB48}") = "Emgu.CV.Models.Shared", "..\..\Emgu.CV.Models\Emgu.CV.Models.Shared.shproj", "{0BFAD282-50C1-449C-B01C-62FD23BBDBE5}"
EndProject
Project("{9A19103F-16F7-4668-BE54-9A1E7A4F7556}") = "Emgu.CV.Models.IOS", "..\..\Emgu.CV.Models\Emgu.CV.Models.IOS\Emgu.CV.Models.IOS.csproj", "{6D718341-C245-45BD-B866-D35902FD0DB1}"
EndProject
Project("{9A19103F-16F7-4668-BE54-9A1E7A4F7556}") = "Emgu.CV.Platform.Maui.iOS", "..\..\Emgu.CV.Platform\Maui\iOS\Emgu.CV.Platform.Maui.iOS.csproj", "{D36F4240-B176-4F1A-BA83-303AFF323F6A}"
EndProject
Global
	GlobalSection(SharedMSBuildProjectFiles) = preSolution
		..\..\Emgu.CV.Contrib\Emgu.CV.Contrib.projitems*{0ee2b36c-f7cd-49fa-a270-d7d988cff6e5}*SharedItemsImports = 4
		..\..\Emgu.CV.OCR\Emgu.CV.OCR.projitems*{0ee2b36c-f7cd-49fa-a270-d7d988cff6e5}*SharedItemsImports = 4
		..\..\Emgu.CV\Emgu.CV.projitems*{0ee2b36c-f7cd-49fa-a270-d7d988cff6e5}*SharedItemsImports = 4
		..\..\Emgu.Util\Emgu.Util.projitems*{0ee2b36c-f7cd-49fa-a270-d7d988cff6e5}*SharedItemsImports = 4
		..\..\Emgu.CV.Contrib\Emgu.CV.Contrib.projitems*{11e54a7e-778d-466c-a176-71e150976ac1}*SharedItemsImports = 13
		..\..\Emgu.CV\Emgu.CV.projitems*{12d024ee-d0a5-4bbc-b7c0-7b18cf1ab262}*SharedItemsImports = 13
		..\..\Emgu.CV.Cuda\Emgu.CV.Cuda.projitems*{7b22bb32-c867-45a7-ac53-5bda820db91c}*SharedItemsImports = 13
		..\..\Emgu.CV.OCR\Emgu.CV.OCR.projitems*{7bc723cb-1678-415f-a65f-4027f8758a6f}*SharedItemsImports = 13
		..\..\Emgu.Util\Emgu.Util.projitems*{98561642-5ec3-4244-baf9-6876d9ba5527}*SharedItemsImports = 13
	EndGlobalSection
	GlobalSection(SolutionConfigurationPlatforms) = preSolution
		Debug|Any CPU = Debug|Any CPU
		Debug|iPhone = Debug|iPhone
		Debug|iPhoneSimulator = Debug|iPhoneSimulator
		Debug|Mixed Platforms = Debug|Mixed Platforms
		Release|Any CPU = Release|Any CPU
		Release|iPhone = Release|iPhone
		Release|iPhoneSimulator = Release|iPhoneSimulator
		Release|Mixed Platforms = Release|Mixed Platforms
	EndGlobalSection
	GlobalSection(ProjectConfigurationPlatforms) = postSolution
		{C0320210-E9AE-4C7C-83ED-EAE579BCADB5}.Debug|Any CPU.ActiveCfg = Debug|iPhoneSimulator
		{C0320210-E9AE-4C7C-83ED-EAE579BCADB5}.Debug|Any CPU.Build.0 = Debug|iPhoneSimulator
		{C0320210-E9AE-4C7C-83ED-EAE579BCADB5}.Debug|iPhone.ActiveCfg = Debug|iPhone
		{C0320210-E9AE-4C7C-83ED-EAE579BCADB5}.Debug|iPhone.Build.0 = Debug|iPhone
		{C0320210-E9AE-4C7C-83ED-EAE579BCADB5}.Debug|iPhoneSimulator.ActiveCfg = Debug|iPhoneSimulator
		{C0320210-E9AE-4C7C-83ED-EAE579BCADB5}.Debug|iPhoneSimulator.Build.0 = Debug|iPhoneSimulator
		{C0320210-E9AE-4C7C-83ED-EAE579BCADB5}.Debug|Mixed Platforms.ActiveCfg = Debug|iPhoneSimulator
		{C0320210-E9AE-4C7C-83ED-EAE579BCADB5}.Debug|Mixed Platforms.Build.0 = Debug|iPhoneSimulator
		{C0320210-E9AE-4C7C-83ED-EAE579BCADB5}.Debug|Mixed Platforms.Deploy.0 = Debug|iPhoneSimulator
		{C0320210-E9AE-4C7C-83ED-EAE579BCADB5}.Release|Any CPU.ActiveCfg = Release|iPhoneSimulator
		{C0320210-E9AE-4C7C-83ED-EAE579BCADB5}.Release|Any CPU.Build.0 = Release|iPhoneSimulator
		{C0320210-E9AE-4C7C-83ED-EAE579BCADB5}.Release|iPhone.ActiveCfg = Release|iPhone
		{C0320210-E9AE-4C7C-83ED-EAE579BCADB5}.Release|iPhone.Build.0 = Release|iPhone
		{C0320210-E9AE-4C7C-83ED-EAE579BCADB5}.Release|iPhoneSimulator.ActiveCfg = Release|iPhoneSimulator
		{C0320210-E9AE-4C7C-83ED-EAE579BCADB5}.Release|iPhoneSimulator.Build.0 = Release|iPhoneSimulator
		{C0320210-E9AE-4C7C-83ED-EAE579BCADB5}.Release|Mixed Platforms.ActiveCfg = Release|iPhoneSimulator
		{C0320210-E9AE-4C7C-83ED-EAE579BCADB5}.Release|Mixed Platforms.Build.0 = Release|iPhoneSimulator
		{C0320210-E9AE-4C7C-83ED-EAE579BCADB5}.Release|Mixed Platforms.Deploy.0 = Release|iPhoneSimulator
		{0EE2B36C-F7CD-49FA-A270-D7D988CFF6E5}.Debug|Any CPU.ActiveCfg = Debug|Any CPU
		{0EE2B36C-F7CD-49FA-A270-D7D988CFF6E5}.Debug|Any CPU.Build.0 = Debug|Any CPU
		{0EE2B36C-F7CD-49FA-A270-D7D988CFF6E5}.Debug|iPhone.ActiveCfg = Debug|Any CPU
		{0EE2B36C-F7CD-49FA-A270-D7D988CFF6E5}.Debug|iPhone.Build.0 = Debug|Any CPU
		{0EE2B36C-F7CD-49FA-A270-D7D988CFF6E5}.Debug|iPhoneSimulator.ActiveCfg = Debug|Any CPU
		{0EE2B36C-F7CD-49FA-A270-D7D988CFF6E5}.Debug|iPhoneSimulator.Build.0 = Debug|Any CPU
		{0EE2B36C-F7CD-49FA-A270-D7D988CFF6E5}.Debug|Mixed Platforms.ActiveCfg = Debug|Any CPU
		{0EE2B36C-F7CD-49FA-A270-D7D988CFF6E5}.Debug|Mixed Platforms.Build.0 = Debug|Any CPU
		{0EE2B36C-F7CD-49FA-A270-D7D988CFF6E5}.Release|Any CPU.ActiveCfg = Release|Any CPU
		{0EE2B36C-F7CD-49FA-A270-D7D988CFF6E5}.Release|Any CPU.Build.0 = Release|Any CPU
		{0EE2B36C-F7CD-49FA-A270-D7D988CFF6E5}.Release|iPhone.ActiveCfg = Release|Any CPU
		{0EE2B36C-F7CD-49FA-A270-D7D988CFF6E5}.Release|iPhone.Build.0 = Release|Any CPU
		{0EE2B36C-F7CD-49FA-A270-D7D988CFF6E5}.Release|iPhoneSimulator.ActiveCfg = Release|Any CPU
		{0EE2B36C-F7CD-49FA-A270-D7D988CFF6E5}.Release|iPhoneSimulator.Build.0 = Release|Any CPU
		{0EE2B36C-F7CD-49FA-A270-D7D988CFF6E5}.Release|Mixed Platforms.ActiveCfg = Release|Any CPU
		{0EE2B36C-F7CD-49FA-A270-D7D988CFF6E5}.Release|Mixed Platforms.Build.0 = Release|Any CPU
	EndGlobalSection
	GlobalSection(SolutionProperties) = preSolution
		HideSolutionNode = FALSE
	EndGlobalSection
EndGlobal
