Microsoft Visual Studio Solution File, Format Version 12.00
# Visual Studio Version 17
VisualStudioVersion = 17.3.32811.315
MinimumVisualStudioVersion = 10.0.40219.1
Project("{D954291E-2A0B-460D-934E-DC6B0785DB48}") = "Emgu.Util", "..\..\Emgu.Util\Emgu.Util.shproj", "{98561642-5EC3-4244-BAF9-6876D9BA5527}"
EndProject
Project("{D954291E-2A0B-460D-934E-DC6B0785DB48}") = "Emgu.CV", "..\..\Emgu.CV\Emgu.CV.shproj", "{12D024EE-D0A5-4BBC-B7C0-7B18CF1AB262}"
EndProject
Project("{D954291E-2A0B-460D-934E-DC6B0785DB48}") = "Emgu.CV.Cuda", "..\..\Emgu.CV.Cuda\Emgu.CV.Cuda.shproj", "{7B22BB32-C867-45A7-AC53-5BDA820DB91C}"
EndProject
Project("{D954291E-2A0B-460D-934E-DC6B0785DB48}") = "Emgu.CV.OCR", "..\..\Emgu.CV.OCR\Emgu.CV.OCR.shproj", "{7BC723CB-1678-415F-A65F-4027F8758A6F}"
EndProject
Project("{D954291E-2A0B-460D-934E-DC6B0785DB48}") = "Emgu.CV.Contrib", "..\..\Emgu.CV.Contrib\Emgu.CV.Contrib.shproj", "{11E54A7E-778D-466C-A176-71E150976AC1}"
EndProject
Project("{9A19103F-16F7-4668-BE54-9A1E7A4F7556}") = "Emgu.CV.Platform.NetStandard", "..\..\Emgu.CV.Platform\NetStandard\Emgu.CV.Platform.NetStandard.csproj", "{AFA9D3CF-62EB-47A8-BC3D-BC9006D495F9}"
EndProject
Project("{D954291E-2A0B-460D-934E-DC6B0785DB48}") = "Emgu.CV.Models.Shared", "..\..\Emgu.CV.Models\Emgu.CV.Models.Shared.shproj", "{0BFAD282-50C1-449C-B01C-62FD23BBDBE5}"
EndProject
Project("{9A19103F-16F7-4668-BE54-9A1E7A4F7556}") = "Emgu.CV.Models.NetStandard", "..\..\Emgu.CV.Models\Emgu.CV.Models.NetStandard\Emgu.CV.Models.NetStandard.csproj", "{A593599A-8B00-45F6-B161-5AB794DED450}"
EndProject
Project("{9A19103F-16F7-4668-BE54-9A1E7A4F7556}") = "Emgu.CV.Platform.Maui.Mac", "..\..\Emgu.CV.Platform\Maui\Mac\Emgu.CV.Platform.Maui.Mac.csproj", "{A322E4DF-2246-4265-ADD7-27132F293D1C}"
EndProject
Project("{9A19103F-16F7-4668-BE54-9A1E7A4F7556}") = "Emgu.CV.Platform.NetStandard.IOS", "..\..\Emgu.CV.Platform\NetStandard_iOS\Emgu.CV.Platform.NetStandard.IOS.csproj", "{1DFA400B-5ACB-4838-945B-9F6C36D8F4EF}"
EndProject
Global
	GlobalSection(SolutionConfigurationPlatforms) = preSolution
		Debug|Any CPU = Debug|Any CPU
		Debug|ARM = Debug|ARM
		Debug|iPhone = Debug|iPhone
		Debug|iPhoneSimulator = Debug|iPhoneSimulator
		Debug|x64 = Debug|x64
		Debug|x86 = Debug|x86
		Release|Any CPU = Release|Any CPU
		Release|ARM = Release|ARM
		Release|iPhone = Release|iPhone
		Release|iPhoneSimulator = Release|iPhoneSimulator
		Release|x64 = Release|x64
		Release|x86 = Release|x86
	EndGlobalSection
	GlobalSection(ProjectConfigurationPlatforms) = postSolution
		{AFA9D3CF-62EB-47A8-BC3D-BC9006D495F9}.Debug|Any CPU.ActiveCfg = Debug|Any CPU
		{AFA9D3CF-62EB-47A8-BC3D-BC9006D495F9}.Debug|Any CPU.Build.0 = Debug|Any CPU
		{AFA9D3CF-62EB-47A8-BC3D-BC9006D495F9}.Debug|ARM.ActiveCfg = Debug|ARM
		{AFA9D3CF-62EB-47A8-BC3D-BC9006D495F9}.Debug|ARM.Build.0 = Debug|ARM
		{AFA9D3CF-62EB-47A8-BC3D-BC9006D495F9}.Debug|iPhone.ActiveCfg = Debug|Any CPU
		{AFA9D3CF-62EB-47A8-BC3D-BC9006D495F9}.Debug|iPhone.Build.0 = Debug|Any CPU
		{AFA9D3CF-62EB-47A8-BC3D-BC9006D495F9}.Debug|iPhoneSimulator.ActiveCfg = Debug|Any CPU
		{AFA9D3CF-62EB-47A8-BC3D-BC9006D495F9}.Debug|iPhoneSimulator.Build.0 = Debug|Any CPU
		{AFA9D3CF-62EB-47A8-BC3D-BC9006D495F9}.Debug|x64.ActiveCfg = Debug|x64
		{AFA9D3CF-62EB-47A8-BC3D-BC9006D495F9}.Debug|x64.Build.0 = Debug|x64
		{AFA9D3CF-62EB-47A8-BC3D-BC9006D495F9}.Debug|x86.ActiveCfg = Debug|Any CPU
		{AFA9D3CF-62EB-47A8-BC3D-BC9006D495F9}.Debug|x86.Build.0 = Debug|Any CPU
		{AFA9D3CF-62EB-47A8-BC3D-BC9006D495F9}.Release|Any CPU.ActiveCfg = Release|Any CPU
		{AFA9D3CF-62EB-47A8-BC3D-BC9006D495F9}.Release|Any CPU.Build.0 = Release|Any CPU
		{AFA9D3CF-62EB-47A8-BC3D-BC9006D495F9}.Release|ARM.ActiveCfg = Release|ARM
		{AFA9D3CF-62EB-47A8-BC3D-BC9006D495F9}.Release|ARM.Build.0 = Release|ARM
		{AFA9D3CF-62EB-47A8-BC3D-BC9006D495F9}.Release|iPhone.ActiveCfg = Release|Any CPU
		{AFA9D3CF-62EB-47A8-BC3D-BC9006D495F9}.Release|iPhone.Build.0 = Release|Any CPU
		{AFA9D3CF-62EB-47A8-BC3D-BC9006D495F9}.Release|iPhoneSimulator.ActiveCfg = Release|Any CPU
		{AFA9D3CF-62EB-47A8-BC3D-BC9006D495F9}.Release|iPhoneSimulator.Build.0 = Release|Any CPU
		{AFA9D3CF-62EB-47A8-BC3D-BC9006D495F9}.Release|x64.ActiveCfg = Release|x64
		{AFA9D3CF-62EB-47A8-BC3D-BC9006D495F9}.Release|x64.Build.0 = Release|x64
		{AFA9D3CF-62EB-47A8-BC3D-BC9006D495F9}.Release|x86.ActiveCfg = Release|Any CPU
		{AFA9D3CF-62EB-47A8-BC3D-BC9006D495F9}.Release|x86.Build.0 = Release|Any CPU
		{A593599A-8B00-45F6-B161-5AB794DED450}.Debug|Any CPU.ActiveCfg = Debug|Any CPU
		{A593599A-8B00-45F6-B161-5AB794DED450}.Debug|Any CPU.Build.0 = Debug|Any CPU
		{A593599A-8B00-45F6-B161-5AB794DED450}.Debug|ARM.ActiveCfg = Debug|Any CPU
		{A593599A-8B00-45F6-B161-5AB794DED450}.Debug|ARM.Build.0 = Debug|Any CPU
		{A593599A-8B00-45F6-B161-5AB794DED450}.Debug|iPhone.ActiveCfg = Debug|Any CPU
		{A593599A-8B00-45F6-B161-5AB794DED450}.Debug|iPhone.Build.0 = Debug|Any CPU
		{A593599A-8B00-45F6-B161-5AB794DED450}.Debug|iPhoneSimulator.ActiveCfg = Debug|Any CPU
		{A593599A-8B00-45F6-B161-5AB794DED450}.Debug|iPhoneSimulator.Build.0 = Debug|Any CPU
		{A593599A-8B00-45F6-B161-5AB794DED450}.Debug|x64.ActiveCfg = Debug|x64
		{A593599A-8B00-45F6-B161-5AB794DED450}.Debug|x64.Build.0 = Debug|x64
		{A593599A-8B00-45F6-B161-5AB794DED450}.Debug|x86.ActiveCfg = Debug|Any CPU
		{A593599A-8B00-45F6-B161-5AB794DED450}.Debug|x86.Build.0 = Debug|Any CPU
		{A593599A-8B00-45F6-B161-5AB794DED450}.Release|Any CPU.ActiveCfg = Release|Any CPU
		{A593599A-8B00-45F6-B161-5AB794DED450}.Release|Any CPU.Build.0 = Release|Any CPU
		{A593599A-8B00-45F6-B161-5AB794DED450}.Release|ARM.ActiveCfg = Release|Any CPU
		{A593599A-8B00-45F6-B161-5AB794DED450}.Release|ARM.Build.0 = Release|Any CPU
		{A593599A-8B00-45F6-B161-5AB794DED450}.Release|iPhone.ActiveCfg = Release|Any CPU
		{A593599A-8B00-45F6-B161-5AB794DED450}.Release|iPhone.Build.0 = Release|Any CPU
		{A593599A-8B00-45F6-B161-5AB794DED450}.Release|iPhoneSimulator.ActiveCfg = Release|Any CPU
		{A593599A-8B00-45F6-B161-5AB794DED450}.Release|iPhoneSimulator.Build.0 = Release|Any CPU
		{A593599A-8B00-45F6-B161-5AB794DED450}.Release|x64.ActiveCfg = Release|x64
		{A593599A-8B00-45F6-B161-5AB794DED450}.Release|x64.Build.0 = Release|x64
		{A593599A-8B00-45F6-B161-5AB794DED450}.Release|x86.ActiveCfg = Release|Any CPU
		{A593599A-8B00-45F6-B161-5AB794DED450}.Release|x86.Build.0 = Release|Any CPU
		{A322E4DF-2246-4265-ADD7-27132F293D1C}.Debug|Any CPU.ActiveCfg = Debug|Any CPU
		{A322E4DF-2246-4265-ADD7-27132F293D1C}.Debug|Any CPU.Build.0 = Debug|Any CPU
		{A322E4DF-2246-4265-ADD7-27132F293D1C}.Debug|ARM.ActiveCfg = Debug|Any CPU
		{A322E4DF-2246-4265-ADD7-27132F293D1C}.Debug|ARM.Build.0 = Debug|Any CPU
		{A322E4DF-2246-4265-ADD7-27132F293D1C}.Debug|iPhone.ActiveCfg = Debug|Any CPU
		{A322E4DF-2246-4265-ADD7-27132F293D1C}.Debug|iPhone.Build.0 = Debug|Any CPU
		{A322E4DF-2246-4265-ADD7-27132F293D1C}.Debug|iPhoneSimulator.ActiveCfg = Debug|Any CPU
		{A322E4DF-2246-4265-ADD7-27132F293D1C}.Debug|iPhoneSimulator.Build.0 = Debug|Any CPU
		{A322E4DF-2246-4265-ADD7-27132F293D1C}.Debug|x64.ActiveCfg = Debug|Any CPU
		{A322E4DF-2246-4265-ADD7-27132F293D1C}.Debug|x64.Build.0 = Debug|Any CPU
		{A322E4DF-2246-4265-ADD7-27132F293D1C}.Debug|x86.ActiveCfg = Debug|Any CPU
		{A322E4DF-2246-4265-ADD7-27132F293D1C}.Debug|x86.Build.0 = Debug|Any CPU
		{A322E4DF-2246-4265-ADD7-27132F293D1C}.Release|Any CPU.ActiveCfg = Release|Any CPU
		{A322E4DF-2246-4265-ADD7-27132F293D1C}.Release|Any CPU.Build.0 = Release|Any CPU
		{A322E4DF-2246-4265-ADD7-27132F293D1C}.Release|ARM.ActiveCfg = Release|Any CPU
		{A322E4DF-2246-4265-ADD7-27132F293D1C}.Release|ARM.Build.0 = Release|Any CPU
		{A322E4DF-2246-4265-ADD7-27132F293D1C}.Release|iPhone.ActiveCfg = Release|Any CPU
		{A322E4DF-2246-4265-ADD7-27132F293D1C}.Release|iPhone.Build.0 = Release|Any CPU
		{A322E4DF-2246-4265-ADD7-27132F293D1C}.Release|iPhoneSimulator.ActiveCfg = Release|Any CPU
		{A322E4DF-2246-4265-ADD7-27132F293D1C}.Release|iPhoneSimulator.Build.0 = Release|Any CPU
		{A322E4DF-2246-4265-ADD7-27132F293D1C}.Release|x64.ActiveCfg = Release|Any CPU
		{A322E4DF-2246-4265-ADD7-27132F293D1C}.Release|x64.Build.0 = Release|Any CPU
		{A322E4DF-2246-4265-ADD7-27132F293D1C}.Release|x86.ActiveCfg = Release|Any CPU
		{A322E4DF-2246-4265-ADD7-27132F293D1C}.Release|x86.Build.0 = Release|Any CPU
		{1DFA400B-5ACB-4838-945B-9F6C36D8F4EF}.Debug|Any CPU.ActiveCfg = Debug|Any CPU
		{1DFA400B-5ACB-4838-945B-9F6C36D8F4EF}.Debug|Any CPU.Build.0 = Debug|Any CPU
		{1DFA400B-5ACB-4838-945B-9F6C36D8F4EF}.Debug|ARM.ActiveCfg = Debug|Any CPU
		{1DFA400B-5ACB-4838-945B-9F6C36D8F4EF}.Debug|ARM.Build.0 = Debug|Any CPU
		{1DFA400B-5ACB-4838-945B-9F6C36D8F4EF}.Debug|iPhone.ActiveCfg = Debug|Any CPU
		{1DFA400B-5ACB-4838-945B-9F6C36D8F4EF}.Debug|iPhone.Build.0 = Debug|Any CPU
		{1DFA400B-5ACB-4838-945B-9F6C36D8F4EF}.Debug|iPhoneSimulator.ActiveCfg = Debug|Any CPU
		{1DFA400B-5ACB-4838-945B-9F6C36D8F4EF}.Debug|iPhoneSimulator.Build.0 = Debug|Any CPU
		{1DFA400B-5ACB-4838-945B-9F6C36D8F4EF}.Debug|x64.ActiveCfg = Debug|Any CPU
		{1DFA400B-5ACB-4838-945B-9F6C36D8F4EF}.Debug|x64.Build.0 = Debug|Any CPU
		{1DFA400B-5ACB-4838-945B-9F6C36D8F4EF}.Debug|x86.ActiveCfg = Debug|Any CPU
		{1DFA400B-5ACB-4838-945B-9F6C36D8F4EF}.Debug|x86.Build.0 = Debug|Any CPU
		{1DFA400B-5ACB-4838-945B-9F6C36D8F4EF}.Release|Any CPU.ActiveCfg = Release|Any CPU
		{1DFA400B-5ACB-4838-945B-9F6C36D8F4EF}.Release|Any CPU.Build.0 = Release|Any CPU
		{1DFA400B-5ACB-4838-945B-9F6C36D8F4EF}.Release|ARM.ActiveCfg = Release|Any CPU
		{1DFA400B-5ACB-4838-945B-9F6C36D8F4EF}.Release|ARM.Build.0 = Release|Any CPU
		{1DFA400B-5ACB-4838-945B-9F6C36D8F4EF}.Release|iPhone.ActiveCfg = Release|Any CPU
		{1DFA400B-5ACB-4838-945B-9F6C36D8F4EF}.Release|iPhone.Build.0 = Release|Any CPU
		{1DFA400B-5ACB-4838-945B-9F6C36D8F4EF}.Release|iPhoneSimulator.ActiveCfg = Release|Any CPU
		{1DFA400B-5ACB-4838-945B-9F6C36D8F4EF}.Release|iPhoneSimulator.Build.0 = Release|Any CPU
		{1DFA400B-5ACB-4838-945B-9F6C36D8F4EF}.Release|x64.ActiveCfg = Release|Any CPU
		{1DFA400B-5ACB-4838-945B-9F6C36D8F4EF}.Release|x64.Build.0 = Release|Any CPU
		{1DFA400B-5ACB-4838-945B-9F6C36D8F4EF}.Release|x86.ActiveCfg = Release|Any CPU
		{1DFA400B-5ACB-4838-945B-9F6C36D8F4EF}.Release|x86.Build.0 = Release|Any CPU
	EndGlobalSection
	GlobalSection(SolutionProperties) = preSolution
		HideSolutionNode = FALSE
	EndGlobalSection
	GlobalSection(ExtensibilityGlobals) = postSolution
		SolutionGuid = {05CE8F6C-528C-4C7A-B4CF-1D25933223F4}
	EndGlobalSection
	GlobalSection(SharedMSBuildProjectFiles) = preSolution
		..\..\Emgu.CV.Models\Emgu.CV.Models.Shared.projitems*{0bfad282-50c1-449c-b01c-62fd23bbdbe5}*SharedItemsImports = 13
		..\..\Emgu.CV.Contrib\Emgu.CV.Contrib.projitems*{11e54a7e-778d-466c-a176-71e150976ac1}*SharedItemsImports = 13
		..\..\Emgu.CV\Emgu.CV.projitems*{12d024ee-d0a5-4bbc-b7c0-7b18cf1ab262}*SharedItemsImports = 13
		..\..\Emgu.CV.Contrib\Emgu.CV.Contrib.projitems*{1dfa400b-5acb-4838-945b-9f6c36d8f4ef}*SharedItemsImports = 5
		..\..\Emgu.CV.Cuda\Emgu.CV.Cuda.projitems*{1dfa400b-5acb-4838-945b-9f6c36d8f4ef}*SharedItemsImports = 5
		..\..\Emgu.CV.OCR\Emgu.CV.OCR.projitems*{1dfa400b-5acb-4838-945b-9f6c36d8f4ef}*SharedItemsImports = 5
		..\..\Emgu.CV\Emgu.CV.projitems*{1dfa400b-5acb-4838-945b-9f6c36d8f4ef}*SharedItemsImports = 5
		..\..\Emgu.Util\Emgu.Util.projitems*{1dfa400b-5acb-4838-945b-9f6c36d8f4ef}*SharedItemsImports = 5
		..\..\Emgu.CV.Cuda\Emgu.CV.Cuda.projitems*{7b22bb32-c867-45a7-ac53-5bda820db91c}*SharedItemsImports = 13
		..\..\Emgu.CV.OCR\Emgu.CV.OCR.projitems*{7bc723cb-1678-415f-a65f-4027f8758a6f}*SharedItemsImports = 13
		..\..\Emgu.Util\Emgu.Util.projitems*{98561642-5ec3-4244-baf9-6876d9ba5527}*SharedItemsImports = 13
		..\..\Emgu.CV.Models\Emgu.CV.Models.Shared.projitems*{a593599a-8b00-45f6-b161-5ab794ded450}*SharedItemsImports = 5
		..\..\Emgu.CV.Contrib\Emgu.CV.Contrib.projitems*{afa9d3cf-62eb-47a8-bc3d-bc9006d495f9}*SharedItemsImports = 5
		..\..\Emgu.CV.Cuda\Emgu.CV.Cuda.projitems*{afa9d3cf-62eb-47a8-bc3d-bc9006d495f9}*SharedItemsImports = 5
		..\..\Emgu.CV.OCR\Emgu.CV.OCR.projitems*{afa9d3cf-62eb-47a8-bc3d-bc9006d495f9}*SharedItemsImports = 5
		..\..\Emgu.CV\Emgu.CV.projitems*{afa9d3cf-62eb-47a8-bc3d-bc9006d495f9}*SharedItemsImports = 5
		..\..\Emgu.Util\Emgu.Util.projitems*{afa9d3cf-62eb-47a8-bc3d-bc9006d495f9}*SharedItemsImports = 5
	EndGlobalSection
EndGlobal
