Microsoft Visual Studio Solution File, Format Version 12.00
# Visual Studio Version 17
VisualStudioVersion = 17.3.32811.315
MinimumVisualStudioVersion = 10.0.40219.1
Project("{D954291E-2A0B-460D-934E-DC6B0785DB48}") = "Emgu.Util", "..\..\Emgu.Util\Emgu.Util.shproj", "{98561642-5EC3-4244-BAF9-6876D9BA5527}"
EndProject
Project("{D954291E-2A0B-460D-934E-DC6B0785DB48}") = "Emgu.CV.Cuda", "..\..\Emgu.CV.Cuda\Emgu.CV.Cuda.shproj", "{7B22BB32-C867-45A7-AC53-5BDA820DB91C}"
EndProject
Project("{D954291E-2A0B-460D-934E-DC6B0785DB48}") = "Emgu.CV.OCR", "..\..\Emgu.CV.OCR\Emgu.CV.OCR.shproj", "{7BC723CB-1678-415F-A65F-4027F8758A6F}"
EndProject
Project("{D954291E-2A0B-460D-934E-DC6B0785DB48}") = "Emgu.CV.Contrib", "..\..\Emgu.CV.Contrib\Emgu.CV.Contrib.shproj", "{11E54A7E-778D-466C-A176-71E150976AC1}"
EndProject
Project("{D954291E-2A0B-460D-934E-DC6B0785DB48}") = "Emgu.CV.Models.Shared", "..\..\Emgu.CV.Models\Emgu.CV.Models.Shared.shproj", "{0BFAD282-50C1-449C-B01C-62FD23BBDBE5}"
EndProject
Project("{D954291E-2A0B-460D-934E-DC6B0785DB48}") = "Emgu.CV.Shared", "..\..\Emgu.CV\Emgu.CV.Shared.shproj", "{0E88523A-29DB-4719-B734-D384765384C6}"
EndProject
Project("{9A19103F-16F7-4668-BE54-9A1E7A4F7556}") = "Emgu.CV", "..\..\Emgu.CV\NetStandard\Emgu.CV.csproj", "{2281A998-A624-49C3-BCD4-4511DDC49DF1}"
EndProject
Project("{9A19103F-16F7-4668-BE54-9A1E7A4F7556}") = "Emgu.CV.Models", "..\..\Emgu.CV.Models\NetStandard\Emgu.CV.Models.csproj", "{70F59E7D-5AFF-4DAA-9592-B209E8F3B2E8}"
EndProject
Project("{9A19103F-16F7-4668-BE54-9A1E7A4F7556}") = "Emgu.CV.runtime.maui.macos", "..\..\Emgu.CV.Runtime\Maui\Mac\Emgu.CV.runtime.maui.macos.csproj", "{24036179-097C-4618-962F-FE576B07B917}"
EndProject
Global
	GlobalSection(SolutionConfigurationPlatforms) = preSolution
		Debug|Any CPU = Debug|Any CPU
		Debug|ARM = Debug|ARM
		Debug|iPhone = Debug|iPhone
		Debug|iPhoneSimulator = Debug|iPhoneSimulator
		Debug|x64 = Debug|x64
		Debug|x86 = Debug|x86
		Release|Any CPU = Release|Any CPU
		Release|ARM = Release|ARM
		Release|iPhone = Release|iPhone
		Release|iPhoneSimulator = Release|iPhoneSimulator
		Release|x64 = Release|x64
		Release|x86 = Release|x86
	EndGlobalSection
	GlobalSection(ProjectConfigurationPlatforms) = postSolution
		{2281A998-A624-49C3-BCD4-4511DDC49DF1}.Debug|Any CPU.ActiveCfg = Debug|Any CPU
		{2281A998-A624-49C3-BCD4-4511DDC49DF1}.Debug|Any CPU.Build.0 = Debug|Any CPU
		{2281A998-A624-49C3-BCD4-4511DDC49DF1}.Debug|ARM.ActiveCfg = Debug|ARM
		{2281A998-A624-49C3-BCD4-4511DDC49DF1}.Debug|ARM.Build.0 = Debug|ARM
		{2281A998-A624-49C3-BCD4-4511DDC49DF1}.Debug|iPhone.ActiveCfg = Debug|Any CPU
		{2281A998-A624-49C3-BCD4-4511DDC49DF1}.Debug|iPhone.Build.0 = Debug|Any CPU
		{2281A998-A624-49C3-BCD4-4511DDC49DF1}.Debug|iPhoneSimulator.ActiveCfg = Debug|Any CPU
		{2281A998-A624-49C3-BCD4-4511DDC49DF1}.Debug|iPhoneSimulator.Build.0 = Debug|Any CPU
		{2281A998-A624-49C3-BCD4-4511DDC49DF1}.Debug|x64.ActiveCfg = Debug|x64
		{2281A998-A624-49C3-BCD4-4511DDC49DF1}.Debug|x64.Build.0 = Debug|x64
		{2281A998-A624-49C3-BCD4-4511DDC49DF1}.Debug|x86.ActiveCfg = Debug|Any CPU
		{2281A998-A624-49C3-BCD4-4511DDC49DF1}.Debug|x86.Build.0 = Debug|Any CPU
		{2281A998-A624-49C3-BCD4-4511DDC49DF1}.Release|Any CPU.ActiveCfg = Release|Any CPU
		{2281A998-A624-49C3-BCD4-4511DDC49DF1}.Release|Any CPU.Build.0 = Release|Any CPU
		{2281A998-A624-49C3-BCD4-4511DDC49DF1}.Release|ARM.ActiveCfg = Release|ARM
		{2281A998-A624-49C3-BCD4-4511DDC49DF1}.Release|ARM.Build.0 = Release|ARM
		{2281A998-A624-49C3-BCD4-4511DDC49DF1}.Release|iPhone.ActiveCfg = Release|Any CPU
		{2281A998-A624-49C3-BCD4-4511DDC49DF1}.Release|iPhone.Build.0 = Release|Any CPU
		{2281A998-A624-49C3-BCD4-4511DDC49DF1}.Release|iPhoneSimulator.ActiveCfg = Release|Any CPU
		{2281A998-A624-49C3-BCD4-4511DDC49DF1}.Release|iPhoneSimulator.Build.0 = Release|Any CPU
		{2281A998-A624-49C3-BCD4-4511DDC49DF1}.Release|x64.ActiveCfg = Release|x64
		{2281A998-A624-49C3-BCD4-4511DDC49DF1}.Release|x64.Build.0 = Release|x64
		{2281A998-A624-49C3-BCD4-4511DDC49DF1}.Release|x86.ActiveCfg = Release|Any CPU
		{2281A998-A624-49C3-BCD4-4511DDC49DF1}.Release|x86.Build.0 = Release|Any CPU
		{70F59E7D-5AFF-4DAA-9592-B209E8F3B2E8}.Debug|Any CPU.ActiveCfg = Debug|Any CPU
		{70F59E7D-5AFF-4DAA-9592-B209E8F3B2E8}.Debug|Any CPU.Build.0 = Debug|Any CPU
		{70F59E7D-5AFF-4DAA-9592-B209E8F3B2E8}.Debug|ARM.ActiveCfg = Debug|Any CPU
		{70F59E7D-5AFF-4DAA-9592-B209E8F3B2E8}.Debug|ARM.Build.0 = Debug|Any CPU
		{70F59E7D-5AFF-4DAA-9592-B209E8F3B2E8}.Debug|iPhone.ActiveCfg = Debug|Any CPU
		{70F59E7D-5AFF-4DAA-9592-B209E8F3B2E8}.Debug|iPhone.Build.0 = Debug|Any CPU
		{70F59E7D-5AFF-4DAA-9592-B209E8F3B2E8}.Debug|iPhoneSimulator.ActiveCfg = Debug|Any CPU
		{70F59E7D-5AFF-4DAA-9592-B209E8F3B2E8}.Debug|iPhoneSimulator.Build.0 = Debug|Any CPU
		{70F59E7D-5AFF-4DAA-9592-B209E8F3B2E8}.Debug|x64.ActiveCfg = Debug|x64
		{70F59E7D-5AFF-4DAA-9592-B209E8F3B2E8}.Debug|x64.Build.0 = Debug|x64
		{70F59E7D-5AFF-4DAA-9592-B209E8F3B2E8}.Debug|x86.ActiveCfg = Debug|Any CPU
		{70F59E7D-5AFF-4DAA-9592-B209E8F3B2E8}.Debug|x86.Build.0 = Debug|Any CPU
		{70F59E7D-5AFF-4DAA-9592-B209E8F3B2E8}.Release|Any CPU.ActiveCfg = Release|Any CPU
		{70F59E7D-5AFF-4DAA-9592-B209E8F3B2E8}.Release|Any CPU.Build.0 = Release|Any CPU
		{70F59E7D-5AFF-4DAA-9592-B209E8F3B2E8}.Release|ARM.ActiveCfg = Release|Any CPU
		{70F59E7D-5AFF-4DAA-9592-B209E8F3B2E8}.Release|ARM.Build.0 = Release|Any CPU
		{70F59E7D-5AFF-4DAA-9592-B209E8F3B2E8}.Release|iPhone.ActiveCfg = Release|Any CPU
		{70F59E7D-5AFF-4DAA-9592-B209E8F3B2E8}.Release|iPhone.Build.0 = Release|Any CPU
		{70F59E7D-5AFF-4DAA-9592-B209E8F3B2E8}.Release|iPhoneSimulator.ActiveCfg = Release|Any CPU
		{70F59E7D-5AFF-4DAA-9592-B209E8F3B2E8}.Release|iPhoneSimulator.Build.0 = Release|Any CPU
		{70F59E7D-5AFF-4DAA-9592-B209E8F3B2E8}.Release|x64.ActiveCfg = Release|x64
		{70F59E7D-5AFF-4DAA-9592-B209E8F3B2E8}.Release|x64.Build.0 = Release|x64
		{70F59E7D-5AFF-4DAA-9592-B209E8F3B2E8}.Release|x86.ActiveCfg = Release|Any CPU
		{70F59E7D-5AFF-4DAA-9592-B209E8F3B2E8}.Release|x86.Build.0 = Release|Any CPU
		{24036179-097C-4618-962F-FE576B07B917}.Debug|Any CPU.ActiveCfg = Debug|Any CPU
		{24036179-097C-4618-962F-FE576B07B917}.Debug|Any CPU.Build.0 = Debug|Any CPU
		{24036179-097C-4618-962F-FE576B07B917}.Debug|ARM.ActiveCfg = Debug|Any CPU
		{24036179-097C-4618-962F-FE576B07B917}.Debug|ARM.Build.0 = Debug|Any CPU
		{24036179-097C-4618-962F-FE576B07B917}.Debug|iPhone.ActiveCfg = Debug|Any CPU
		{24036179-097C-4618-962F-FE576B07B917}.Debug|iPhone.Build.0 = Debug|Any CPU
		{24036179-097C-4618-962F-FE576B07B917}.Debug|iPhoneSimulator.ActiveCfg = Debug|Any CPU
		{24036179-097C-4618-962F-FE576B07B917}.Debug|iPhoneSimulator.Build.0 = Debug|Any CPU
		{24036179-097C-4618-962F-FE576B07B917}.Debug|x64.ActiveCfg = Debug|Any CPU
		{24036179-097C-4618-962F-FE576B07B917}.Debug|x64.Build.0 = Debug|Any CPU
		{24036179-097C-4618-962F-FE576B07B917}.Debug|x86.ActiveCfg = Debug|Any CPU
		{24036179-097C-4618-962F-FE576B07B917}.Debug|x86.Build.0 = Debug|Any CPU
		{24036179-097C-4618-962F-FE576B07B917}.Release|Any CPU.ActiveCfg = Release|Any CPU
		{24036179-097C-4618-962F-FE576B07B917}.Release|Any CPU.Build.0 = Release|Any CPU
		{24036179-097C-4618-962F-FE576B07B917}.Release|ARM.ActiveCfg = Release|Any CPU
		{24036179-097C-4618-962F-FE576B07B917}.Release|ARM.Build.0 = Release|Any CPU
		{24036179-097C-4618-962F-FE576B07B917}.Release|iPhone.ActiveCfg = Release|Any CPU
		{24036179-097C-4618-962F-FE576B07B917}.Release|iPhone.Build.0 = Release|Any CPU
		{24036179-097C-4618-962F-FE576B07B917}.Release|iPhoneSimulator.ActiveCfg = Release|Any CPU
		{24036179-097C-4618-962F-FE576B07B917}.Release|iPhoneSimulator.Build.0 = Release|Any CPU
		{24036179-097C-4618-962F-FE576B07B917}.Release|x64.ActiveCfg = Release|Any CPU
		{24036179-097C-4618-962F-FE576B07B917}.Release|x64.Build.0 = Release|Any CPU
		{24036179-097C-4618-962F-FE576B07B917}.Release|x86.ActiveCfg = Release|Any CPU
		{24036179-097C-4618-962F-FE576B07B917}.Release|x86.Build.0 = Release|Any CPU
	EndGlobalSection
	GlobalSection(SolutionProperties) = preSolution
		HideSolutionNode = FALSE
	EndGlobalSection
	GlobalSection(ExtensibilityGlobals) = postSolution
		SolutionGuid = {05CE8F6C-528C-4C7A-B4CF-1D25933223F4}
	EndGlobalSection
	GlobalSection(SharedMSBuildProjectFiles) = preSolution
		..\..\Emgu.CV.Models\Emgu.CV.Models.Shared.projitems*{0bfad282-50c1-449c-b01c-62fd23bbdbe5}*SharedItemsImports = 13
		..\..\Emgu.CV.Contrib\Emgu.CV.Contrib.projitems*{11e54a7e-778d-466c-a176-71e150976ac1}*SharedItemsImports = 13
		..\..\Emgu.CV.Contrib\Emgu.CV.Contrib.projitems*{2281a998-a624-49c3-bcd4-4511ddc49df1}*SharedItemsImports = 5
		..\..\Emgu.CV.Cuda\Emgu.CV.Cuda.projitems*{2281a998-a624-49c3-bcd4-4511ddc49df1}*SharedItemsImports = 5
		..\..\Emgu.CV.OCR\Emgu.CV.OCR.projitems*{2281a998-a624-49c3-bcd4-4511ddc49df1}*SharedItemsImports = 5
		..\..\Emgu.CV\Emgu.CV.Shared.projitems*{2281a998-a624-49c3-bcd4-4511ddc49df1}*SharedItemsImports = 5
		..\..\Emgu.Util\Emgu.Util.projitems*{2281a998-a624-49c3-bcd4-4511ddc49df1}*SharedItemsImports = 5
		..\..\Emgu.CV.Models\Emgu.CV.Models.Shared.projitems*{70f59e7d-5aff-4daa-9592-b209e8f3b2e8}*SharedItemsImports = 5
		..\..\Emgu.CV.Cuda\Emgu.CV.Cuda.projitems*{7b22bb32-c867-45a7-ac53-5bda820db91c}*SharedItemsImports = 13
		..\..\Emgu.CV.OCR\Emgu.CV.OCR.projitems*{7bc723cb-1678-415f-a65f-4027f8758a6f}*SharedItemsImports = 13
		..\..\Emgu.Util\Emgu.Util.projitems*{98561642-5ec3-4244-baf9-6876d9ba5527}*SharedItemsImports = 13
	EndGlobalSection
EndGlobal
