Microsoft Visual Studio Solution File, Format Version 12.00
# Visual Studio Version 16
VisualStudioVersion = 16.0.29209.62
MinimumVisualStudioVersion = 10.0.40219.1
Project("{FAE04EC0-301F-11D3-BF4B-00C04F79EFBC}") = "Emgu.CV.Example.Mac", "..\..\Emgu.CV.Example\Mac\Emgu.CV.Example.Mac.csproj", "{748EAF28-FF61-4BA3-89E5-6DFEBD63FAAD}"
EndProject
Project("{D954291E-2A0B-460D-934E-DC6B0785DB48}") = "Emgu.Util", "..\..\Emgu.Util\Emgu.Util.shproj", "{98561642-5EC3-4244-BAF9-6876D9BA5527}"
EndProject
Project("{D954291E-2A0B-460D-934E-DC6B0785DB48}") = "Emgu.CV", "..\..\Emgu.CV\Emgu.CV.shproj", "{12D024EE-D0A5-4BBC-B7C0-7B18CF1AB262}"
EndProject
Project("{D954291E-2A0B-460D-934E-DC6B0785DB48}") = "Emgu.CV.Cuda", "..\..\Emgu.CV.Cuda\Emgu.CV.Cuda.shproj", "{7B22BB32-C867-45A7-AC53-5BDA820DB91C}"
EndProject
Project("{D954291E-2A0B-460D-934E-DC6B0785DB48}") = "Emgu.CV.XamarinForms", "..\..\Emgu.CV.Example\XamarinForms\Core\Emgu.CV.XamarinForms.shproj", "{F2A5CE86-0B21-40D2-AD3F-BB2D1D716CFE}"
EndProject
Project("{FAE04EC0-301F-11D3-BF4B-00C04F79EFBC}") = "Emgu.CV.XamarinForms.Mac", "..\..\Emgu.CV.Example\XamarinForms\Mac\Emgu.CV.XamarinForms.Mac.csproj", "{96567EEA-17C0-4E56-ACDE-3EF6213E6AF3}"
EndProject
Project("{D954291E-2A0B-460D-934E-DC6B0785DB48}") = "Emgu.CV.OCR", "..\..\Emgu.CV.OCR\Emgu.CV.OCR.shproj", "{7BC723CB-1678-415F-A65F-4027F8758A6F}"
EndProject
Project("{D954291E-2A0B-460D-934E-DC6B0785DB48}") = "Emgu.CV.Contrib", "..\..\Emgu.CV.Contrib\Emgu.CV.Contrib.shproj", "{11E54A7E-778D-466C-A176-71E150976AC1}"
EndProject
Project("{D954291E-2A0B-460D-934E-DC6B0785DB48}") = "Emgu.CV.Runtime.Mac", "..\..\Emgu.CV.Runtime\Mac\Emgu.CV.Runtime.Mac.shproj", "{74DB1213-249E-44DC-B193-BC5CEC981D3C}"
EndProject
Project("{FAE04EC0-301F-11D3-BF4B-00C04F79EFBC}") = "Emgu.CV.Platform.NetStandard", "..\..\Emgu.CV.Platform\NetStandard\Emgu.CV.Platform.NetStandard.csproj", "{AFA9D3CF-62EB-47A8-BC3D-BC9006D495F9}"
EndProject
Project("{FAE04EC0-301F-11D3-BF4B-00C04F79EFBC}") = "HelloWorld.NetCore", "..\..\Emgu.CV.Example\HelloWorld\HelloWorld.NetCore.csproj", "{CC22443D-F1D9-48B1-BDDD-B32C5423CAB2}"
EndProject
Project("{FAE04EC0-301F-11D3-BF4B-00C04F79EFBC}") = "DynamicImage.Asp.NetCore", "..\..\Emgu.CV.Example\DynamicImage.Asp.NetCore\DynamicImage.Asp.NetCore.csproj", "{38ECFB71-A9A2-4136-868C-843C152F3328}"
EndProject
Project("{FAE04EC0-301F-11D3-BF4B-00C04F79EFBC}") = "BuildInfo.NetCore.Console", "..\..\Emgu.CV.Example\BuildInfo.NetCore.Console\BuildInfo.NetCore.Console.csproj", "{614FFF97-16E5-4A4C-8B81-6E144437B6CC}"
EndProject
Project("{FAE04EC0-301F-11D3-BF4B-00C04F79EFBC}") = "DepthAI", "..\..\Emgu.CV.Example\DepthAI\DepthAI.csproj", "{78FC6BF5-D9DA-44FD-9431-ED7E501FEDE1}"
EndProject
Project("{D954291E-2A0B-460D-934E-DC6B0785DB48}") = "Emgu.CV.Runtime.Windows", "..\..\Emgu.CV.Runtime\Windows\Emgu.CV.Runtime.Windows.shproj", "{ADC3C8E5-EBCD-4D3C-B3A4-20CFE0E42FC1}"
EndProject
Project("{D954291E-2A0B-460D-934E-DC6B0785DB48}") = "Emgu.CV.Runtime.Ubuntu", "..\..\Emgu.CV.Runtime\Ubuntu\Emgu.CV.Runtime.Ubuntu.shproj", "{86A21342-2DA9-4841-B1BD-B323AC5B81FD}"
EndProject
Project("{D954291E-2A0B-460D-934E-DC6B0785DB48}") = "Emgu.CV.Runtime.Raspbian", "..\..\Emgu.CV.Runtime\Raspbian\Emgu.CV.Runtime.Raspbian.shproj", "{47CF52B9-AB6D-4BF6-A791-1AC4D2CCD140}"
EndProject
Project("{D954291E-2A0B-460D-934E-DC6B0785DB48}") = "Emgu.CV.Models.Shared", "..\..\Emgu.CV.Models\Emgu.CV.Models.Shared.shproj", "{0BFAD282-50C1-449C-B01C-62FD23BBDBE5}"
EndProject
Project("{FAE04EC0-301F-11D3-BF4B-00C04F79EFBC}") = "Emgu.CV.Models.NetStandard", "..\..\Emgu.CV.Models\Emgu.CV.Models.NetStandard\Emgu.CV.Models.NetStandard.csproj", "{A593599A-8B00-45F6-B161-5AB794DED450}"
EndProject
Project("{FAE04EC0-301F-11D3-BF4B-00C04F79EFBC}") = "Emgu.CV.Platform.Mac", "..\..\Emgu.CV.Platform\Mac\Emgu.CV.Platform.Mac.csproj", "{0B5E34B6-C01B-42A1-96D2-2FA34E626A2D}"
EndProject
Global
	GlobalSection(SharedMSBuildProjectFiles) = preSolution
		..\..\Emgu.CV.Contrib\Emgu.CV.Contrib.projitems*{11e54a7e-778d-466c-a176-71e150976ac1}*SharedItemsImports = 13
		..\..\Emgu.CV\Emgu.CV.projitems*{12d024ee-d0a5-4bbc-b7c0-7b18cf1ab262}*SharedItemsImports = 13
		..\..\Emgu.CV.Runtime\Mac\Emgu.CV.Runtime.Mac.projitems*{748eaf28-ff61-4ba3-89e5-6dfebd63faad}*SharedItemsImports = 4
		..\..\Emgu.CV.Runtime\Mac\Emgu.CV.Runtime.Mac.projitems*{74db1213-249e-44dc-b193-bc5cec981d3c}*SharedItemsImports = 13
		..\..\Emgu.CV.Cuda\Emgu.CV.Cuda.projitems*{7b22bb32-c867-45a7-ac53-5bda820db91c}*SharedItemsImports = 13
		..\..\Emgu.CV.OCR\Emgu.CV.OCR.projitems*{7bc723cb-1678-415f-a65f-4027f8758a6f}*SharedItemsImports = 13
		..\..\Emgu.CV.Example\XamarinForms\Core\Emgu.CV.XamarinForms.projitems*{96567eea-17c0-4e56-acde-3ef6213e6af3}*SharedItemsImports = 4
		..\..\Emgu.CV.Runtime\Mac\Emgu.CV.Runtime.Mac.projitems*{96567eea-17c0-4e56-acde-3ef6213e6af3}*SharedItemsImports = 4
		..\..\Emgu.Util\Emgu.Util.projitems*{98561642-5ec3-4244-baf9-6876d9ba5527}*SharedItemsImports = 13
		..\..\Emgu.CV.Example\XamarinForms\Core\Emgu.CV.XamarinForms.projitems*{f2a5ce86-0b21-40d2-ad3f-bb2d1d716cfe}*SharedItemsImports = 13
	EndGlobalSection
	GlobalSection(SolutionConfigurationPlatforms) = preSolution
		Debug|Any CPU = Debug|Any CPU
		Debug|ARM = Debug|ARM
		Debug|iPhone = Debug|iPhone
		Debug|iPhoneSimulator = Debug|iPhoneSimulator
		Debug|x64 = Debug|x64
		Debug|x86 = Debug|x86
		Release|Any CPU = Release|Any CPU
		Release|ARM = Release|ARM
		Release|iPhone = Release|iPhone
		Release|iPhoneSimulator = Release|iPhoneSimulator
		Release|x64 = Release|x64
		Release|x86 = Release|x86
	EndGlobalSection
	GlobalSection(ProjectConfigurationPlatforms) = postSolution
		{748EAF28-FF61-4BA3-89E5-6DFEBD63FAAD}.Debug|Any CPU.ActiveCfg = Debug|Any CPU
		{748EAF28-FF61-4BA3-89E5-6DFEBD63FAAD}.Debug|Any CPU.Build.0 = Debug|Any CPU
		{748EAF28-FF61-4BA3-89E5-6DFEBD63FAAD}.Debug|ARM.ActiveCfg = Debug|ARM
		{748EAF28-FF61-4BA3-89E5-6DFEBD63FAAD}.Debug|ARM.Build.0 = Debug|ARM
		{748EAF28-FF61-4BA3-89E5-6DFEBD63FAAD}.Debug|x64.ActiveCfg = Debug|x64
		{748EAF28-FF61-4BA3-89E5-6DFEBD63FAAD}.Debug|x64.Build.0 = Debug|x64
		{748EAF28-FF61-4BA3-89E5-6DFEBD63FAAD}.Release|Any CPU.ActiveCfg = Release|Any CPU
		{748EAF28-FF61-4BA3-89E5-6DFEBD63FAAD}.Release|Any CPU.Build.0 = Release|Any CPU
		{748EAF28-FF61-4BA3-89E5-6DFEBD63FAAD}.Release|ARM.ActiveCfg = Release|ARM
		{748EAF28-FF61-4BA3-89E5-6DFEBD63FAAD}.Release|ARM.Build.0 = Release|ARM
		{748EAF28-FF61-4BA3-89E5-6DFEBD63FAAD}.Release|x64.ActiveCfg = Release|x64
		{748EAF28-FF61-4BA3-89E5-6DFEBD63FAAD}.Release|x64.Build.0 = Release|x64
		{96567EEA-17C0-4E56-ACDE-3EF6213E6AF3}.Debug|Any CPU.ActiveCfg = Debug|Any CPU
		{96567EEA-17C0-4E56-ACDE-3EF6213E6AF3}.Debug|Any CPU.Build.0 = Debug|Any CPU
		{96567EEA-17C0-4E56-ACDE-3EF6213E6AF3}.Debug|ARM.ActiveCfg = Debug|ARM
		{96567EEA-17C0-4E56-ACDE-3EF6213E6AF3}.Debug|ARM.Build.0 = Debug|ARM
		{96567EEA-17C0-4E56-ACDE-3EF6213E6AF3}.Debug|x64.ActiveCfg = Debug|x64
		{96567EEA-17C0-4E56-ACDE-3EF6213E6AF3}.Debug|x64.Build.0 = Debug|x64
		{96567EEA-17C0-4E56-ACDE-3EF6213E6AF3}.Release|Any CPU.ActiveCfg = Release|Any CPU
		{96567EEA-17C0-4E56-ACDE-3EF6213E6AF3}.Release|Any CPU.Build.0 = Release|Any CPU
		{96567EEA-17C0-4E56-ACDE-3EF6213E6AF3}.Release|ARM.ActiveCfg = Release|ARM
		{96567EEA-17C0-4E56-ACDE-3EF6213E6AF3}.Release|ARM.Build.0 = Release|ARM
		{96567EEA-17C0-4E56-ACDE-3EF6213E6AF3}.Release|x64.ActiveCfg = Release|x64
		{96567EEA-17C0-4E56-ACDE-3EF6213E6AF3}.Release|x64.Build.0 = Release|x64
		{AFA9D3CF-62EB-47A8-BC3D-BC9006D495F9}.Debug|Any CPU.ActiveCfg = Debug|Any CPU
		{AFA9D3CF-62EB-47A8-BC3D-BC9006D495F9}.Debug|Any CPU.Build.0 = Debug|Any CPU
		{AFA9D3CF-62EB-47A8-BC3D-BC9006D495F9}.Debug|ARM.ActiveCfg = Debug|ARM
		{AFA9D3CF-62EB-47A8-BC3D-BC9006D495F9}.Debug|ARM.Build.0 = Debug|ARM
		{AFA9D3CF-62EB-47A8-BC3D-BC9006D495F9}.Debug|x64.ActiveCfg = Debug|x64
		{AFA9D3CF-62EB-47A8-BC3D-BC9006D495F9}.Debug|x64.Build.0 = Debug|x64
		{AFA9D3CF-62EB-47A8-BC3D-BC9006D495F9}.Release|Any CPU.ActiveCfg = Release|Any CPU
		{AFA9D3CF-62EB-47A8-BC3D-BC9006D495F9}.Release|Any CPU.Build.0 = Release|Any CPU
		{AFA9D3CF-62EB-47A8-BC3D-BC9006D495F9}.Release|ARM.ActiveCfg = Release|ARM
		{AFA9D3CF-62EB-47A8-BC3D-BC9006D495F9}.Release|ARM.Build.0 = Release|ARM
		{AFA9D3CF-62EB-47A8-BC3D-BC9006D495F9}.Release|x64.ActiveCfg = Release|x64
		{AFA9D3CF-62EB-47A8-BC3D-BC9006D495F9}.Release|x64.Build.0 = Release|x64
		{CC22443D-F1D9-48B1-BDDD-B32C5423CAB2}.Debug|Any CPU.ActiveCfg = Debug|Any CPU
		{CC22443D-F1D9-48B1-BDDD-B32C5423CAB2}.Debug|Any CPU.Build.0 = Debug|Any CPU
		{CC22443D-F1D9-48B1-BDDD-B32C5423CAB2}.Debug|ARM.ActiveCfg = Debug|ARM
		{CC22443D-F1D9-48B1-BDDD-B32C5423CAB2}.Debug|ARM.Build.0 = Debug|ARM
		{CC22443D-F1D9-48B1-BDDD-B32C5423CAB2}.Debug|x64.ActiveCfg = Debug|x64
		{CC22443D-F1D9-48B1-BDDD-B32C5423CAB2}.Debug|x64.Build.0 = Debug|x64
		{CC22443D-F1D9-48B1-BDDD-B32C5423CAB2}.Release|Any CPU.ActiveCfg = Release|Any CPU
		{CC22443D-F1D9-48B1-BDDD-B32C5423CAB2}.Release|Any CPU.Build.0 = Release|Any CPU
		{CC22443D-F1D9-48B1-BDDD-B32C5423CAB2}.Release|ARM.ActiveCfg = Release|ARM
		{CC22443D-F1D9-48B1-BDDD-B32C5423CAB2}.Release|ARM.Build.0 = Release|ARM
		{CC22443D-F1D9-48B1-BDDD-B32C5423CAB2}.Release|x64.ActiveCfg = Release|x64
		{CC22443D-F1D9-48B1-BDDD-B32C5423CAB2}.Release|x64.Build.0 = Release|x64
		{38ECFB71-A9A2-4136-868C-843C152F3328}.Debug|Any CPU.ActiveCfg = Debug|Any CPU
		{38ECFB71-A9A2-4136-868C-843C152F3328}.Debug|Any CPU.Build.0 = Debug|Any CPU
		{38ECFB71-A9A2-4136-868C-843C152F3328}.Debug|ARM.ActiveCfg = Debug|ARM
		{38ECFB71-A9A2-4136-868C-843C152F3328}.Debug|ARM.Build.0 = Debug|ARM
		{38ECFB71-A9A2-4136-868C-843C152F3328}.Debug|x64.ActiveCfg = Debug|x64
		{38ECFB71-A9A2-4136-868C-843C152F3328}.Debug|x64.Build.0 = Debug|x64
		{38ECFB71-A9A2-4136-868C-843C152F3328}.Release|Any CPU.ActiveCfg = Release|Any CPU
		{38ECFB71-A9A2-4136-868C-843C152F3328}.Release|Any CPU.Build.0 = Release|Any CPU
		{38ECFB71-A9A2-4136-868C-843C152F3328}.Release|ARM.ActiveCfg = Release|ARM
		{38ECFB71-A9A2-4136-868C-843C152F3328}.Release|ARM.Build.0 = Release|ARM
		{38ECFB71-A9A2-4136-868C-843C152F3328}.Release|x64.ActiveCfg = Release|x64
		{38ECFB71-A9A2-4136-868C-843C152F3328}.Release|x64.Build.0 = Release|x64
		{614FFF97-16E5-4A4C-8B81-6E144437B6CC}.Debug|Any CPU.ActiveCfg = Debug|Any CPU
		{614FFF97-16E5-4A4C-8B81-6E144437B6CC}.Debug|Any CPU.Build.0 = Debug|Any CPU
		{614FFF97-16E5-4A4C-8B81-6E144437B6CC}.Debug|ARM.ActiveCfg = Debug|Any CPU
		{614FFF97-16E5-4A4C-8B81-6E144437B6CC}.Debug|ARM.Build.0 = Debug|Any CPU
		{614FFF97-16E5-4A4C-8B81-6E144437B6CC}.Debug|x64.ActiveCfg = Debug|x64
		{614FFF97-16E5-4A4C-8B81-6E144437B6CC}.Debug|x64.Build.0 = Debug|x64
		{614FFF97-16E5-4A4C-8B81-6E144437B6CC}.Release|Any CPU.ActiveCfg = Release|Any CPU
		{614FFF97-16E5-4A4C-8B81-6E144437B6CC}.Release|Any CPU.Build.0 = Release|Any CPU
		{614FFF97-16E5-4A4C-8B81-6E144437B6CC}.Release|ARM.ActiveCfg = Release|Any CPU
		{614FFF97-16E5-4A4C-8B81-6E144437B6CC}.Release|ARM.Build.0 = Release|Any CPU
		{614FFF97-16E5-4A4C-8B81-6E144437B6CC}.Release|x64.ActiveCfg = Release|x64
		{614FFF97-16E5-4A4C-8B81-6E144437B6CC}.Release|x64.Build.0 = Release|x64
		{78FC6BF5-D9DA-44FD-9431-ED7E501FEDE1}.Debug|Any CPU.ActiveCfg = Debug|Any CPU
		{78FC6BF5-D9DA-44FD-9431-ED7E501FEDE1}.Debug|Any CPU.Build.0 = Debug|Any CPU
		{78FC6BF5-D9DA-44FD-9431-ED7E501FEDE1}.Debug|ARM.ActiveCfg = Debug|Any CPU
		{78FC6BF5-D9DA-44FD-9431-ED7E501FEDE1}.Debug|ARM.Build.0 = Debug|Any CPU
		{78FC6BF5-D9DA-44FD-9431-ED7E501FEDE1}.Debug|x64.ActiveCfg = Debug|Any CPU
		{78FC6BF5-D9DA-44FD-9431-ED7E501FEDE1}.Debug|x64.Build.0 = Debug|Any CPU
		{78FC6BF5-D9DA-44FD-9431-ED7E501FEDE1}.Release|Any CPU.ActiveCfg = Release|Any CPU
		{78FC6BF5-D9DA-44FD-9431-ED7E501FEDE1}.Release|Any CPU.Build.0 = Release|Any CPU
		{78FC6BF5-D9DA-44FD-9431-ED7E501FEDE1}.Release|ARM.ActiveCfg = Release|Any CPU
		{78FC6BF5-D9DA-44FD-9431-ED7E501FEDE1}.Release|ARM.Build.0 = Release|Any CPU
		{78FC6BF5-D9DA-44FD-9431-ED7E501FEDE1}.Release|x64.ActiveCfg = Release|Any CPU
		{78FC6BF5-D9DA-44FD-9431-ED7E501FEDE1}.Release|x64.Build.0 = Release|Any CPU
		{A593599A-8B00-45F6-B161-5AB794DED450}.Debug|Any CPU.ActiveCfg = Debug|Any CPU
		{A593599A-8B00-45F6-B161-5AB794DED450}.Debug|Any CPU.Build.0 = Debug|Any CPU
		{A593599A-8B00-45F6-B161-5AB794DED450}.Debug|ARM.ActiveCfg = Debug|Any CPU
		{A593599A-8B00-45F6-B161-5AB794DED450}.Debug|ARM.Build.0 = Debug|Any CPU
		{A593599A-8B00-45F6-B161-5AB794DED450}.Debug|x64.ActiveCfg = Debug|x64
		{A593599A-8B00-45F6-B161-5AB794DED450}.Debug|x64.Build.0 = Debug|x64
		{A593599A-8B00-45F6-B161-5AB794DED450}.Release|Any CPU.ActiveCfg = Release|Any CPU
		{A593599A-8B00-45F6-B161-5AB794DED450}.Release|Any CPU.Build.0 = Release|Any CPU
		{A593599A-8B00-45F6-B161-5AB794DED450}.Release|ARM.ActiveCfg = Release|Any CPU
		{A593599A-8B00-45F6-B161-5AB794DED450}.Release|ARM.Build.0 = Release|Any CPU
		{A593599A-8B00-45F6-B161-5AB794DED450}.Release|x64.ActiveCfg = Release|x64
		{A593599A-8B00-45F6-B161-5AB794DED450}.Release|x64.Build.0 = Release|x64
		{0B5E34B6-C01B-42A1-96D2-2FA34E626A2D}.Debug|Any CPU.ActiveCfg = Debug|Any CPU
		{0B5E34B6-C01B-42A1-96D2-2FA34E626A2D}.Debug|Any CPU.Build.0 = Debug|Any CPU
		{0B5E34B6-C01B-42A1-96D2-2FA34E626A2D}.Debug|ARM.ActiveCfg = Debug|Any CPU
		{0B5E34B6-C01B-42A1-96D2-2FA34E626A2D}.Debug|ARM.Build.0 = Debug|Any CPU
		{0B5E34B6-C01B-42A1-96D2-2FA34E626A2D}.Debug|x64.ActiveCfg = Debug|Any CPU
		{0B5E34B6-C01B-42A1-96D2-2FA34E626A2D}.Debug|x64.Build.0 = Debug|Any CPU
		{0B5E34B6-C01B-42A1-96D2-2FA34E626A2D}.Release|Any CPU.ActiveCfg = Release|Any CPU
		{0B5E34B6-C01B-42A1-96D2-2FA34E626A2D}.Release|Any CPU.Build.0 = Release|Any CPU
		{0B5E34B6-C01B-42A1-96D2-2FA34E626A2D}.Release|ARM.ActiveCfg = Release|Any CPU
		{0B5E34B6-C01B-42A1-96D2-2FA34E626A2D}.Release|ARM.Build.0 = Release|Any CPU
		{0B5E34B6-C01B-42A1-96D2-2FA34E626A2D}.Release|x64.ActiveCfg = Release|Any CPU
		{0B5E34B6-C01B-42A1-96D2-2FA34E626A2D}.Release|x64.Build.0 = Release|Any CPU
	EndGlobalSection
	GlobalSection(SolutionProperties) = preSolution
		HideSolutionNode = FALSE
	EndGlobalSection
	GlobalSection(ExtensibilityGlobals) = postSolution
		SolutionGuid = {05CE8F6C-528C-4C7A-B4CF-1D25933223F4}
	EndGlobalSection
EndGlobal
