
Microsoft Visual Studio Solution File, Format Version 12.00
# Visual Studio 14
VisualStudioVersion = 14.0.23107.0
MinimumVisualStudioVersion = 10.0.40219.1
Project("{FAE04EC0-301F-11D3-BF4B-00C04F79EFBC}") = "WindowsStoreCameraApp", "..\..\Emgu.CV.Example\WindowsStoreCameraApp\WindowsStoreCameraApp.csproj", "{09F0EEB3-4853-425F-9330-DFF49E96103C}"
EndProject
Project("{2150E333-8FDC-42A3-9474-1A3956D46DE8}") = ".nuget", ".nuget", "{60D6744A-8DF8-4DEF-A130-E10CB1FAF47A}"
	ProjectSection(SolutionItems) = preProject
		.nuget\NuGet.Config = .nuget\NuGet.Config
		.nuget\NuGet.exe = .nuget\NuGet.exe
		.nuget\NuGet.targets = .nuget\NuGet.targets
	EndProjectSection
EndProject
Project("{D954291E-2A0B-460D-934E-DC6B0785DB48}") = "Emgu.CV", "..\..\Emgu.CV\Emgu.CV.shproj", "{12D024EE-D0A5-4BBC-B7C0-7B18CF1AB262}"
EndProject
Project("{D954291E-2A0B-460D-934E-DC6B0785DB48}") = "Emgu.Util", "..\..\Emgu.Util\Emgu.Util.shproj", "{98561642-5EC3-4244-BAF9-6876D9BA5527}"
EndProject
Global
	GlobalSection(SharedMSBuildProjectFiles) = preSolution
		..\..\Emgu.Util\Emgu.Util.projitems*{09f0eeb3-4853-425f-9330-dff49e96103c}*SharedItemsImports = 4
		..\..\Emgu.CV\Emgu.CV.projitems*{09f0eeb3-4853-425f-9330-dff49e96103c}*SharedItemsImports = 4
		..\..\Emgu.Util\Emgu.Util.projitems*{98561642-5ec3-4244-baf9-6876d9ba5527}*SharedItemsImports = 13
		..\..\Emgu.CV\Emgu.CV.projitems*{12d024ee-d0a5-4bbc-b7c0-7b18cf1ab262}*SharedItemsImports = 13
	EndGlobalSection
	GlobalSection(SolutionConfigurationPlatforms) = preSolution
		Debug|x64 = Debug|x64
		Debug|x86 = Debug|x86
		Release|x64 = Release|x64
		Release|x86 = Release|x86
	EndGlobalSection
	GlobalSection(ProjectConfigurationPlatforms) = postSolution
		{09F0EEB3-4853-425F-9330-DFF49E96103C}.Debug|x64.ActiveCfg = Debug|x64
		{09F0EEB3-4853-425F-9330-DFF49E96103C}.Debug|x64.Build.0 = Debug|x64
		{09F0EEB3-4853-425F-9330-DFF49E96103C}.Debug|x64.Deploy.0 = Debug|x64
		{09F0EEB3-4853-425F-9330-DFF49E96103C}.Debug|x86.ActiveCfg = Debug|x86
		{09F0EEB3-4853-425F-9330-DFF49E96103C}.Debug|x86.Build.0 = Debug|x86
		{09F0EEB3-4853-425F-9330-DFF49E96103C}.Debug|x86.Deploy.0 = Debug|x86
		{09F0EEB3-4853-425F-9330-DFF49E96103C}.Release|x64.ActiveCfg = Release|x64
		{09F0EEB3-4853-425F-9330-DFF49E96103C}.Release|x64.Build.0 = Release|x64
		{09F0EEB3-4853-425F-9330-DFF49E96103C}.Release|x64.Deploy.0 = Release|x64
		{09F0EEB3-4853-425F-9330-DFF49E96103C}.Release|x86.ActiveCfg = Release|x86
		{09F0EEB3-4853-425F-9330-DFF49E96103C}.Release|x86.Build.0 = Release|x86
		{09F0EEB3-4853-425F-9330-DFF49E96103C}.Release|x86.Deploy.0 = Release|x86
	EndGlobalSection
	GlobalSection(SolutionProperties) = preSolution
		HideSolutionNode = FALSE
	EndGlobalSection
EndGlobal
