
Microsoft Visual Studio Solution File, Format Version 12.00
Project("{D954291E-2A0B-460D-934E-DC6B0785DB48}") = "Emgu.CV", "..\..\Emgu.CV\Emgu.CV.shproj", "{12D024EE-D0A5-4BBC-B7C0-7B18CF1AB262}"
EndProject
Project("{D954291E-2A0B-460D-934E-DC6B0785DB48}") = "Emgu.Util", "..\..\Emgu.Util\Emgu.Util.shproj", "{98561642-5EC3-4244-BAF9-6876D9BA5527}"
EndProject
Project("{FAE04EC0-301F-11D3-BF4B-00C04F79EFBC}") = "Emgu.CV.Platform.NetStandard", "..\..\Emgu.CV.Platform\NetStandard\Emgu.CV.Platform.NetStandard.csproj", "{197CBC87-00B5-4018-BD75-BF9BB7DCFE2E}"
EndProject
Project("{D954291E-2A0B-460D-934E-DC6B0785DB48}") = "Emgu.CV.Runtime.Ubuntu", "..\..\Emgu.CV.Runtime\Ubuntu\Emgu.CV.Runtime.Ubuntu.shproj", "{86A21342-2DA9-4841-B1BD-B323AC5B81FD}"
EndProject
Project("{FAE04EC0-301F-11D3-BF4B-00C04F79EFBC}") = "BuildInfo.NetCore.Console", "..\..\Emgu.CV.Example\BuildInfo.NetCore.Console\BuildInfo.NetCore.Console.csproj", "{CE034903-1A13-487D-88BB-DCA51B94359F}"
EndProject
Global
	GlobalSection(SolutionConfigurationPlatforms) = preSolution
		Debug|Any CPU = Debug|Any CPU
		Release|Any CPU = Release|Any CPU
	EndGlobalSection
	GlobalSection(ProjectConfigurationPlatforms) = postSolution
		{197CBC87-00B5-4018-BD75-BF9BB7DCFE2E}.Debug|Any CPU.ActiveCfg = Debug|Any CPU
		{197CBC87-00B5-4018-BD75-BF9BB7DCFE2E}.Debug|Any CPU.Build.0 = Debug|Any CPU
		{197CBC87-00B5-4018-BD75-BF9BB7DCFE2E}.Release|Any CPU.ActiveCfg = Release|Any CPU
		{197CBC87-00B5-4018-BD75-BF9BB7DCFE2E}.Release|Any CPU.Build.0 = Release|Any CPU
		{CE034903-1A13-487D-88BB-DCA51B94359F}.Debug|Any CPU.ActiveCfg = Debug|Any CPU
		{CE034903-1A13-487D-88BB-DCA51B94359F}.Debug|Any CPU.Build.0 = Debug|Any CPU
		{CE034903-1A13-487D-88BB-DCA51B94359F}.Release|Any CPU.ActiveCfg = Release|Any CPU
		{CE034903-1A13-487D-88BB-DCA51B94359F}.Release|Any CPU.Build.0 = Release|Any CPU
	EndGlobalSection
EndGlobal
