Microsoft Visual Studio Solution File, Format Version 12.00
# Visual Studio Version 16
VisualStudioVersion = 16.0.29503.13
MinimumVisualStudioVersion = 10.0.40219.1
Project("{D954291E-2A0B-460D-934E-DC6B0785DB48}") = "Emgu.Util", "..\..\Emgu.Util\Emgu.Util.shproj", "{98561642-5EC3-4244-BAF9-6876D9BA5527}"
EndProject
Project("{D954291E-2A0B-460D-934E-DC6B0785DB48}") = "Emgu.CV", "..\..\Emgu.CV\Emgu.CV.shproj", "{12D024EE-D0A5-4BBC-B7C0-7B18CF1AB262}"
EndProject
Project("{D954291E-2A0B-460D-934E-DC6B0785DB48}") = "Emgu.CV.Contrib", "..\..\Emgu.CV.Contrib\Emgu.CV.Contrib.shproj", "{11E54A7E-778D-466C-A176-71E150976AC1}"
EndProject
Project("{D954291E-2A0B-460D-934E-DC6B0785DB48}") = "Emgu.CV.Cuda", "..\..\Emgu.CV.Cuda\Emgu.CV.Cuda.shproj", "{7B22BB32-C867-45A7-AC53-5BDA820DB91C}"
EndProject
Project("{D954291E-2A0B-460D-934E-DC6B0785DB48}") = "Emgu.CV.OCR", "..\..\Emgu.CV.OCR\Emgu.CV.OCR.shproj", "{7BC723CB-1678-415F-A65F-4027F8758A6F}"
EndProject
Project("{9A19103F-16F7-4668-BE54-9A1E7A4F7556}") = "Emgu.CV.Platform.NetStandard", "..\..\Emgu.CV.Platform\NetStandard\Emgu.CV.Platform.NetStandard.csproj", "{3571EBC4-5964-4121-8DEF-D910F410EDA6}"
EndProject
Project("{9A19103F-16F7-4668-BE54-9A1E7A4F7556}") = "Emgu.CV.Platform.NetCore", "..\..\Emgu.CV.Platform\DotNet\Core\Emgu.CV.Platform.NetCore.csproj", "{13E21E35-2676-4AC6-B33C-BAEA0B4C0924}"
EndProject
Project("{D954291E-2A0B-460D-934E-DC6B0785DB48}") = "Emgu.CV.Platform.Net", "..\..\Emgu.CV.Platform\DotNet\Emgu.CV.Platform.Net.shproj", "{AC06F404-0A97-4142-A021-572D686E231F}"
EndProject
Project("{FAE04EC0-301F-11D3-BF4B-00C04F79EFBC}") = "Emgu.CV.Platform.NetFramework", "..\..\Emgu.CV.Platform\DotNet\Framework\Emgu.CV.Platform.NetFramework.csproj", "{90E78BBF-C7FE-4D8E-ADE1-75448E866FDB}"
EndProject
Project("{9A19103F-16F7-4668-BE54-9A1E7A4F7556}") = "Emgu.CV.Bitmap", "..\..\Emgu.CV.Platform\Emgu.CV.Bitmap\Emgu.CV.Bitmap.csproj", "{0D749AFA-740A-42C5-9B29-C3FAC279082D}"
EndProject
Global
	GlobalSection(SharedMSBuildProjectFiles) = preSolution
		..\..\Emgu.CV.Contrib\Emgu.CV.Contrib.projitems*{11e54a7e-778d-466c-a176-71e150976ac1}*SharedItemsImports = 13
		..\..\Emgu.CV\Emgu.CV.projitems*{12d024ee-d0a5-4bbc-b7c0-7b18cf1ab262}*SharedItemsImports = 13
		..\..\Emgu.CV.Platform\DotNet\Emgu.CV.Platform.Net.projitems*{13e21e35-2676-4ac6-b33c-baea0b4c0924}*SharedItemsImports = 5
		..\..\Emgu.CV.Contrib\Emgu.CV.Contrib.projitems*{3571ebc4-5964-4121-8def-d910f410eda6}*SharedItemsImports = 5
		..\..\Emgu.CV.Cuda\Emgu.CV.Cuda.projitems*{3571ebc4-5964-4121-8def-d910f410eda6}*SharedItemsImports = 5
		..\..\Emgu.CV.OCR\Emgu.CV.OCR.projitems*{3571ebc4-5964-4121-8def-d910f410eda6}*SharedItemsImports = 5
		..\..\Emgu.CV\Emgu.CV.projitems*{3571ebc4-5964-4121-8def-d910f410eda6}*SharedItemsImports = 5
		..\..\Emgu.Util\Emgu.Util.projitems*{3571ebc4-5964-4121-8def-d910f410eda6}*SharedItemsImports = 5
		..\..\Emgu.CV.Cuda\Emgu.CV.Cuda.projitems*{7b22bb32-c867-45a7-ac53-5bda820db91c}*SharedItemsImports = 13
		..\..\Emgu.CV.OCR\Emgu.CV.OCR.projitems*{7bc723cb-1678-415f-a65f-4027f8758a6f}*SharedItemsImports = 13
		..\..\Emgu.CV.Platform\DotNet\Emgu.CV.Platform.Net.projitems*{90e78bbf-c7fe-4d8e-ade1-75448e866fdb}*SharedItemsImports = 4
		..\..\Emgu.Util\Emgu.Util.projitems*{98561642-5ec3-4244-baf9-6876d9ba5527}*SharedItemsImports = 13
		..\..\Emgu.CV.Platform\DotNet\Emgu.CV.Platform.Net.projitems*{ac06f404-0a97-4142-a021-572d686e231f}*SharedItemsImports = 13
	EndGlobalSection
	GlobalSection(SolutionConfigurationPlatforms) = preSolution
		Debug|Any CPU = Debug|Any CPU
		Debug|iPhone = Debug|iPhone
		Debug|iPhoneSimulator = Debug|iPhoneSimulator
		Debug|x64 = Debug|x64
		Debug|x86 = Debug|x86
		Release|Any CPU = Release|Any CPU
		Release|iPhone = Release|iPhone
		Release|iPhoneSimulator = Release|iPhoneSimulator
		Release|x64 = Release|x64
		Release|x86 = Release|x86
	EndGlobalSection
	GlobalSection(ProjectConfigurationPlatforms) = postSolution
		{3571EBC4-5964-4121-8DEF-D910F410EDA6}.Debug|Any CPU.ActiveCfg = Debug|Any CPU
		{3571EBC4-5964-4121-8DEF-D910F410EDA6}.Debug|Any CPU.Build.0 = Debug|Any CPU
		{3571EBC4-5964-4121-8DEF-D910F410EDA6}.Debug|iPhone.ActiveCfg = Debug|Any CPU
		{3571EBC4-5964-4121-8DEF-D910F410EDA6}.Debug|iPhone.Build.0 = Debug|Any CPU
		{3571EBC4-5964-4121-8DEF-D910F410EDA6}.Debug|iPhoneSimulator.ActiveCfg = Debug|Any CPU
		{3571EBC4-5964-4121-8DEF-D910F410EDA6}.Debug|iPhoneSimulator.Build.0 = Debug|Any CPU
		{3571EBC4-5964-4121-8DEF-D910F410EDA6}.Debug|x64.ActiveCfg = Debug|x64
		{3571EBC4-5964-4121-8DEF-D910F410EDA6}.Debug|x64.Build.0 = Debug|x64
		{3571EBC4-5964-4121-8DEF-D910F410EDA6}.Debug|x86.ActiveCfg = Debug|Any CPU
		{3571EBC4-5964-4121-8DEF-D910F410EDA6}.Debug|x86.Build.0 = Debug|Any CPU
		{3571EBC4-5964-4121-8DEF-D910F410EDA6}.Release|Any CPU.ActiveCfg = Release|Any CPU
		{3571EBC4-5964-4121-8DEF-D910F410EDA6}.Release|Any CPU.Build.0 = Release|Any CPU
		{3571EBC4-5964-4121-8DEF-D910F410EDA6}.Release|iPhone.ActiveCfg = Release|Any CPU
		{3571EBC4-5964-4121-8DEF-D910F410EDA6}.Release|iPhone.Build.0 = Release|Any CPU
		{3571EBC4-5964-4121-8DEF-D910F410EDA6}.Release|iPhoneSimulator.ActiveCfg = Release|Any CPU
		{3571EBC4-5964-4121-8DEF-D910F410EDA6}.Release|iPhoneSimulator.Build.0 = Release|Any CPU
		{3571EBC4-5964-4121-8DEF-D910F410EDA6}.Release|x64.ActiveCfg = Release|x64
		{3571EBC4-5964-4121-8DEF-D910F410EDA6}.Release|x64.Build.0 = Release|x64
		{3571EBC4-5964-4121-8DEF-D910F410EDA6}.Release|x86.ActiveCfg = Release|Any CPU
		{3571EBC4-5964-4121-8DEF-D910F410EDA6}.Release|x86.Build.0 = Release|Any CPU
		{13E21E35-2676-4AC6-B33C-BAEA0B4C0924}.Debug|Any CPU.ActiveCfg = Debug|Any CPU
		{13E21E35-2676-4AC6-B33C-BAEA0B4C0924}.Debug|Any CPU.Build.0 = Debug|Any CPU
		{13E21E35-2676-4AC6-B33C-BAEA0B4C0924}.Debug|iPhone.ActiveCfg = Debug|Any CPU
		{13E21E35-2676-4AC6-B33C-BAEA0B4C0924}.Debug|iPhone.Build.0 = Debug|Any CPU
		{13E21E35-2676-4AC6-B33C-BAEA0B4C0924}.Debug|iPhoneSimulator.ActiveCfg = Debug|Any CPU
		{13E21E35-2676-4AC6-B33C-BAEA0B4C0924}.Debug|iPhoneSimulator.Build.0 = Debug|Any CPU
		{13E21E35-2676-4AC6-B33C-BAEA0B4C0924}.Debug|x64.ActiveCfg = Debug|Any CPU
		{13E21E35-2676-4AC6-B33C-BAEA0B4C0924}.Debug|x64.Build.0 = Debug|Any CPU
		{13E21E35-2676-4AC6-B33C-BAEA0B4C0924}.Debug|x86.ActiveCfg = Debug|Any CPU
		{13E21E35-2676-4AC6-B33C-BAEA0B4C0924}.Debug|x86.Build.0 = Debug|Any CPU
		{13E21E35-2676-4AC6-B33C-BAEA0B4C0924}.Release|Any CPU.ActiveCfg = Release|Any CPU
		{13E21E35-2676-4AC6-B33C-BAEA0B4C0924}.Release|Any CPU.Build.0 = Release|Any CPU
		{13E21E35-2676-4AC6-B33C-BAEA0B4C0924}.Release|iPhone.ActiveCfg = Release|Any CPU
		{13E21E35-2676-4AC6-B33C-BAEA0B4C0924}.Release|iPhone.Build.0 = Release|Any CPU
		{13E21E35-2676-4AC6-B33C-BAEA0B4C0924}.Release|iPhoneSimulator.ActiveCfg = Release|Any CPU
		{13E21E35-2676-4AC6-B33C-BAEA0B4C0924}.Release|iPhoneSimulator.Build.0 = Release|Any CPU
		{13E21E35-2676-4AC6-B33C-BAEA0B4C0924}.Release|x64.ActiveCfg = Release|Any CPU
		{13E21E35-2676-4AC6-B33C-BAEA0B4C0924}.Release|x64.Build.0 = Release|Any CPU
		{13E21E35-2676-4AC6-B33C-BAEA0B4C0924}.Release|x86.ActiveCfg = Release|Any CPU
		{13E21E35-2676-4AC6-B33C-BAEA0B4C0924}.Release|x86.Build.0 = Release|Any CPU
		{90E78BBF-C7FE-4D8E-ADE1-75448E866FDB}.Debug|Any CPU.ActiveCfg = Debug|Any CPU
		{90E78BBF-C7FE-4D8E-ADE1-75448E866FDB}.Debug|Any CPU.Build.0 = Debug|Any CPU
		{90E78BBF-C7FE-4D8E-ADE1-75448E866FDB}.Debug|iPhone.ActiveCfg = Debug|Any CPU
		{90E78BBF-C7FE-4D8E-ADE1-75448E866FDB}.Debug|iPhone.Build.0 = Debug|Any CPU
		{90E78BBF-C7FE-4D8E-ADE1-75448E866FDB}.Debug|iPhoneSimulator.ActiveCfg = Debug|Any CPU
		{90E78BBF-C7FE-4D8E-ADE1-75448E866FDB}.Debug|iPhoneSimulator.Build.0 = Debug|Any CPU
		{90E78BBF-C7FE-4D8E-ADE1-75448E866FDB}.Debug|x64.ActiveCfg = Debug|x64
		{90E78BBF-C7FE-4D8E-ADE1-75448E866FDB}.Debug|x64.Build.0 = Debug|x64
		{90E78BBF-C7FE-4D8E-ADE1-75448E866FDB}.Debug|x86.ActiveCfg = Debug|x86
		{90E78BBF-C7FE-4D8E-ADE1-75448E866FDB}.Debug|x86.Build.0 = Debug|x86
		{90E78BBF-C7FE-4D8E-ADE1-75448E866FDB}.Release|Any CPU.ActiveCfg = Release|Any CPU
		{90E78BBF-C7FE-4D8E-ADE1-75448E866FDB}.Release|Any CPU.Build.0 = Release|Any CPU
		{90E78BBF-C7FE-4D8E-ADE1-75448E866FDB}.Release|iPhone.ActiveCfg = Release|Any CPU
		{90E78BBF-C7FE-4D8E-ADE1-75448E866FDB}.Release|iPhone.Build.0 = Release|Any CPU
		{90E78BBF-C7FE-4D8E-ADE1-75448E866FDB}.Release|iPhoneSimulator.ActiveCfg = Release|Any CPU
		{90E78BBF-C7FE-4D8E-ADE1-75448E866FDB}.Release|iPhoneSimulator.Build.0 = Release|Any CPU
		{90E78BBF-C7FE-4D8E-ADE1-75448E866FDB}.Release|x64.ActiveCfg = Release|x64
		{90E78BBF-C7FE-4D8E-ADE1-75448E866FDB}.Release|x64.Build.0 = Release|x64
		{90E78BBF-C7FE-4D8E-ADE1-75448E866FDB}.Release|x86.ActiveCfg = Release|x86
		{90E78BBF-C7FE-4D8E-ADE1-75448E866FDB}.Release|x86.Build.0 = Release|x86
		{0D749AFA-740A-42C5-9B29-C3FAC279082D}.Debug|Any CPU.ActiveCfg = Debug|Any CPU
		{0D749AFA-740A-42C5-9B29-C3FAC279082D}.Debug|Any CPU.Build.0 = Debug|Any CPU
		{0D749AFA-740A-42C5-9B29-C3FAC279082D}.Debug|iPhone.ActiveCfg = Debug|Any CPU
		{0D749AFA-740A-42C5-9B29-C3FAC279082D}.Debug|iPhone.Build.0 = Debug|Any CPU
		{0D749AFA-740A-42C5-9B29-C3FAC279082D}.Debug|iPhoneSimulator.ActiveCfg = Debug|Any CPU
		{0D749AFA-740A-42C5-9B29-C3FAC279082D}.Debug|iPhoneSimulator.Build.0 = Debug|Any CPU
		{0D749AFA-740A-42C5-9B29-C3FAC279082D}.Debug|x64.ActiveCfg = Debug|Any CPU
		{0D749AFA-740A-42C5-9B29-C3FAC279082D}.Debug|x64.Build.0 = Debug|Any CPU
		{0D749AFA-740A-42C5-9B29-C3FAC279082D}.Debug|x86.ActiveCfg = Debug|Any CPU
		{0D749AFA-740A-42C5-9B29-C3FAC279082D}.Debug|x86.Build.0 = Debug|Any CPU
		{0D749AFA-740A-42C5-9B29-C3FAC279082D}.Release|Any CPU.ActiveCfg = Release|Any CPU
		{0D749AFA-740A-42C5-9B29-C3FAC279082D}.Release|Any CPU.Build.0 = Release|Any CPU
		{0D749AFA-740A-42C5-9B29-C3FAC279082D}.Release|iPhone.ActiveCfg = Release|Any CPU
		{0D749AFA-740A-42C5-9B29-C3FAC279082D}.Release|iPhone.Build.0 = Release|Any CPU
		{0D749AFA-740A-42C5-9B29-C3FAC279082D}.Release|iPhoneSimulator.ActiveCfg = Release|Any CPU
		{0D749AFA-740A-42C5-9B29-C3FAC279082D}.Release|iPhoneSimulator.Build.0 = Release|Any CPU
		{0D749AFA-740A-42C5-9B29-C3FAC279082D}.Release|x64.ActiveCfg = Release|Any CPU
		{0D749AFA-740A-42C5-9B29-C3FAC279082D}.Release|x64.Build.0 = Release|Any CPU
		{0D749AFA-740A-42C5-9B29-C3FAC279082D}.Release|x86.ActiveCfg = Release|Any CPU
		{0D749AFA-740A-42C5-9B29-C3FAC279082D}.Release|x86.Build.0 = Release|Any CPU
	EndGlobalSection
	GlobalSection(SolutionProperties) = preSolution
		HideSolutionNode = FALSE
	EndGlobalSection
	GlobalSection(ExtensibilityGlobals) = postSolution
		SolutionGuid = {F3E767AE-3D01-489F-9ED6-6BC8A3F9FAF7}
	EndGlobalSection
EndGlobal
